{
  "version": 4,
  "terraform_version": "1.10.0",
  "serial": 395,
  "lineage": "f4d09d52-ba0c-fcd1-6de8-495763f70f42",
  "outputs": {
    "database_host_fqdn": {
      "value": [
        "rc1b-9vz9ood0eqr15ojp.mdb.yandexcloud.net",
        "rc1d-kxnzj551t9t6lsec.mdb.yandexcloud.net"
      ],
      "type": [
        "list",
        "string"
      ]
    },
    "db_host": {
      "value": "rc1b-9vz9ood0eqr15ojp.mdb.yandexcloud.net",
      "type": "string"
    },
    "db_hosts": {
      "value": [
        "rc1b-9vz9ood0eqr15ojp.mdb.yandexcloud.net",
        "rc1d-kxnzj551t9t6lsec.mdb.yandexcloud.net"
      ],
      "type": [
        "list",
        "string"
      ]
    },
    "db_name": {
      "value": "db",
      "type": "string"
    },
    "db_password": {
      "value": "password",
      "type": "string",
      "sensitive": true
    },
    "db_user": {
      "value": "user",
      "type": "string"
    },
    "load_balancer_public_ip": {
      "value": "84.201.151.6",
      "type": "string"
    },
    "vm_linux_public_ip_address": {
      "value": "89.169.153.250",
      "type": "string"
    }
  },
  "resources": [
    {
      "mode": "managed",
      "type": "yandex_compute_instance",
      "name": "wp-app-1",
      "provider": "provider[\"registry.terraform.io/yandex-cloud/yandex\"]",
      "instances": [
        {
          "schema_version": 1,
          "attributes": {
            "allow_recreate": null,
            "allow_stopping_for_update": null,
            "boot_disk": [
              {
                "auto_delete": true,
                "device_name": "fhm5hsph63qgalp52929",
                "disk_id": "fhm5hsph63qgalp52929",
                "initialize_params": [
                  {
                    "block_size": 4096,
                    "description": "",
                    "image_id": "fd80viupr3qjr5g6g9du",
                    "name": "",
                    "size": 3,
                    "snapshot_id": "",
                    "type": "network-hdd"
                  }
                ],
                "mode": "READ_WRITE"
              }
            ],
            "created_at": "2024-09-09T11:02:49Z",
            "description": "",
            "filesystem": [],
            "folder_id": "b1gusdme9cdib5es78j4",
            "fqdn": "fhmleushfopnabcubiho.auto.internal",
            "gpu_cluster_id": "",
            "hostname": "",
            "id": "fhmleushfopnabcubiho",
            "labels": null,
            "local_disk": [],
            "maintenance_grace_period": "",
            "maintenance_policy": null,
            "metadata": {
              "ssh-keys": "ubuntu:ssh-rsa AAAAB3NzaC1yc2EAAAADAQABAAACAQDjFppsd2T2Y3pETJbGMbuArtxmskxSkXE8u7qkdOO+zYSc49RVIQUpDbN3E0GgjEXcQJ73j3UpFDgbYXGJyPoInCuPVYr2Vm6MqK2TX1D3UOpWl8KFDBbLJfrAdjEKlqUfBggfmqZXX5uHUxlRf1uYJq2QjDTDNW1rmWS4vsewhb7nlxiOTzEymnch9SdnZlF2mYws7r6Iaxf2GdsCfVPUPWTdCgx7R4MpfXkpnyBWEHI7ibeEdCB3YEGQuvamLSLQecblu3/88I1JzaPznSMCSYSDl8agB6LkqIg92ZGKkLeoTXBaPvgXiQMAXSWR/c6hQU+TD65bOpvY86oND9zciMhajDUTfhtTKJmX2QGCAjM/JVLPm4lBhqy7aYq1PalNlUCgrgEKxDcKOyiZh1SOGNIQtimTJS4E4rHqnnxYizAG8bdF3ZATYdVJJMgixx7Hk41uw+J24rPja1INTx2BKBUzKjSoR1iQg1g7l8nkqFfnE/mL3QOffHjh2TShrx+nurVSlUG2973dgLsE7ul/rIBSv+ZWJw7NFEJBsJ7e2Xs+UPhzQTnhhxswyqwN/hnYiaIwLtb5MliG+pKTxUAorY/fD+e4MoS7NfFiP9xAhh2p25qucxsGtSijCLs54EHQIEWjRrm2lcrvXIggrlr6lNkaka9MmZ8anEVGWpH0Xw== ubuntu@89.169.143.200\r\n"
            },
            "metadata_options": [
              {
                "aws_v1_http_endpoint": 1,
                "aws_v1_http_token": 2,
                "gce_http_endpoint": 1,
                "gce_http_token": 1
              }
            ],
            "name": "wp-app-1",
            "network_acceleration_type": "standard",
            "network_interface": [
              {
                "dns_record": [],
                "index": 0,
                "ip_address": "10.2.0.13",
                "ipv4": true,
                "ipv6": false,
                "ipv6_address": "",
                "ipv6_dns_record": [],
                "mac_address": "d0:0d:15:77:b9:17",
                "nat": true,
                "nat_dns_record": [],
                "nat_ip_address": "89.169.153.250",
                "nat_ip_version": "IPV4",
                "security_group_ids": [],
                "subnet_id": "e9b65s66ch9e0osvbqo4"
              }
            ],
            "placement_policy": [
              {
                "host_affinity_rules": [],
                "placement_group_id": "",
                "placement_group_partition": 0
              }
            ],
            "platform_id": "standard-v1",
            "resources": [
              {
                "core_fraction": 100,
                "cores": 2,
                "gpus": 0,
                "memory": 2
              }
            ],
            "scheduling_policy": [
              {
                "preemptible": false
              }
            ],
            "secondary_disk": [],
            "service_account_id": "",
            "status": "running",
            "timeouts": null,
            "zone": "ru-central1-a"
          },
          "sensitive_attributes": [],
          "private": "eyJlMmJmYjczMC1lY2FhLTExZTYtOGY4OC0zNDM2M2JjN2M0YzAiOnsiY3JlYXRlIjozMDAwMDAwMDAwMDAsImRlbGV0ZSI6MzAwMDAwMDAwMDAwLCJ1cGRhdGUiOjMwMDAwMDAwMDAwMH0sInNjaGVtYV92ZXJzaW9uIjoiMSJ9",
          "dependencies": [
            "yandex_vpc_network.wp-network",
            "yandex_vpc_subnet.wp-subnet-a"
          ]
        }
      ]
    },
    {
      "mode": "managed",
      "type": "yandex_compute_instance",
      "name": "wp-app-2",
      "provider": "provider[\"registry.terraform.io/yandex-cloud/yandex\"]",
      "instances": [
        {
          "schema_version": 1,
          "attributes": {
            "allow_recreate": null,
            "allow_stopping_for_update": null,
            "boot_disk": [
              {
                "auto_delete": true,
                "device_name": "epdka46lhldlf9iig76l",
                "disk_id": "epdka46lhldlf9iig76l",
                "initialize_params": [
                  {
                    "block_size": 4096,
                    "description": "",
                    "image_id": "fd80viupr3qjr5g6g9du",
                    "name": "",
                    "size": 3,
                    "snapshot_id": "",
                    "type": "network-hdd"
                  }
                ],
                "mode": "READ_WRITE"
              }
            ],
            "created_at": "2024-09-09T11:02:50Z",
            "description": "",
            "filesystem": [],
            "folder_id": "b1gusdme9cdib5es78j4",
            "fqdn": "epd8475cs20ic1fj69ei.auto.internal",
            "gpu_cluster_id": "",
            "hostname": "",
            "id": "epd8475cs20ic1fj69ei",
            "labels": null,
            "local_disk": [],
            "maintenance_grace_period": "",
            "maintenance_policy": null,
            "metadata": {
              "ssh-keys": "ubuntu:ssh-rsa AAAAB3NzaC1yc2EAAAADAQABAAACAQDjFppsd2T2Y3pETJbGMbuArtxmskxSkXE8u7qkdOO+zYSc49RVIQUpDbN3E0GgjEXcQJ73j3UpFDgbYXGJyPoInCuPVYr2Vm6MqK2TX1D3UOpWl8KFDBbLJfrAdjEKlqUfBggfmqZXX5uHUxlRf1uYJq2QjDTDNW1rmWS4vsewhb7nlxiOTzEymnch9SdnZlF2mYws7r6Iaxf2GdsCfVPUPWTdCgx7R4MpfXkpnyBWEHI7ibeEdCB3YEGQuvamLSLQecblu3/88I1JzaPznSMCSYSDl8agB6LkqIg92ZGKkLeoTXBaPvgXiQMAXSWR/c6hQU+TD65bOpvY86oND9zciMhajDUTfhtTKJmX2QGCAjM/JVLPm4lBhqy7aYq1PalNlUCgrgEKxDcKOyiZh1SOGNIQtimTJS4E4rHqnnxYizAG8bdF3ZATYdVJJMgixx7Hk41uw+J24rPja1INTx2BKBUzKjSoR1iQg1g7l8nkqFfnE/mL3QOffHjh2TShrx+nurVSlUG2973dgLsE7ul/rIBSv+ZWJw7NFEJBsJ7e2Xs+UPhzQTnhhxswyqwN/hnYiaIwLtb5MliG+pKTxUAorY/fD+e4MoS7NfFiP9xAhh2p25qucxsGtSijCLs54EHQIEWjRrm2lcrvXIggrlr6lNkaka9MmZ8anEVGWpH0Xw== ubuntu@89.169.143.200\r\n"
            },
            "metadata_options": [
              {
                "aws_v1_http_endpoint": 1,
                "aws_v1_http_token": 2,
                "gce_http_endpoint": 1,
                "gce_http_token": 1
              }
            ],
            "name": "wp-app-2",
            "network_acceleration_type": "standard",
            "network_interface": [
              {
                "dns_record": [],
                "index": 0,
                "ip_address": "10.3.0.17",
                "ipv4": true,
                "ipv6": false,
                "ipv6_address": "",
                "ipv6_dns_record": [],
                "mac_address": "d0:0d:82:1c:ac:e0",
                "nat": true,
                "nat_dns_record": [],
                "nat_ip_address": "158.160.26.140",
                "nat_ip_version": "IPV4",
                "security_group_ids": [],
                "subnet_id": "e2l7ndf1j2pjfqhvb099"
              }
            ],
            "placement_policy": [
              {
                "host_affinity_rules": [],
                "placement_group_id": "",
                "placement_group_partition": 0
              }
            ],
            "platform_id": "standard-v1",
            "resources": [
              {
                "core_fraction": 100,
                "cores": 2,
                "gpus": 0,
                "memory": 2
              }
            ],
            "scheduling_policy": [
              {
                "preemptible": false
              }
            ],
            "secondary_disk": [],
            "service_account_id": "",
            "status": "running",
            "timeouts": null,
            "zone": "ru-central1-b"
          },
          "sensitive_attributes": [],
          "private": "eyJlMmJmYjczMC1lY2FhLTExZTYtOGY4OC0zNDM2M2JjN2M0YzAiOnsiY3JlYXRlIjozMDAwMDAwMDAwMDAsImRlbGV0ZSI6MzAwMDAwMDAwMDAwLCJ1cGRhdGUiOjMwMDAwMDAwMDAwMH0sInNjaGVtYV92ZXJzaW9uIjoiMSJ9",
          "dependencies": [
            "yandex_vpc_network.wp-network",
            "yandex_vpc_subnet.wp-subnet-b"
          ]
        }
      ]
    },
    {
      "mode": "managed",
      "type": "yandex_lb_network_load_balancer",
      "name": "wp_lb",
      "provider": "provider[\"registry.terraform.io/yandex-cloud/yandex\"]",
      "instances": [
        {
          "schema_version": 0,
          "attributes": {
            "attached_target_group": [
              {
                "healthcheck": [
                  {
                    "healthy_threshold": 2,
                    "http_options": [
                      {
                        "path": "/health",
                        "port": 80
                      }
                    ],
                    "interval": 2,
                    "name": "http",
                    "tcp_options": [],
                    "timeout": 1,
                    "unhealthy_threshold": 2
                  }
                ],
                "target_group_id": "enp17bfu1mt2nvcgddo2"
              }
            ],
            "created_at": "2024-09-09T11:03:42Z",
            "deletion_protection": false,
            "description": "",
            "folder_id": "b1gusdme9cdib5es78j4",
            "id": "enpv80mai76h2lhe661h",
            "labels": null,
            "listener": [
              {
                "external_address_spec": [
                  {
                    "address": "84.201.151.6",
                    "ip_version": "ipv4"
                  }
                ],
                "internal_address_spec": [],
                "name": "wp-listener",
                "port": 80,
                "protocol": "tcp",
                "target_port": 80
              }
            ],
            "name": "wp-network-load-balancer",
            "region_id": "ru-central1",
            "timeouts": null,
            "type": "external"
          },
          "sensitive_attributes": [],
          "private": "eyJlMmJmYjczMC1lY2FhLTExZTYtOGY4OC0zNDM2M2JjN2M0YzAiOnsiY3JlYXRlIjozMDAwMDAwMDAwMDAsImRlbGV0ZSI6MzAwMDAwMDAwMDAwLCJ1cGRhdGUiOjMwMDAwMDAwMDAwMH19",
          "dependencies": [
            "yandex_compute_instance.wp-app-1",
            "yandex_compute_instance.wp-app-2",
            "yandex_lb_target_group.wp_tg",
            "yandex_vpc_network.wp-network",
            "yandex_vpc_subnet.wp-subnet-a",
            "yandex_vpc_subnet.wp-subnet-b"
          ]
        }
      ]
    },
    {
      "mode": "managed",
      "type": "yandex_lb_target_group",
      "name": "wp_tg",
      "provider": "provider[\"registry.terraform.io/yandex-cloud/yandex\"]",
      "instances": [
        {
          "schema_version": 0,
          "attributes": {
            "created_at": "2024-09-09T11:03:41Z",
            "description": "",
            "folder_id": "b1gusdme9cdib5es78j4",
            "id": "enp17bfu1mt2nvcgddo2",
            "labels": null,
            "name": "wp-target-group",
            "region_id": "ru-central1",
            "target": [
              {
                "address": "10.2.0.13",
                "subnet_id": "e9b65s66ch9e0osvbqo4"
              },
              {
                "address": "10.3.0.17",
                "subnet_id": "e2l7ndf1j2pjfqhvb099"
              }
            ],
            "timeouts": null
          },
          "sensitive_attributes": [],
          "private": "eyJlMmJmYjczMC1lY2FhLTExZTYtOGY4OC0zNDM2M2JjN2M0YzAiOnsiY3JlYXRlIjozMDAwMDAwMDAwMDAsImRlbGV0ZSI6MzAwMDAwMDAwMDAwLCJ1cGRhdGUiOjMwMDAwMDAwMDAwMH19",
          "dependencies": [
            "yandex_compute_instance.wp-app-1",
            "yandex_compute_instance.wp-app-2",
            "yandex_vpc_network.wp-network",
            "yandex_vpc_subnet.wp-subnet-a",
            "yandex_vpc_subnet.wp-subnet-b"
          ]
        }
      ]
    },
    {
      "mode": "managed",
      "type": "yandex_mdb_mysql_cluster",
      "name": "wp_mysql",
      "provider": "provider[\"registry.terraform.io/yandex-cloud/yandex\"]",
      "instances": [
        {
          "schema_version": 0,
          "attributes": {
            "access": [
              {
                "data_lens": false,
                "data_transfer": false,
                "web_sql": false
              }
            ],
            "allow_regeneration_host": false,
            "backup_retain_period_days": 7,
            "backup_window_start": [
              {
                "hours": 0,
                "minutes": 0
              }
            ],
            "created_at": "2024-09-09T11:02:49Z",
            "database": [],
            "deletion_protection": false,
            "description": "",
            "environment": "PRODUCTION",
            "folder_id": "b1gusdme9cdib5es78j4",
            "health": "HEALTH_UNKNOWN",
            "host": [
              {
                "assign_public_ip": true,
                "backup_priority": 0,
                "fqdn": "rc1b-9vz9ood0eqr15ojp.mdb.yandexcloud.net",
                "name": "",
                "priority": 0,
                "replication_source": "",
                "replication_source_name": "",
                "subnet_id": "e2l7ndf1j2pjfqhvb099",
                "zone": "ru-central1-b"
              },
              {
                "assign_public_ip": true,
                "backup_priority": 0,
                "fqdn": "rc1d-kxnzj551t9t6lsec.mdb.yandexcloud.net",
                "name": "",
                "priority": 0,
                "replication_source": "",
                "replication_source_name": "",
                "subnet_id": "fl8t942t1gi4fc4i714c",
                "zone": "ru-central1-d"
              }
            ],
            "host_group_ids": [],
            "id": "c9quqv241gh7qu9l50nt",
            "labels": null,
            "maintenance_window": [
              {
                "day": "",
                "hour": 0,
                "type": "ANYTIME"
              }
            ],
            "mysql_config": {
              "binlog_transaction_dependency_tracking": "0",
              "log_slow_rate_type": "0",
              "sql_mode": "ONLY_FULL_GROUP_BY,STRICT_TRANS_TABLES,NO_ZERO_IN_DATE,NO_ZERO_DATE,ERROR_FOR_DIVISION_BY_ZERO,NO_ENGINE_SUBSTITUTION"
            },
            "name": "wp-mysql",
            "network_id": "enphbi0lhfntohds9k5d",
            "performance_diagnostics": [
              {
                "enabled": false,
                "sessions_sampling_interval": 60,
                "statements_sampling_interval": 600
              }
            ],
            "resources": [
              {
                "disk_size": 16,
                "disk_type_id": "network-ssd",
                "resource_preset_id": "s2.micro"
              }
            ],
            "restore": [],
            "security_group_ids": null,
            "status": "RUNNING",
            "timeouts": null,
            "user": [],
            "version": "8.0"
          },
          "sensitive_attributes": [],
          "private": "eyJlMmJmYjczMC1lY2FhLTExZTYtOGY4OC0zNDM2M2JjN2M0YzAiOnsiY3JlYXRlIjoxODAwMDAwMDAwMDAwLCJkZWxldGUiOjE4MDAwMDAwMDAwMDAsInVwZGF0ZSI6MzYwMDAwMDAwMDAwMH19",
          "dependencies": [
            "yandex_vpc_network.wp-network",
            "yandex_vpc_subnet.wp-subnet-b",
            "yandex_vpc_subnet.wp-subnet-d"
          ]
        }
      ]
    },
    {
      "mode": "managed",
      "type": "yandex_mdb_mysql_database",
      "name": "db",
      "provider": "provider[\"registry.terraform.io/yandex-cloud/yandex\"]",
      "instances": [
        {
          "schema_version": 0,
          "attributes": {
            "cluster_id": "c9quqv241gh7qu9l50nt",
            "id": "c9quqv241gh7qu9l50nt:db",
            "name": "db",
            "timeouts": null
          },
          "sensitive_attributes": [],
          "private": "eyJlMmJmYjczMC1lY2FhLTExZTYtOGY4OC0zNDM2M2JjN2M0YzAiOnsiY3JlYXRlIjo2MDAwMDAwMDAwMDAsImRlbGV0ZSI6NjAwMDAwMDAwMDAwLCJyZWFkIjo2MDAwMDAwMDAwMCwidXBkYXRlIjo2MDAwMDAwMDAwMDB9fQ==",
          "dependencies": [
            "yandex_mdb_mysql_cluster.wp_mysql",
            "yandex_vpc_network.wp-network",
            "yandex_vpc_subnet.wp-subnet-b",
            "yandex_vpc_subnet.wp-subnet-d"
          ]
        }
      ]
    },
    {
      "mode": "managed",
      "type": "yandex_mdb_mysql_user",
      "name": "user",
      "provider": "provider[\"registry.terraform.io/yandex-cloud/yandex\"]",
      "instances": [
        {
          "schema_version": 0,
          "attributes": {
            "authentication_plugin": "MYSQL_NATIVE_PASSWORD",
            "cluster_id": "c9quqv241gh7qu9l50nt",
            "connection_limits": [],
            "global_permissions": [],
            "id": "c9quqv241gh7qu9l50nt:user",
            "name": "user",
            "password": "password",
            "permission": [
              {
                "database_name": "db",
                "roles": [
                  "ALL"
                ]
              }
            ],
            "timeouts": null
          },
          "sensitive_attributes": [
            [
              {
                "type": "get_attr",
                "value": "password"
              }
            ]
          ],
          "private": "eyJlMmJmYjczMC1lY2FhLTExZTYtOGY4OC0zNDM2M2JjN2M0YzAiOnsiY3JlYXRlIjo2MDAwMDAwMDAwMDAsImRlbGV0ZSI6NjAwMDAwMDAwMDAwLCJyZWFkIjo2MDAwMDAwMDAwMCwidXBkYXRlIjo2MDAwMDAwMDAwMDB9fQ==",
          "dependencies": [
            "yandex_mdb_mysql_cluster.wp_mysql",
            "yandex_vpc_network.wp-network",
            "yandex_vpc_subnet.wp-subnet-b",
            "yandex_vpc_subnet.wp-subnet-d"
          ]
        }
      ]
    },
    {
      "mode": "managed",
      "type": "yandex_vpc_network",
      "name": "wp-network",
      "provider": "provider[\"registry.terraform.io/yandex-cloud/yandex\"]",
      "instances": [
        {
          "schema_version": 0,
          "attributes": {
            "created_at": "2024-09-09T11:02:46Z",
            "default_security_group_id": "enp09fkbq03k8tfienno",
            "description": "",
            "folder_id": "b1gusdme9cdib5es78j4",
            "id": "enphbi0lhfntohds9k5d",
            "labels": {},
            "name": "wp-network",
            "subnet_ids": [],
            "timeouts": null
          },
          "sensitive_attributes": [],
          "private": "eyJlMmJmYjczMC1lY2FhLTExZTYtOGY4OC0zNDM2M2JjN2M0YzAiOnsiY3JlYXRlIjo2MDAwMDAwMDAwMCwiZGVsZXRlIjo2MDAwMDAwMDAwMCwidXBkYXRlIjo2MDAwMDAwMDAwMH19"
        }
      ]
    },
    {
      "mode": "managed",
      "type": "yandex_vpc_subnet",
      "name": "wp-subnet-a",
      "provider": "provider[\"registry.terraform.io/yandex-cloud/yandex\"]",
      "instances": [
        {
          "schema_version": 0,
          "attributes": {
            "created_at": "2024-09-09T11:02:48Z",
            "description": "",
            "dhcp_options": [],
            "folder_id": "b1gusdme9cdib5es78j4",
            "id": "e9b65s66ch9e0osvbqo4",
            "labels": {},
            "name": "wp-subnet-a",
            "network_id": "enphbi0lhfntohds9k5d",
            "route_table_id": "",
            "timeouts": null,
            "v4_cidr_blocks": [
              "10.2.0.0/16"
            ],
            "v6_cidr_blocks": [],
            "zone": "ru-central1-a"
          },
          "sensitive_attributes": [],
          "private": "eyJlMmJmYjczMC1lY2FhLTExZTYtOGY4OC0zNDM2M2JjN2M0YzAiOnsiY3JlYXRlIjoxODAwMDAwMDAwMDAsImRlbGV0ZSI6MTgwMDAwMDAwMDAwLCJ1cGRhdGUiOjE4MDAwMDAwMDAwMH19",
          "dependencies": [
            "yandex_vpc_network.wp-network"
          ]
        }
      ]
    },
    {
      "mode": "managed",
      "type": "yandex_vpc_subnet",
      "name": "wp-subnet-b",
      "provider": "provider[\"registry.terraform.io/yandex-cloud/yandex\"]",
      "instances": [
        {
          "schema_version": 0,
          "attributes": {
            "created_at": "2024-09-09T11:02:49Z",
            "description": "",
            "dhcp_options": [],
            "folder_id": "b1gusdme9cdib5es78j4",
            "id": "e2l7ndf1j2pjfqhvb099",
            "labels": {},
            "name": "wp-subnet-b",
            "network_id": "enphbi0lhfntohds9k5d",
            "route_table_id": "",
            "timeouts": null,
            "v4_cidr_blocks": [
              "10.3.0.0/16"
            ],
            "v6_cidr_blocks": [],
            "zone": "ru-central1-b"
          },
          "sensitive_attributes": [],
          "private": "eyJlMmJmYjczMC1lY2FhLTExZTYtOGY4OC0zNDM2M2JjN2M0YzAiOnsiY3JlYXRlIjoxODAwMDAwMDAwMDAsImRlbGV0ZSI6MTgwMDAwMDAwMDAwLCJ1cGRhdGUiOjE4MDAwMDAwMDAwMH19",
          "dependencies": [
            "yandex_vpc_network.wp-network"
          ]
        }
      ]
    },
    {
      "mode": "managed",
      "type": "yandex_vpc_subnet",
      "name": "wp-subnet-d",
      "provider": "provider[\"registry.terraform.io/yandex-cloud/yandex\"]",
      "instances": [
        {
          "schema_version": 0,
          "attributes": {
            "created_at": "2024-09-09T11:02:49Z",
            "description": "",
            "dhcp_options": [],
            "folder_id": "b1gusdme9cdib5es78j4",
            "id": "fl8t942t1gi4fc4i714c",
            "labels": {},
            "name": "wp-subnet-d",
            "network_id": "enphbi0lhfntohds9k5d",
            "route_table_id": "",
            "timeouts": null,
            "v4_cidr_blocks": [
              "10.4.0.0/16"
            ],
            "v6_cidr_blocks": [],
            "zone": "ru-central1-d"
          },
          "sensitive_attributes": [],
          "private": "eyJlMmJmYjczMC1lY2FhLTExZTYtOGY4OC0zNDM2M2JjN2M0YzAiOnsiY3JlYXRlIjoxODAwMDAwMDAwMDAsImRlbGV0ZSI6MTgwMDAwMDAwMDAwLCJ1cGRhdGUiOjE4MDAwMDAwMDAwMH19",
          "dependencies": [
            "yandex_vpc_network.wp-network"
          ]
        }
      ]
    }
  ],
  "check_results": null
}
