{
  "version": 4,
  "terraform_version": "1.9.7",
  "serial": 534,
  "lineage": "f4d09d52-ba0c-fcd1-6de8-495763f70f42",
  "outputs": {},
  "resources": [
    {
      "mode": "managed",
      "type": "yandex_vpc_network",
      "name": "wp-network",
      "provider": "provider[\"registry.terraform.io/yandex-cloud/yandex\"]",
      "instances": [
        {
          "schema_version": 0,
          "attributes": {
            "created_at": "2024-10-11T12:33:10Z",
            "default_security_group_id": "enp69v1gilkcla1uudsq",
            "description": "",
            "folder_id": "b1g81u3q5bovv1ov0c65",
            "id": "enpgljrev0pqhpm0p6r0",
            "labels": {},
            "name": "wp-network",
            "subnet_ids": [
              "e2lep70l6463g7j2sldt",
              "fl80v0gfq89dag8tdmse"
            ],
            "timeouts": null
          },
          "sensitive_attributes": [],
          "private": "eyJlMmJmYjczMC1lY2FhLTExZTYtOGY4OC0zNDM2M2JjN2M0YzAiOnsiY3JlYXRlIjo2MDAwMDAwMDAwMCwiZGVsZXRlIjo2MDAwMDAwMDAwMCwidXBkYXRlIjo2MDAwMDAwMDAwMH19"
        }
      ]
    }
  ],
  "check_results": null
}
