{
  "version": 4,
  "terraform_version": "1.9.7",
  "serial": 591,
  "lineage": "f4d09d52-ba0c-fcd1-6de8-495763f70f42",
  "outputs": {
    "db_name": {
      "value": "db",
      "type": "string"
    },
    "db_password": {
      "value": "password",
      "type": "string",
      "sensitive": true
    },
    "db_user": {
      "value": "user",
      "type": "string"
    },
    "vm_linux_2_public_ip_address": {
      "value": "158.160.9.151",
      "type": "string"
    },
    "vm_linux_public_ip_address": {
      "value": "89.169.138.91",
      "type": "string"
    }
  },
  "resources": [
    {
      "mode": "managed",
      "type": "yandex_compute_instance",
      "name": "wp-app-1",
      "provider": "provider[\"registry.terraform.io/yandex-cloud/yandex\"]",
      "instances": [
        {
          "schema_version": 1,
          "attributes": {
            "allow_recreate": null,
            "allow_stopping_for_update": null,
            "boot_disk": [
              {
                "auto_delete": true,
                "device_name": "fhmjfr2eh1fgs10o3kkh",
                "disk_id": "fhmjfr2eh1fgs10o3kkh",
                "initialize_params": [
                  {
                    "block_size": 4096,
                    "description": "",
                    "image_id": "fd80viupr3qjr5g6g9du",
                    "name": "",
                    "size": 3,
                    "snapshot_id": "",
                    "type": "network-hdd"
                  }
                ],
                "mode": "READ_WRITE"
              }
            ],
            "created_at": "2024-10-14T09:38:31Z",
            "description": "",
            "filesystem": [],
            "folder_id": "b1g81u3q5bovv1ov0c65",
            "fqdn": "fhmtlcpi9qpcl4i2j43k.auto.internal",
            "gpu_cluster_id": "",
            "hostname": "",
            "id": "fhmtlcpi9qpcl4i2j43k",
            "labels": null,
            "local_disk": [],
            "maintenance_grace_period": "",
            "maintenance_policy": null,
            "metadata": {
              "ssh-keys": "ubuntu:ssh-rsa AAAAB3NzaC1yc2EAAAADAQABAAABgQCU8YFVN6EnXeOeVoqSiUuoBSQBE2/TAyhB/pGlzBgpEP8QQFq68pGV2B381wsAvS2JHQp4/Rhyi6HMSpCp2K782gx98KHPQAvMetxMVAu172s96zrMBYxTe7rzHThxTZFqXmQ89DtlaLXeRwOkXWbcSZ57Mr869rvuEw9SvFfkr70DtrU0fA7ej+Jl4tlhDgTUsuKYQ2+OQ/QpY/cfmvKlnky4nLCgHM0sxYfyGhWf7XknKC5vX4FkeOYd2EByqmPWqRs+Y/DVXecfNYtYw4Gu6EEACFmXKsFTvEGWC4BBw/a6Gy1V74NwbdMd1qr2SgegEdXoSsbt4zsyOilDmqAKhDRxupVEVSh/bKIjoACEnDSj3F0cc5hARqNjZLt/sY7nH+frd6Uqs2eR6AzfGKtNMdHlLviA1jXDqtvqGFcv//DGJZESwaI/VFH6EH5Mg2gwSxWRpDpaKFrheiC04acUcwTo8fwdDonl8wbMAjncd2eBfkLoo1MSnn/QNgwjpVM= ubuntu@painkiller\n"
            },
            "metadata_options": [
              {
                "aws_v1_http_endpoint": 1,
                "aws_v1_http_token": 2,
                "gce_http_endpoint": 1,
                "gce_http_token": 1
              }
            ],
            "name": "wp-app-1",
            "network_acceleration_type": "standard",
            "network_interface": [
              {
                "dns_record": [],
                "index": 0,
                "ip_address": "10.2.0.13",
                "ipv4": true,
                "ipv6": false,
                "ipv6_address": "",
                "ipv6_dns_record": [],
                "mac_address": "d0:0d:1d:ab:33:24",
                "nat": true,
                "nat_dns_record": [],
                "nat_ip_address": "89.169.138.91",
                "nat_ip_version": "IPV4",
                "security_group_ids": [],
                "subnet_id": "e9blms10vq10aohiskj8"
              }
            ],
            "placement_policy": [
              {
                "host_affinity_rules": [],
                "placement_group_id": "",
                "placement_group_partition": 0
              }
            ],
            "platform_id": "standard-v1",
            "resources": [
              {
                "core_fraction": 100,
                "cores": 2,
                "gpus": 0,
                "memory": 2
              }
            ],
            "scheduling_policy": [
              {
                "preemptible": false
              }
            ],
            "secondary_disk": [],
            "service_account_id": "",
            "status": "running",
            "timeouts": null,
            "zone": "ru-central1-a"
          },
          "sensitive_attributes": [],
          "private": "eyJlMmJmYjczMC1lY2FhLTExZTYtOGY4OC0zNDM2M2JjN2M0YzAiOnsiY3JlYXRlIjozMDAwMDAwMDAwMDAsImRlbGV0ZSI6MzAwMDAwMDAwMDAwLCJ1cGRhdGUiOjMwMDAwMDAwMDAwMH0sInNjaGVtYV92ZXJzaW9uIjoiMSJ9",
          "dependencies": [
            "yandex_vpc_network.wp-network",
            "yandex_vpc_subnet.wp-subnet-a"
          ]
        }
      ]
    },
    {
      "mode": "managed",
      "type": "yandex_compute_instance",
      "name": "wp-app-2",
      "provider": "provider[\"registry.terraform.io/yandex-cloud/yandex\"]",
      "instances": [
        {
          "schema_version": 1,
          "attributes": {
            "allow_recreate": null,
            "allow_stopping_for_update": null,
            "boot_disk": [
              {
                "auto_delete": true,
                "device_name": "epdscarki8pd6n0a4v1p",
                "disk_id": "epdscarki8pd6n0a4v1p",
                "initialize_params": [
                  {
                    "block_size": 4096,
                    "description": "",
                    "image_id": "fd80viupr3qjr5g6g9du",
                    "name": "",
                    "size": 3,
                    "snapshot_id": "",
                    "type": "network-hdd"
                  }
                ],
                "mode": "READ_WRITE"
              }
            ],
            "created_at": "2024-10-14T09:38:31Z",
            "description": "",
            "filesystem": [],
            "folder_id": "b1g81u3q5bovv1ov0c65",
            "fqdn": "epdpmed5c9659gjaibra.auto.internal",
            "gpu_cluster_id": "",
            "hostname": "",
            "id": "epdpmed5c9659gjaibra",
            "labels": null,
            "local_disk": [],
            "maintenance_grace_period": "",
            "maintenance_policy": null,
            "metadata": {
              "ssh-keys": "ubuntu:ssh-rsa AAAAB3NzaC1yc2EAAAADAQABAAABgQCU8YFVN6EnXeOeVoqSiUuoBSQBE2/TAyhB/pGlzBgpEP8QQFq68pGV2B381wsAvS2JHQp4/Rhyi6HMSpCp2K782gx98KHPQAvMetxMVAu172s96zrMBYxTe7rzHThxTZFqXmQ89DtlaLXeRwOkXWbcSZ57Mr869rvuEw9SvFfkr70DtrU0fA7ej+Jl4tlhDgTUsuKYQ2+OQ/QpY/cfmvKlnky4nLCgHM0sxYfyGhWf7XknKC5vX4FkeOYd2EByqmPWqRs+Y/DVXecfNYtYw4Gu6EEACFmXKsFTvEGWC4BBw/a6Gy1V74NwbdMd1qr2SgegEdXoSsbt4zsyOilDmqAKhDRxupVEVSh/bKIjoACEnDSj3F0cc5hARqNjZLt/sY7nH+frd6Uqs2eR6AzfGKtNMdHlLviA1jXDqtvqGFcv//DGJZESwaI/VFH6EH5Mg2gwSxWRpDpaKFrheiC04acUcwTo8fwdDonl8wbMAjncd2eBfkLoo1MSnn/QNgwjpVM= ubuntu@painkiller\n"
            },
            "metadata_options": [
              {
                "aws_v1_http_endpoint": 1,
                "aws_v1_http_token": 2,
                "gce_http_endpoint": 1,
                "gce_http_token": 1
              }
            ],
            "name": "wp-app-2",
            "network_acceleration_type": "standard",
            "network_interface": [
              {
                "dns_record": [],
                "index": 0,
                "ip_address": "10.3.0.13",
                "ipv4": true,
                "ipv6": false,
                "ipv6_address": "",
                "ipv6_dns_record": [],
                "mac_address": "d0:0d:19:b3:9a:56",
                "nat": true,
                "nat_dns_record": [],
                "nat_ip_address": "158.160.9.151",
                "nat_ip_version": "IPV4",
                "security_group_ids": [],
                "subnet_id": "e2ls2uoqofsf767rc9k6"
              }
            ],
            "placement_policy": [
              {
                "host_affinity_rules": [],
                "placement_group_id": "",
                "placement_group_partition": 0
              }
            ],
            "platform_id": "standard-v1",
            "resources": [
              {
                "core_fraction": 100,
                "cores": 2,
                "gpus": 0,
                "memory": 2
              }
            ],
            "scheduling_policy": [
              {
                "preemptible": false
              }
            ],
            "secondary_disk": [],
            "service_account_id": "",
            "status": "running",
            "timeouts": null,
            "zone": "ru-central1-b"
          },
          "sensitive_attributes": [],
          "private": "eyJlMmJmYjczMC1lY2FhLTExZTYtOGY4OC0zNDM2M2JjN2M0YzAiOnsiY3JlYXRlIjozMDAwMDAwMDAwMDAsImRlbGV0ZSI6MzAwMDAwMDAwMDAwLCJ1cGRhdGUiOjMwMDAwMDAwMDAwMH0sInNjaGVtYV92ZXJzaW9uIjoiMSJ9",
          "dependencies": [
            "yandex_vpc_network.wp-network",
            "yandex_vpc_subnet.wp-subnet-b"
          ]
        }
      ]
    },
    {
      "mode": "managed",
      "type": "yandex_lb_network_load_balancer",
      "name": "wp_lb",
      "provider": "provider[\"registry.terraform.io/yandex-cloud/yandex\"]",
      "instances": [
        {
          "schema_version": 0,
          "attributes": {
            "attached_target_group": [
              {
                "healthcheck": [
                  {
                    "healthy_threshold": 2,
                    "http_options": [],
                    "interval": 2,
                    "name": "tcp",
                    "tcp_options": [
                      {
                        "port": 80
                      }
                    ],
                    "timeout": 1,
                    "unhealthy_threshold": 2
                  }
                ],
                "target_group_id": "enpo23qfjh9uudrnf0nd"
              }
            ],
            "created_at": "2024-10-14T09:39:21Z",
            "deletion_protection": false,
            "description": "",
            "folder_id": "b1g81u3q5bovv1ov0c65",
            "id": "enp7e8otmfgm5s9f53f1",
            "labels": null,
            "listener": [
              {
                "external_address_spec": [
                  {
                    "address": "84.201.180.31",
                    "ip_version": "ipv4"
                  }
                ],
                "internal_address_spec": [],
                "name": "wp-listener",
                "port": 80,
                "protocol": "tcp",
                "target_port": 80
              }
            ],
            "name": "wp-network-load-balancer",
            "region_id": "ru-central1",
            "timeouts": null,
            "type": "external"
          },
          "sensitive_attributes": [],
          "private": "eyJlMmJmYjczMC1lY2FhLTExZTYtOGY4OC0zNDM2M2JjN2M0YzAiOnsiY3JlYXRlIjozMDAwMDAwMDAwMDAsImRlbGV0ZSI6MzAwMDAwMDAwMDAwLCJ1cGRhdGUiOjMwMDAwMDAwMDAwMH19",
          "dependencies": [
            "yandex_compute_instance.wp-app-1",
            "yandex_compute_instance.wp-app-2",
            "yandex_lb_target_group.wp_tg",
            "yandex_vpc_network.wp-network",
            "yandex_vpc_subnet.wp-subnet-a",
            "yandex_vpc_subnet.wp-subnet-b"
          ]
        }
      ]
    },
    {
      "mode": "managed",
      "type": "yandex_lb_target_group",
      "name": "wp_tg",
      "provider": "provider[\"registry.terraform.io/yandex-cloud/yandex\"]",
      "instances": [
        {
          "schema_version": 0,
          "attributes": {
            "created_at": "2024-10-14T09:39:19Z",
            "description": "",
            "folder_id": "b1g81u3q5bovv1ov0c65",
            "id": "enpo23qfjh9uudrnf0nd",
            "labels": null,
            "name": "wp-target-group",
            "region_id": "ru-central1",
            "target": [
              {
                "address": "10.2.0.13",
                "subnet_id": "e9blms10vq10aohiskj8"
              },
              {
                "address": "10.3.0.13",
                "subnet_id": "e2ls2uoqofsf767rc9k6"
              }
            ],
            "timeouts": null
          },
          "sensitive_attributes": [],
          "private": "eyJlMmJmYjczMC1lY2FhLTExZTYtOGY4OC0zNDM2M2JjN2M0YzAiOnsiY3JlYXRlIjozMDAwMDAwMDAwMDAsImRlbGV0ZSI6MzAwMDAwMDAwMDAwLCJ1cGRhdGUiOjMwMDAwMDAwMDAwMH19",
          "dependencies": [
            "yandex_compute_instance.wp-app-1",
            "yandex_compute_instance.wp-app-2",
            "yandex_vpc_network.wp-network",
            "yandex_vpc_subnet.wp-subnet-a",
            "yandex_vpc_subnet.wp-subnet-b"
          ]
        }
      ]
    },
    {
      "mode": "managed",
      "type": "yandex_mdb_mysql_cluster",
      "name": "wp_mysql",
      "provider": "provider[\"registry.terraform.io/yandex-cloud/yandex\"]",
      "instances": []
    },
    {
      "mode": "managed",
      "type": "yandex_vpc_network",
      "name": "wp-network",
      "provider": "provider[\"registry.terraform.io/yandex-cloud/yandex\"]",
      "instances": [
        {
          "schema_version": 0,
          "attributes": {
            "created_at": "2024-10-14T09:38:28Z",
            "default_security_group_id": "enpsse5ikbrfbo30odhk",
            "description": "",
            "folder_id": "b1g81u3q5bovv1ov0c65",
            "id": "enprkd260be8he34e623",
            "labels": {},
            "name": "wp-network",
            "subnet_ids": [],
            "timeouts": null
          },
          "sensitive_attributes": [],
          "private": "eyJlMmJmYjczMC1lY2FhLTExZTYtOGY4OC0zNDM2M2JjN2M0YzAiOnsiY3JlYXRlIjo2MDAwMDAwMDAwMCwiZGVsZXRlIjo2MDAwMDAwMDAwMCwidXBkYXRlIjo2MDAwMDAwMDAwMH19"
        }
      ]
    },
    {
      "mode": "managed",
      "type": "yandex_vpc_subnet",
      "name": "wp-subnet-a",
      "provider": "provider[\"registry.terraform.io/yandex-cloud/yandex\"]",
      "instances": [
        {
          "schema_version": 0,
          "attributes": {
            "created_at": "2024-10-14T09:38:30Z",
            "description": "",
            "dhcp_options": [],
            "folder_id": "b1g81u3q5bovv1ov0c65",
            "id": "e9blms10vq10aohiskj8",
            "labels": {},
            "name": "wp-subnet-a",
            "network_id": "enprkd260be8he34e623",
            "route_table_id": "",
            "timeouts": null,
            "v4_cidr_blocks": [
              "10.2.0.0/16"
            ],
            "v6_cidr_blocks": [],
            "zone": "ru-central1-a"
          },
          "sensitive_attributes": [],
          "private": "eyJlMmJmYjczMC1lY2FhLTExZTYtOGY4OC0zNDM2M2JjN2M0YzAiOnsiY3JlYXRlIjoxODAwMDAwMDAwMDAsImRlbGV0ZSI6MTgwMDAwMDAwMDAwLCJ1cGRhdGUiOjE4MDAwMDAwMDAwMH19",
          "dependencies": [
            "yandex_vpc_network.wp-network"
          ]
        }
      ]
    },
    {
      "mode": "managed",
      "type": "yandex_vpc_subnet",
      "name": "wp-subnet-b",
      "provider": "provider[\"registry.terraform.io/yandex-cloud/yandex\"]",
      "instances": [
        {
          "schema_version": 0,
          "attributes": {
            "created_at": "2024-10-14T09:38:30Z",
            "description": "",
            "dhcp_options": [],
            "folder_id": "b1g81u3q5bovv1ov0c65",
            "id": "e2ls2uoqofsf767rc9k6",
            "labels": {},
            "name": "wp-subnet-b",
            "network_id": "enprkd260be8he34e623",
            "route_table_id": "",
            "timeouts": null,
            "v4_cidr_blocks": [
              "10.3.0.0/16"
            ],
            "v6_cidr_blocks": [],
            "zone": "ru-central1-b"
          },
          "sensitive_attributes": [],
          "private": "eyJlMmJmYjczMC1lY2FhLTExZTYtOGY4OC0zNDM2M2JjN2M0YzAiOnsiY3JlYXRlIjoxODAwMDAwMDAwMDAsImRlbGV0ZSI6MTgwMDAwMDAwMDAwLCJ1cGRhdGUiOjE4MDAwMDAwMDAwMH19",
          "dependencies": [
            "yandex_vpc_network.wp-network"
          ]
        }
      ]
    },
    {
      "mode": "managed",
      "type": "yandex_vpc_subnet",
      "name": "wp-subnet-d",
      "provider": "provider[\"registry.terraform.io/yandex-cloud/yandex\"]",
      "instances": [
        {
          "schema_version": 0,
          "attributes": {
            "created_at": "2024-10-14T09:38:31Z",
            "description": "",
            "dhcp_options": [],
            "folder_id": "b1g81u3q5bovv1ov0c65",
            "id": "fl8qajm0lafah67n14l3",
            "labels": {},
            "name": "wp-subnet-d",
            "network_id": "enprkd260be8he34e623",
            "route_table_id": "",
            "timeouts": null,
            "v4_cidr_blocks": [
              "10.4.0.0/16"
            ],
            "v6_cidr_blocks": [],
            "zone": "ru-central1-d"
          },
          "sensitive_attributes": [],
          "private": "eyJlMmJmYjczMC1lY2FhLTExZTYtOGY4OC0zNDM2M2JjN2M0YzAiOnsiY3JlYXRlIjoxODAwMDAwMDAwMDAsImRlbGV0ZSI6MTgwMDAwMDAwMDAwLCJ1cGRhdGUiOjE4MDAwMDAwMDAwMH19",
          "dependencies": [
            "yandex_vpc_network.wp-network"
          ]
        }
      ]
    }
  ],
  "check_results": null
}
