{
  "version": 4,
  "terraform_version": "1.10.0",
  "serial": 45,
  "lineage": "f4d09d52-ba0c-fcd1-6de8-495763f70f42",
  "outputs": {
    "database_host_fqdn": {
      "value": [
        "rc1b-3gh4zvjp4w60kns0.mdb.yandexcloud.net",
        "rc1d-x6fhp2s5w1dfrxs8.mdb.yandexcloud.net"
      ],
      "type": [
        "list",
        "string"
      ]
    },
    "load_balancer_public_ip": {
      "value": [
        "51.250.42.164"
      ],
      "type": [
        "list",
        "string"
      ]
    }
  },
  "resources": [
    {
      "mode": "managed",
      "type": "yandex_compute_instance",
      "name": "wp-app-1",
      "provider": "provider[\"registry.terraform.io/yandex-cloud/yandex\"]",
      "instances": [
        {
          "schema_version": 1,
          "attributes": {
            "allow_recreate": null,
            "allow_stopping_for_update": null,
            "boot_disk": [
              {
                "auto_delete": true,
                "device_name": "fhm8ls44c0t1j8h5lnn7",
                "disk_id": "fhm8ls44c0t1j8h5lnn7",
                "initialize_params": [
                  {
                    "block_size": 4096,
                    "description": "",
                    "image_id": "fd80viupr3qjr5g6g9du",
                    "name": "",
                    "size": 3,
                    "snapshot_id": "",
                    "type": "network-hdd"
                  }
                ],
                "mode": "READ_WRITE"
              }
            ],
            "created_at": "2024-07-29T17:42:22Z",
            "description": "",
            "filesystem": [],
            "folder_id": "b1g81u3q5bovv1ov0c65",
            "fqdn": "fhm3s8uutamaruog5sil.auto.internal",
            "gpu_cluster_id": "",
            "hostname": "",
            "id": "fhm3s8uutamaruog5sil",
            "labels": {},
            "local_disk": [],
            "maintenance_grace_period": "",
            "maintenance_policy": null,
            "metadata": {
              "ssh-keys": "ubuntu:ssh-ed25519 AAAAC3NzaC1lZDI1NTE5AAAAIAM788TKUAYwl2dCybZX0Xpdl8AlINgYXEB0ZRJq8ieJ minia@painkiller\r\n"
            },
            "metadata_options": [
              {
                "aws_v1_http_endpoint": 1,
                "aws_v1_http_token": 2,
                "gce_http_endpoint": 1,
                "gce_http_token": 1
              }
            ],
            "name": "wp-app-1",
            "network_acceleration_type": "standard",
            "network_interface": [
              {
                "dns_record": [],
                "index": 0,
                "ip_address": "10.2.0.23",
                "ipv4": true,
                "ipv6": false,
                "ipv6_address": "",
                "ipv6_dns_record": [],
                "mac_address": "d0:0d:3e:23:de:ea",
                "nat": true,
                "nat_dns_record": [],
                "nat_ip_address": "62.84.125.6",
                "nat_ip_version": "IPV4",
                "security_group_ids": [],
                "subnet_id": "e9bbsbau67qtta05l49t"
              }
            ],
            "placement_policy": [
              {
                "host_affinity_rules": [],
                "placement_group_id": "",
                "placement_group_partition": 0
              }
            ],
            "platform_id": "standard-v1",
            "resources": [
              {
                "core_fraction": 100,
                "cores": 2,
                "gpus": 0,
                "memory": 2
              }
            ],
            "scheduling_policy": [
              {
                "preemptible": false
              }
            ],
            "secondary_disk": [],
            "service_account_id": "",
            "status": "running",
            "timeouts": null,
            "zone": "ru-central1-a"
          },
          "sensitive_attributes": [],
          "private": "eyJlMmJmYjczMC1lY2FhLTExZTYtOGY4OC0zNDM2M2JjN2M0YzAiOnsiY3JlYXRlIjozMDAwMDAwMDAwMDAsImRlbGV0ZSI6MzAwMDAwMDAwMDAwLCJ1cGRhdGUiOjMwMDAwMDAwMDAwMH0sInNjaGVtYV92ZXJzaW9uIjoiMSJ9",
          "dependencies": [
            "yandex_vpc_network.wp-network",
            "yandex_vpc_subnet.wp-subnet-a"
          ]
        }
      ]
    },
    {
      "mode": "managed",
      "type": "yandex_compute_instance",
      "name": "wp-app-2",
      "provider": "provider[\"registry.terraform.io/yandex-cloud/yandex\"]",
      "instances": [
        {
          "schema_version": 1,
          "attributes": {
            "allow_recreate": null,
            "allow_stopping_for_update": null,
            "boot_disk": [
              {
                "auto_delete": true,
                "device_name": "epdgspn2j3eftn731gkh",
                "disk_id": "epdgspn2j3eftn731gkh",
                "initialize_params": [
                  {
                    "block_size": 4096,
                    "description": "",
                    "image_id": "fd80viupr3qjr5g6g9du",
                    "name": "",
                    "size": 3,
                    "snapshot_id": "",
                    "type": "network-hdd"
                  }
                ],
                "mode": "READ_WRITE"
              }
            ],
            "created_at": "2024-07-29T17:42:22Z",
            "description": "",
            "filesystem": [],
            "folder_id": "b1g81u3q5bovv1ov0c65",
            "fqdn": "epdggud33387bv85vo91.auto.internal",
            "gpu_cluster_id": "",
            "hostname": "",
            "id": "epdggud33387bv85vo91",
            "labels": {},
            "local_disk": [],
            "maintenance_grace_period": "",
            "maintenance_policy": null,
            "metadata": {
              "ssh-keys": "ubuntu:ssh-ed25519 AAAAC3NzaC1lZDI1NTE5AAAAIAM788TKUAYwl2dCybZX0Xpdl8AlINgYXEB0ZRJq8ieJ minia@painkiller\r\n"
            },
            "metadata_options": [
              {
                "aws_v1_http_endpoint": 1,
                "aws_v1_http_token": 2,
                "gce_http_endpoint": 1,
                "gce_http_token": 1
              }
            ],
            "name": "wp-app-2",
            "network_acceleration_type": "standard",
            "network_interface": [
              {
                "dns_record": [],
                "index": 0,
                "ip_address": "10.3.0.21",
                "ipv4": true,
                "ipv6": false,
                "ipv6_address": "",
                "ipv6_dns_record": [],
                "mac_address": "d0:0d:10:87:9a:31",
                "nat": true,
                "nat_dns_record": [],
                "nat_ip_address": "89.169.160.92",
                "nat_ip_version": "IPV4",
                "security_group_ids": [],
                "subnet_id": "e2l0i2b4lc4qmvbc55e9"
              }
            ],
            "placement_policy": [
              {
                "host_affinity_rules": [],
                "placement_group_id": "",
                "placement_group_partition": 0
              }
            ],
            "platform_id": "standard-v1",
            "resources": [
              {
                "core_fraction": 100,
                "cores": 2,
                "gpus": 0,
                "memory": 2
              }
            ],
            "scheduling_policy": [
              {
                "preemptible": false
              }
            ],
            "secondary_disk": [],
            "service_account_id": "",
            "status": "running",
            "timeouts": null,
            "zone": "ru-central1-b"
          },
          "sensitive_attributes": [],
          "private": "eyJlMmJmYjczMC1lY2FhLTExZTYtOGY4OC0zNDM2M2JjN2M0YzAiOnsiY3JlYXRlIjozMDAwMDAwMDAwMDAsImRlbGV0ZSI6MzAwMDAwMDAwMDAwLCJ1cGRhdGUiOjMwMDAwMDAwMDAwMH0sInNjaGVtYV92ZXJzaW9uIjoiMSJ9",
          "dependencies": [
            "yandex_vpc_network.wp-network",
            "yandex_vpc_subnet.wp-subnet-b"
          ]
        }
      ]
    },
    {
      "mode": "managed",
      "type": "yandex_lb_network_load_balancer",
      "name": "wp_lb",
      "provider": "provider[\"registry.terraform.io/yandex-cloud/yandex\"]",
      "instances": [
        {
          "schema_version": 0,
          "attributes": {
            "attached_target_group": [
              {
                "healthcheck": [
                  {
                    "healthy_threshold": 2,
                    "http_options": [
                      {
                        "path": "/health",
                        "port": 80
                      }
                    ],
                    "interval": 2,
                    "name": "http",
                    "tcp_options": [],
                    "timeout": 1,
                    "unhealthy_threshold": 2
                  }
                ],
                "target_group_id": "enpj1me585nqk484u6am"
              }
            ],
            "created_at": "2024-07-29T17:43:15Z",
            "deletion_protection": false,
            "description": "",
            "folder_id": "b1g81u3q5bovv1ov0c65",
            "id": "enpt2l8dtad0edki7nrk",
            "labels": {},
            "listener": [
              {
                "external_address_spec": [
                  {
                    "address": "51.250.42.164",
                    "ip_version": "ipv4"
                  }
                ],
                "internal_address_spec": [],
                "name": "wp-listener",
                "port": 80,
                "protocol": "tcp",
                "target_port": 80
              }
            ],
            "name": "wp-network-load-balancer",
            "region_id": "ru-central1",
            "timeouts": null,
            "type": "external"
          },
          "sensitive_attributes": [],
          "private": "eyJlMmJmYjczMC1lY2FhLTExZTYtOGY4OC0zNDM2M2JjN2M0YzAiOnsiY3JlYXRlIjozMDAwMDAwMDAwMDAsImRlbGV0ZSI6MzAwMDAwMDAwMDAwLCJ1cGRhdGUiOjMwMDAwMDAwMDAwMH19",
          "dependencies": [
            "yandex_compute_instance.wp-app-1",
            "yandex_compute_instance.wp-app-2",
            "yandex_lb_target_group.wp_tg",
            "yandex_vpc_network.wp-network",
            "yandex_vpc_subnet.wp-subnet-a",
            "yandex_vpc_subnet.wp-subnet-b"
          ]
        }
      ]
    },
    {
      "mode": "managed",
      "type": "yandex_lb_target_group",
      "name": "wp_tg",
      "provider": "provider[\"registry.terraform.io/yandex-cloud/yandex\"]",
      "instances": [
        {
          "schema_version": 0,
          "attributes": {
            "created_at": "2024-07-29T17:43:14Z",
            "description": "",
            "folder_id": "b1g81u3q5bovv1ov0c65",
            "id": "enpj1me585nqk484u6am",
            "labels": {},
            "name": "wp-target-group",
            "region_id": "ru-central1",
            "target": [
              {
                "address": "10.2.0.23",
                "subnet_id": "e9bbsbau67qtta05l49t"
              },
              {
                "address": "10.3.0.21",
                "subnet_id": "e2l0i2b4lc4qmvbc55e9"
              }
            ],
            "timeouts": null
          },
          "sensitive_attributes": [],
          "private": "eyJlMmJmYjczMC1lY2FhLTExZTYtOGY4OC0zNDM2M2JjN2M0YzAiOnsiY3JlYXRlIjozMDAwMDAwMDAwMDAsImRlbGV0ZSI6MzAwMDAwMDAwMDAwLCJ1cGRhdGUiOjMwMDAwMDAwMDAwMH19",
          "dependencies": [
            "yandex_compute_instance.wp-app-1",
            "yandex_compute_instance.wp-app-2",
            "yandex_vpc_network.wp-network",
            "yandex_vpc_subnet.wp-subnet-a",
            "yandex_vpc_subnet.wp-subnet-b"
          ]
        }
      ]
    },
    {
      "mode": "managed",
      "type": "yandex_mdb_mysql_cluster",
      "name": "wp_mysql",
      "provider": "provider[\"registry.terraform.io/yandex-cloud/yandex\"]",
      "instances": [
        {
          "schema_version": 0,
          "attributes": {
            "access": [
              {
                "data_lens": false,
                "data_transfer": false,
                "web_sql": false
              }
            ],
            "allow_regeneration_host": false,
            "backup_retain_period_days": 7,
            "backup_window_start": [
              {
                "hours": 0,
                "minutes": 0
              }
            ],
            "created_at": "2024-07-29T17:46:20Z",
            "database": [],
            "deletion_protection": false,
            "description": "",
            "environment": "PRODUCTION",
            "folder_id": "b1g81u3q5bovv1ov0c65",
            "health": "ALIVE",
            "host": [
              {
                "assign_public_ip": true,
                "backup_priority": 0,
                "fqdn": "rc1b-3gh4zvjp4w60kns0.mdb.yandexcloud.net",
                "name": "",
                "priority": 0,
                "replication_source": "",
                "replication_source_name": "",
                "subnet_id": "e2l0i2b4lc4qmvbc55e9",
                "zone": "ru-central1-b"
              },
              {
                "assign_public_ip": true,
                "backup_priority": 0,
                "fqdn": "rc1d-x6fhp2s5w1dfrxs8.mdb.yandexcloud.net",
                "name": "",
                "priority": 0,
                "replication_source": "",
                "replication_source_name": "",
                "subnet_id": "fl8nbb2h3otiq2gpum6q",
                "zone": "ru-central1-d"
              }
            ],
            "host_group_ids": [],
            "id": "c9q488flu921mlj505jv",
            "labels": {},
            "maintenance_window": [
              {
                "day": "",
                "hour": 0,
                "type": "ANYTIME"
              }
            ],
            "mysql_config": {
              "binlog_transaction_dependency_tracking": "0",
              "log_slow_rate_type": "0",
              "sql_mode": "ONLY_FULL_GROUP_BY,STRICT_TRANS_TABLES,NO_ZERO_IN_DATE,NO_ZERO_DATE,ERROR_FOR_DIVISION_BY_ZERO,NO_ENGINE_SUBSTITUTION"
            },
            "name": "wp-mysql",
            "network_id": "enpg1fr4520dcrfiqhc6",
            "performance_diagnostics": [
              {
                "enabled": false,
                "sessions_sampling_interval": 60,
                "statements_sampling_interval": 600
              }
            ],
            "resources": [
              {
                "disk_size": 16,
                "disk_type_id": "network-ssd",
                "resource_preset_id": "s2.micro"
              }
            ],
            "restore": [],
            "security_group_ids": [],
            "status": "RUNNING",
            "timeouts": null,
            "user": [],
            "version": "8.0"
          },
          "sensitive_attributes": [],
          "private": "eyJlMmJmYjczMC1lY2FhLTExZTYtOGY4OC0zNDM2M2JjN2M0YzAiOnsiY3JlYXRlIjoxODAwMDAwMDAwMDAwLCJkZWxldGUiOjE4MDAwMDAwMDAwMDAsInVwZGF0ZSI6MzYwMDAwMDAwMDAwMH19",
          "dependencies": [
            "yandex_vpc_network.wp-network",
            "yandex_vpc_subnet.wp-subnet-b",
            "yandex_vpc_subnet.wp-subnet-d"
          ]
        }
      ]
    },
    {
      "mode": "managed",
      "type": "yandex_mdb_mysql_database",
      "name": "db",
      "provider": "provider[\"registry.terraform.io/yandex-cloud/yandex\"]",
      "instances": [
        {
          "schema_version": 0,
          "attributes": {
            "cluster_id": "c9q488flu921mlj505jv",
            "id": "c9q488flu921mlj505jv:db",
            "name": "db",
            "timeouts": null
          },
          "sensitive_attributes": [],
          "private": "eyJlMmJmYjczMC1lY2FhLTExZTYtOGY4OC0zNDM2M2JjN2M0YzAiOnsiY3JlYXRlIjo2MDAwMDAwMDAwMDAsImRlbGV0ZSI6NjAwMDAwMDAwMDAwLCJyZWFkIjo2MDAwMDAwMDAwMCwidXBkYXRlIjo2MDAwMDAwMDAwMDB9fQ==",
          "dependencies": [
            "yandex_mdb_mysql_cluster.wp_mysql",
            "yandex_vpc_network.wp-network",
            "yandex_vpc_subnet.wp-subnet-b",
            "yandex_vpc_subnet.wp-subnet-d"
          ]
        }
      ]
    },
    {
      "mode": "managed",
      "type": "yandex_mdb_mysql_user",
      "name": "user",
      "provider": "provider[\"registry.terraform.io/yandex-cloud/yandex\"]",
      "instances": [
        {
          "schema_version": 0,
          "attributes": {
            "authentication_plugin": "MYSQL_NATIVE_PASSWORD",
            "cluster_id": "c9q488flu921mlj505jv",
            "connection_limits": [],
            "global_permissions": [],
            "id": "c9q488flu921mlj505jv:user",
            "name": "user",
            "password": "password",
            "permission": [
              {
                "database_name": "db",
                "roles": [
                  "ALL"
                ]
              }
            ],
            "timeouts": null
          },
          "sensitive_attributes": [
            [
              {
                "type": "get_attr",
                "value": "password"
              }
            ]
          ],
          "private": "eyJlMmJmYjczMC1lY2FhLTExZTYtOGY4OC0zNDM2M2JjN2M0YzAiOnsiY3JlYXRlIjo2MDAwMDAwMDAwMDAsImRlbGV0ZSI6NjAwMDAwMDAwMDAwLCJyZWFkIjo2MDAwMDAwMDAwMCwidXBkYXRlIjo2MDAwMDAwMDAwMDB9fQ==",
          "dependencies": [
            "yandex_mdb_mysql_cluster.wp_mysql",
            "yandex_vpc_network.wp-network",
            "yandex_vpc_subnet.wp-subnet-b",
            "yandex_vpc_subnet.wp-subnet-d"
          ]
        }
      ]
    },
    {
      "mode": "managed",
      "type": "yandex_vpc_network",
      "name": "wp-network",
      "provider": "provider[\"registry.terraform.io/yandex-cloud/yandex\"]",
      "instances": [
        {
          "schema_version": 0,
          "attributes": {
            "created_at": "2024-07-29T17:42:19Z",
            "default_security_group_id": "enpj0pen1nonelhsopct",
            "description": "",
            "folder_id": "b1g81u3q5bovv1ov0c65",
            "id": "enpg1fr4520dcrfiqhc6",
            "labels": {},
            "name": "wp-network",
            "subnet_ids": [
              "e2l0i2b4lc4qmvbc55e9",
              "e9bbsbau67qtta05l49t",
              "fl8nbb2h3otiq2gpum6q"
            ],
            "timeouts": null
          },
          "sensitive_attributes": [],
          "private": "eyJlMmJmYjczMC1lY2FhLTExZTYtOGY4OC0zNDM2M2JjN2M0YzAiOnsiY3JlYXRlIjo2MDAwMDAwMDAwMCwiZGVsZXRlIjo2MDAwMDAwMDAwMCwidXBkYXRlIjo2MDAwMDAwMDAwMH19"
        }
      ]
    },
    {
      "mode": "managed",
      "type": "yandex_vpc_subnet",
      "name": "wp-subnet-a",
      "provider": "provider[\"registry.terraform.io/yandex-cloud/yandex\"]",
      "instances": [
        {
          "schema_version": 0,
          "attributes": {
            "created_at": "2024-07-29T17:42:21Z",
            "description": "",
            "dhcp_options": [],
            "folder_id": "b1g81u3q5bovv1ov0c65",
            "id": "e9bbsbau67qtta05l49t",
            "labels": {},
            "name": "wp-subnet-a",
            "network_id": "enpg1fr4520dcrfiqhc6",
            "route_table_id": "",
            "timeouts": null,
            "v4_cidr_blocks": [
              "10.2.0.0/16"
            ],
            "v6_cidr_blocks": [],
            "zone": "ru-central1-a"
          },
          "sensitive_attributes": [],
          "private": "eyJlMmJmYjczMC1lY2FhLTExZTYtOGY4OC0zNDM2M2JjN2M0YzAiOnsiY3JlYXRlIjoxODAwMDAwMDAwMDAsImRlbGV0ZSI6MTgwMDAwMDAwMDAwLCJ1cGRhdGUiOjE4MDAwMDAwMDAwMH19",
          "dependencies": [
            "yandex_vpc_network.wp-network"
          ]
        }
      ]
    },
    {
      "mode": "managed",
      "type": "yandex_vpc_subnet",
      "name": "wp-subnet-b",
      "provider": "provider[\"registry.terraform.io/yandex-cloud/yandex\"]",
      "instances": [
        {
          "schema_version": 0,
          "attributes": {
            "created_at": "2024-07-29T17:42:21Z",
            "description": "",
            "dhcp_options": [],
            "folder_id": "b1g81u3q5bovv1ov0c65",
            "id": "e2l0i2b4lc4qmvbc55e9",
            "labels": {},
            "name": "wp-subnet-b",
            "network_id": "enpg1fr4520dcrfiqhc6",
            "route_table_id": "",
            "timeouts": null,
            "v4_cidr_blocks": [
              "10.3.0.0/16"
            ],
            "v6_cidr_blocks": [],
            "zone": "ru-central1-b"
          },
          "sensitive_attributes": [],
          "private": "eyJlMmJmYjczMC1lY2FhLTExZTYtOGY4OC0zNDM2M2JjN2M0YzAiOnsiY3JlYXRlIjoxODAwMDAwMDAwMDAsImRlbGV0ZSI6MTgwMDAwMDAwMDAwLCJ1cGRhdGUiOjE4MDAwMDAwMDAwMH19",
          "dependencies": [
            "yandex_vpc_network.wp-network"
          ]
        }
      ]
    },
    {
      "mode": "managed",
      "type": "yandex_vpc_subnet",
      "name": "wp-subnet-d",
      "provider": "provider[\"registry.terraform.io/yandex-cloud/yandex\"]",
      "instances": [
        {
          "schema_version": 0,
          "attributes": {
            "created_at": "2024-07-29T17:46:19Z",
            "description": "",
            "dhcp_options": [],
            "folder_id": "b1g81u3q5bovv1ov0c65",
            "id": "fl8nbb2h3otiq2gpum6q",
            "labels": {},
            "name": "wp-subnet-d",
            "network_id": "enpg1fr4520dcrfiqhc6",
            "route_table_id": "",
            "timeouts": null,
            "v4_cidr_blocks": [
              "10.4.0.0/16"
            ],
            "v6_cidr_blocks": [],
            "zone": "ru-central1-d"
          },
          "sensitive_attributes": [],
          "private": "eyJlMmJmYjczMC1lY2FhLTExZTYtOGY4OC0zNDM2M2JjN2M0YzAiOnsiY3JlYXRlIjoxODAwMDAwMDAwMDAsImRlbGV0ZSI6MTgwMDAwMDAwMDAwLCJ1cGRhdGUiOjE4MDAwMDAwMDAwMH19",
          "dependencies": [
            "yandex_vpc_network.wp-network"
          ]
        }
      ]
    }
  ],
  "check_results": null
}
