FAIL	test/terraform/test [setup failed]
FAIL
FAIL	test/terraform/test [build failed]
FAIL
=== RUN   TestEndToEndDeploymentScenario
TestEndToEndDeploymentScenario 2024-08-14T17:19:07+03:00 test_structure.go:29: The 'SKIP_setup' environment variable is not set, so executing stage 'setup'.
TestEndToEndDeploymentScenario 2024-08-14T17:19:07+03:00 save_test_data.go:196: Storing test data in ..\.test-data\TerraformOptions.json so it can be reused later
TestEndToEndDeploymentScenario 2024-08-14T17:19:07+03:00 save_test_data.go:200: [WARNING] The named test data at path ..\.test-data\TerraformOptions.json is non-empty. Save operation will overwrite existing value with "&{ ../ map[yc_folder:b1gusdme9cdib5es78j4] [] [] false  map[] map[] map[] 0 0s false false false false <nil> false 0 <nil> 0   false}".
.
TestEndToEndDeploymentScenario 2024-08-14T17:19:07+03:00 save_test_data.go:212: Marshalled JSON: {"TerraformBinary":"","TerraformDir":"../","Vars":{"yc_folder":"b1gusdme9cdib5es78j4"},"VarFiles":null,"Targets":null,"Lock":false,"LockTimeout":"","EnvVars":null,"BackendConfig":null,"RetryableTerraformErrors":null,"MaxRetries":0,"TimeBetweenRetries":0,"Upgrade":false,"Reconfigure":false,"MigrateState":false,"NoColor":false,"SshAgent":null,"NoStderr":false,"OutputMaxLineSize":0,"Logger":null,"Parallelism":0,"PlanFilePath":"","PluginDir":"","SetVarsAfterVarFiles":false}
TestEndToEndDeploymentScenario 2024-08-14T17:19:07+03:00 retry.go:91: terraform [init -upgrade=false]
TestEndToEndDeploymentScenario 2024-08-14T17:19:07+03:00 logger.go:66: Running command terraform with args [init -upgrade=false]
TestEndToEndDeploymentScenario 2024-08-14T17:19:07+03:00 logger.go:66: [0m[1mInitializing the backend...[0m
TestEndToEndDeploymentScenario 2024-08-14T17:19:07+03:00 logger.go:66: [0m[1mInitializing provider plugins...[0m
TestEndToEndDeploymentScenario 2024-08-14T17:19:07+03:00 logger.go:66: - Reusing previous version of yandex-cloud/yandex from the dependency lock file
TestEndToEndDeploymentScenario 2024-08-14T17:19:07+03:00 logger.go:66: - Using previously-installed yandex-cloud/yandex v0.124.0
TestEndToEndDeploymentScenario 2024-08-14T17:19:07+03:00 logger.go:66: 
TestEndToEndDeploymentScenario 2024-08-14T17:19:07+03:00 logger.go:66: [0m[1m[32mTerraform has been successfully initialized![0m[32m[0m
TestEndToEndDeploymentScenario 2024-08-14T17:19:07+03:00 logger.go:66: [0m[32m
TestEndToEndDeploymentScenario 2024-08-14T17:19:07+03:00 logger.go:66: You may now begin working with Terraform. Try running "terraform plan" to see
TestEndToEndDeploymentScenario 2024-08-14T17:19:07+03:00 logger.go:66: any changes that are required for your infrastructure. All Terraform commands
TestEndToEndDeploymentScenario 2024-08-14T17:19:07+03:00 logger.go:66: should now work.
TestEndToEndDeploymentScenario 2024-08-14T17:19:07+03:00 logger.go:66: 
TestEndToEndDeploymentScenario 2024-08-14T17:19:07+03:00 logger.go:66: If you ever set or change modules or backend configuration for Terraform,
TestEndToEndDeploymentScenario 2024-08-14T17:19:07+03:00 logger.go:66: rerun this command to reinitialize your working directory. If you forget, other
TestEndToEndDeploymentScenario 2024-08-14T17:19:07+03:00 logger.go:66: commands will detect it and remind you to do so if necessary.[0m
TestEndToEndDeploymentScenario 2024-08-14T17:19:07+03:00 retry.go:91: terraform [apply -input=false -auto-approve -var yc_folder=b1gusdme9cdib5es78j4 -lock=false]
TestEndToEndDeploymentScenario 2024-08-14T17:19:07+03:00 logger.go:66: Running command terraform with args [apply -input=false -auto-approve -var yc_folder=b1gusdme9cdib5es78j4 -lock=false]
TestEndToEndDeploymentScenario 2024-08-14T17:19:09+03:00 logger.go:66: 
TestEndToEndDeploymentScenario 2024-08-14T17:19:09+03:00 logger.go:66: Terraform used the selected providers to generate the following execution
TestEndToEndDeploymentScenario 2024-08-14T17:19:09+03:00 logger.go:66: plan. Resource actions are indicated with the following symbols:
TestEndToEndDeploymentScenario 2024-08-14T17:19:09+03:00 logger.go:66:   [32m+[0m create[0m
TestEndToEndDeploymentScenario 2024-08-14T17:19:09+03:00 logger.go:66: 
TestEndToEndDeploymentScenario 2024-08-14T17:19:09+03:00 logger.go:66: Terraform will perform the following actions:
TestEndToEndDeploymentScenario 2024-08-14T17:19:09+03:00 logger.go:66: 
TestEndToEndDeploymentScenario 2024-08-14T17:19:09+03:00 logger.go:66: [1m  # yandex_compute_instance.wp-app-1[0m will be created
TestEndToEndDeploymentScenario 2024-08-14T17:19:09+03:00 logger.go:66: [0m  [32m+[0m[0m resource "yandex_compute_instance" "wp-app-1" {
TestEndToEndDeploymentScenario 2024-08-14T17:19:09+03:00 logger.go:66:       [32m+[0m[0m created_at                = (known after apply)
TestEndToEndDeploymentScenario 2024-08-14T17:19:09+03:00 logger.go:66:       [32m+[0m[0m folder_id                 = (known after apply)
TestEndToEndDeploymentScenario 2024-08-14T17:19:09+03:00 logger.go:66:       [32m+[0m[0m fqdn                      = (known after apply)
TestEndToEndDeploymentScenario 2024-08-14T17:19:09+03:00 logger.go:66:       [32m+[0m[0m gpu_cluster_id            = (known after apply)
TestEndToEndDeploymentScenario 2024-08-14T17:19:09+03:00 logger.go:66:       [32m+[0m[0m hostname                  = (known after apply)
TestEndToEndDeploymentScenario 2024-08-14T17:19:09+03:00 logger.go:66:       [32m+[0m[0m id                        = (known after apply)
TestEndToEndDeploymentScenario 2024-08-14T17:19:09+03:00 logger.go:66:       [32m+[0m[0m maintenance_grace_period  = (known after apply)
TestEndToEndDeploymentScenario 2024-08-14T17:19:09+03:00 logger.go:66:       [32m+[0m[0m maintenance_policy        = (known after apply)
TestEndToEndDeploymentScenario 2024-08-14T17:19:09+03:00 logger.go:66:       [32m+[0m[0m metadata                  = {
TestEndToEndDeploymentScenario 2024-08-14T17:19:09+03:00 logger.go:66:           [32m+[0m[0m "ssh-keys" = <<-EOT
TestEndToEndDeploymentScenario 2024-08-14T17:19:09+03:00 logger.go:66:                 ubuntu:ssh-rsa AAAAB3NzaC1yc2EAAAADAQABAAACAQDjFppsd2T2Y3pETJbGMbuArtxmskxSkXE8u7qkdOO+zYSc49RVIQUpDbN3E0GgjEXcQJ73j3UpFDgbYXGJyPoInCuPVYr2Vm6MqK2TX1D3UOpWl8KFDBbLJfrAdjEKlqUfBggfmqZXX5uHUxlRf1uYJq2QjDTDNW1rmWS4vsewhb7nlxiOTzEymnch9SdnZlF2mYws7r6Iaxf2GdsCfVPUPWTdCgx7R4MpfXkpnyBWEHI7ibeEdCB3YEGQuvamLSLQecblu3/88I1JzaPznSMCSYSDl8agB6LkqIg92ZGKkLeoTXBaPvgXiQMAXSWR/c6hQU+TD65bOpvY86oND9zciMhajDUTfhtTKJmX2QGCAjM/JVLPm4lBhqy7aYq1PalNlUCgrgEKxDcKOyiZh1SOGNIQtimTJS4E4rHqnnxYizAG8bdF3ZATYdVJJMgixx7Hk41uw+J24rPja1INTx2BKBUzKjSoR1iQg1g7l8nkqFfnE/mL3QOffHjh2TShrx+nurVSlUG2973dgLsE7ul/rIBSv+ZWJw7NFEJBsJ7e2Xs+UPhzQTnhhxswyqwN/hnYiaIwLtb5MliG+pKTxUAorY/fD+e4MoS7NfFiP9xAhh2p25qucxsGtSijCLs54EHQIEWjRrm2lcrvXIggrlr6lNkaka9MmZ8anEVGWpH0Xw== ubuntu@89.169.143.200
TestEndToEndDeploymentScenario 2024-08-14T17:19:09+03:00 logger.go:66:             EOT
TestEndToEndDeploymentScenario 2024-08-14T17:19:09+03:00 logger.go:66:         }
TestEndToEndDeploymentScenario 2024-08-14T17:19:09+03:00 logger.go:66:       [32m+[0m[0m name                      = "wp-app-1"
TestEndToEndDeploymentScenario 2024-08-14T17:19:09+03:00 logger.go:66:       [32m+[0m[0m network_acceleration_type = "standard"
TestEndToEndDeploymentScenario 2024-08-14T17:19:09+03:00 logger.go:66:       [32m+[0m[0m platform_id               = "standard-v1"
TestEndToEndDeploymentScenario 2024-08-14T17:19:09+03:00 logger.go:66:       [32m+[0m[0m service_account_id        = (known after apply)
TestEndToEndDeploymentScenario 2024-08-14T17:19:09+03:00 logger.go:66:       [32m+[0m[0m status                    = (known after apply)
TestEndToEndDeploymentScenario 2024-08-14T17:19:09+03:00 logger.go:66:       [32m+[0m[0m zone                      = "ru-central1-a"
TestEndToEndDeploymentScenario 2024-08-14T17:19:09+03:00 logger.go:66: 
TestEndToEndDeploymentScenario 2024-08-14T17:19:09+03:00 logger.go:66:       [32m+[0m[0m boot_disk {
TestEndToEndDeploymentScenario 2024-08-14T17:19:09+03:00 logger.go:66:           [32m+[0m[0m auto_delete = true
TestEndToEndDeploymentScenario 2024-08-14T17:19:09+03:00 logger.go:66:           [32m+[0m[0m device_name = (known after apply)
TestEndToEndDeploymentScenario 2024-08-14T17:19:09+03:00 logger.go:66:           [32m+[0m[0m disk_id     = (known after apply)
TestEndToEndDeploymentScenario 2024-08-14T17:19:09+03:00 logger.go:66:           [32m+[0m[0m mode        = (known after apply)
TestEndToEndDeploymentScenario 2024-08-14T17:19:09+03:00 logger.go:66: 
TestEndToEndDeploymentScenario 2024-08-14T17:19:09+03:00 logger.go:66:           [32m+[0m[0m initialize_params {
TestEndToEndDeploymentScenario 2024-08-14T17:19:09+03:00 logger.go:66:               [32m+[0m[0m block_size  = (known after apply)
TestEndToEndDeploymentScenario 2024-08-14T17:19:09+03:00 logger.go:66:               [32m+[0m[0m description = (known after apply)
TestEndToEndDeploymentScenario 2024-08-14T17:19:09+03:00 logger.go:66:               [32m+[0m[0m image_id    = "fd80viupr3qjr5g6g9du"
TestEndToEndDeploymentScenario 2024-08-14T17:19:09+03:00 logger.go:66:               [32m+[0m[0m name        = (known after apply)
TestEndToEndDeploymentScenario 2024-08-14T17:19:09+03:00 logger.go:66:               [32m+[0m[0m size        = (known after apply)
TestEndToEndDeploymentScenario 2024-08-14T17:19:09+03:00 logger.go:66:               [32m+[0m[0m snapshot_id = (known after apply)
TestEndToEndDeploymentScenario 2024-08-14T17:19:09+03:00 logger.go:66:               [32m+[0m[0m type        = "network-hdd"
TestEndToEndDeploymentScenario 2024-08-14T17:19:09+03:00 logger.go:66:             }
TestEndToEndDeploymentScenario 2024-08-14T17:19:09+03:00 logger.go:66:         }
TestEndToEndDeploymentScenario 2024-08-14T17:19:09+03:00 logger.go:66: 
TestEndToEndDeploymentScenario 2024-08-14T17:19:09+03:00 logger.go:66:       [32m+[0m[0m metadata_options (known after apply)
TestEndToEndDeploymentScenario 2024-08-14T17:19:09+03:00 logger.go:66: 
TestEndToEndDeploymentScenario 2024-08-14T17:19:09+03:00 logger.go:66:       [32m+[0m[0m network_interface {
TestEndToEndDeploymentScenario 2024-08-14T17:19:09+03:00 logger.go:66:           [32m+[0m[0m index              = (known after apply)
TestEndToEndDeploymentScenario 2024-08-14T17:19:09+03:00 logger.go:66:           [32m+[0m[0m ip_address         = (known after apply)
TestEndToEndDeploymentScenario 2024-08-14T17:19:09+03:00 logger.go:66:           [32m+[0m[0m ipv4               = true
TestEndToEndDeploymentScenario 2024-08-14T17:19:09+03:00 logger.go:66:           [32m+[0m[0m ipv6               = (known after apply)
TestEndToEndDeploymentScenario 2024-08-14T17:19:09+03:00 logger.go:66:           [32m+[0m[0m ipv6_address       = (known after apply)
TestEndToEndDeploymentScenario 2024-08-14T17:19:09+03:00 logger.go:66:           [32m+[0m[0m mac_address        = (known after apply)
TestEndToEndDeploymentScenario 2024-08-14T17:19:09+03:00 logger.go:66:           [32m+[0m[0m nat                = true
TestEndToEndDeploymentScenario 2024-08-14T17:19:09+03:00 logger.go:66:           [32m+[0m[0m nat_ip_address     = (known after apply)
TestEndToEndDeploymentScenario 2024-08-14T17:19:09+03:00 logger.go:66:           [32m+[0m[0m nat_ip_version     = (known after apply)
TestEndToEndDeploymentScenario 2024-08-14T17:19:09+03:00 logger.go:66:           [32m+[0m[0m security_group_ids = (known after apply)
TestEndToEndDeploymentScenario 2024-08-14T17:19:09+03:00 logger.go:66:           [32m+[0m[0m subnet_id          = (known after apply)
TestEndToEndDeploymentScenario 2024-08-14T17:19:09+03:00 logger.go:66:         }
TestEndToEndDeploymentScenario 2024-08-14T17:19:09+03:00 logger.go:66: 
TestEndToEndDeploymentScenario 2024-08-14T17:19:09+03:00 logger.go:66:       [32m+[0m[0m placement_policy (known after apply)
TestEndToEndDeploymentScenario 2024-08-14T17:19:09+03:00 logger.go:66: 
TestEndToEndDeploymentScenario 2024-08-14T17:19:09+03:00 logger.go:66:       [32m+[0m[0m resources {
TestEndToEndDeploymentScenario 2024-08-14T17:19:09+03:00 logger.go:66:           [32m+[0m[0m core_fraction = 100
TestEndToEndDeploymentScenario 2024-08-14T17:19:09+03:00 logger.go:66:           [32m+[0m[0m cores         = 2
TestEndToEndDeploymentScenario 2024-08-14T17:19:09+03:00 logger.go:66:           [32m+[0m[0m memory        = 2
TestEndToEndDeploymentScenario 2024-08-14T17:19:09+03:00 logger.go:66:         }
TestEndToEndDeploymentScenario 2024-08-14T17:19:09+03:00 logger.go:66: 
TestEndToEndDeploymentScenario 2024-08-14T17:19:09+03:00 logger.go:66:       [32m+[0m[0m scheduling_policy (known after apply)
TestEndToEndDeploymentScenario 2024-08-14T17:19:09+03:00 logger.go:66:     }
TestEndToEndDeploymentScenario 2024-08-14T17:19:09+03:00 logger.go:66: 
TestEndToEndDeploymentScenario 2024-08-14T17:19:09+03:00 logger.go:66: [1m  # yandex_compute_instance.wp-app-2[0m will be created
TestEndToEndDeploymentScenario 2024-08-14T17:19:09+03:00 logger.go:66: [0m  [32m+[0m[0m resource "yandex_compute_instance" "wp-app-2" {
TestEndToEndDeploymentScenario 2024-08-14T17:19:09+03:00 logger.go:66:       [32m+[0m[0m created_at                = (known after apply)
TestEndToEndDeploymentScenario 2024-08-14T17:19:09+03:00 logger.go:66:       [32m+[0m[0m folder_id                 = (known after apply)
TestEndToEndDeploymentScenario 2024-08-14T17:19:09+03:00 logger.go:66:       [32m+[0m[0m fqdn                      = (known after apply)
TestEndToEndDeploymentScenario 2024-08-14T17:19:09+03:00 logger.go:66:       [32m+[0m[0m gpu_cluster_id            = (known after apply)
TestEndToEndDeploymentScenario 2024-08-14T17:19:09+03:00 logger.go:66:       [32m+[0m[0m hostname                  = (known after apply)
TestEndToEndDeploymentScenario 2024-08-14T17:19:09+03:00 logger.go:66:       [32m+[0m[0m id                        = (known after apply)
TestEndToEndDeploymentScenario 2024-08-14T17:19:09+03:00 logger.go:66:       [32m+[0m[0m maintenance_grace_period  = (known after apply)
TestEndToEndDeploymentScenario 2024-08-14T17:19:09+03:00 logger.go:66:       [32m+[0m[0m maintenance_policy        = (known after apply)
TestEndToEndDeploymentScenario 2024-08-14T17:19:09+03:00 logger.go:66:       [32m+[0m[0m metadata                  = {
TestEndToEndDeploymentScenario 2024-08-14T17:19:09+03:00 logger.go:66:           [32m+[0m[0m "ssh-keys" = <<-EOT
TestEndToEndDeploymentScenario 2024-08-14T17:19:09+03:00 logger.go:66:                 ubuntu:ssh-rsa AAAAB3NzaC1yc2EAAAADAQABAAACAQDjFppsd2T2Y3pETJbGMbuArtxmskxSkXE8u7qkdOO+zYSc49RVIQUpDbN3E0GgjEXcQJ73j3UpFDgbYXGJyPoInCuPVYr2Vm6MqK2TX1D3UOpWl8KFDBbLJfrAdjEKlqUfBggfmqZXX5uHUxlRf1uYJq2QjDTDNW1rmWS4vsewhb7nlxiOTzEymnch9SdnZlF2mYws7r6Iaxf2GdsCfVPUPWTdCgx7R4MpfXkpnyBWEHI7ibeEdCB3YEGQuvamLSLQecblu3/88I1JzaPznSMCSYSDl8agB6LkqIg92ZGKkLeoTXBaPvgXiQMAXSWR/c6hQU+TD65bOpvY86oND9zciMhajDUTfhtTKJmX2QGCAjM/JVLPm4lBhqy7aYq1PalNlUCgrgEKxDcKOyiZh1SOGNIQtimTJS4E4rHqnnxYizAG8bdF3ZATYdVJJMgixx7Hk41uw+J24rPja1INTx2BKBUzKjSoR1iQg1g7l8nkqFfnE/mL3QOffHjh2TShrx+nurVSlUG2973dgLsE7ul/rIBSv+ZWJw7NFEJBsJ7e2Xs+UPhzQTnhhxswyqwN/hnYiaIwLtb5MliG+pKTxUAorY/fD+e4MoS7NfFiP9xAhh2p25qucxsGtSijCLs54EHQIEWjRrm2lcrvXIggrlr6lNkaka9MmZ8anEVGWpH0Xw== ubuntu@89.169.143.200
TestEndToEndDeploymentScenario 2024-08-14T17:19:09+03:00 logger.go:66:             EOT
TestEndToEndDeploymentScenario 2024-08-14T17:19:09+03:00 logger.go:66:         }
TestEndToEndDeploymentScenario 2024-08-14T17:19:09+03:00 logger.go:66:       [32m+[0m[0m name                      = "wp-app-2"
TestEndToEndDeploymentScenario 2024-08-14T17:19:09+03:00 logger.go:66:       [32m+[0m[0m network_acceleration_type = "standard"
TestEndToEndDeploymentScenario 2024-08-14T17:19:09+03:00 logger.go:66:       [32m+[0m[0m platform_id               = "standard-v1"
TestEndToEndDeploymentScenario 2024-08-14T17:19:09+03:00 logger.go:66:       [32m+[0m[0m service_account_id        = (known after apply)
TestEndToEndDeploymentScenario 2024-08-14T17:19:09+03:00 logger.go:66:       [32m+[0m[0m status                    = (known after apply)
TestEndToEndDeploymentScenario 2024-08-14T17:19:09+03:00 logger.go:66:       [32m+[0m[0m zone                      = "ru-central1-b"
TestEndToEndDeploymentScenario 2024-08-14T17:19:09+03:00 logger.go:66: 
TestEndToEndDeploymentScenario 2024-08-14T17:19:09+03:00 logger.go:66:       [32m+[0m[0m boot_disk {
TestEndToEndDeploymentScenario 2024-08-14T17:19:09+03:00 logger.go:66:           [32m+[0m[0m auto_delete = true
TestEndToEndDeploymentScenario 2024-08-14T17:19:09+03:00 logger.go:66:           [32m+[0m[0m device_name = (known after apply)
TestEndToEndDeploymentScenario 2024-08-14T17:19:09+03:00 logger.go:66:           [32m+[0m[0m disk_id     = (known after apply)
TestEndToEndDeploymentScenario 2024-08-14T17:19:09+03:00 logger.go:66:           [32m+[0m[0m mode        = (known after apply)
TestEndToEndDeploymentScenario 2024-08-14T17:19:09+03:00 logger.go:66: 
TestEndToEndDeploymentScenario 2024-08-14T17:19:09+03:00 logger.go:66:           [32m+[0m[0m initialize_params {
TestEndToEndDeploymentScenario 2024-08-14T17:19:09+03:00 logger.go:66:               [32m+[0m[0m block_size  = (known after apply)
TestEndToEndDeploymentScenario 2024-08-14T17:19:09+03:00 logger.go:66:               [32m+[0m[0m description = (known after apply)
TestEndToEndDeploymentScenario 2024-08-14T17:19:09+03:00 logger.go:66:               [32m+[0m[0m image_id    = "fd80viupr3qjr5g6g9du"
TestEndToEndDeploymentScenario 2024-08-14T17:19:09+03:00 logger.go:66:               [32m+[0m[0m name        = (known after apply)
TestEndToEndDeploymentScenario 2024-08-14T17:19:09+03:00 logger.go:66:               [32m+[0m[0m size        = (known after apply)
TestEndToEndDeploymentScenario 2024-08-14T17:19:09+03:00 logger.go:66:               [32m+[0m[0m snapshot_id = (known after apply)
TestEndToEndDeploymentScenario 2024-08-14T17:19:09+03:00 logger.go:66:               [32m+[0m[0m type        = "network-hdd"
TestEndToEndDeploymentScenario 2024-08-14T17:19:09+03:00 logger.go:66:             }
TestEndToEndDeploymentScenario 2024-08-14T17:19:09+03:00 logger.go:66:         }
TestEndToEndDeploymentScenario 2024-08-14T17:19:09+03:00 logger.go:66: 
TestEndToEndDeploymentScenario 2024-08-14T17:19:09+03:00 logger.go:66:       [32m+[0m[0m metadata_options (known after apply)
TestEndToEndDeploymentScenario 2024-08-14T17:19:09+03:00 logger.go:66: 
TestEndToEndDeploymentScenario 2024-08-14T17:19:09+03:00 logger.go:66:       [32m+[0m[0m network_interface {
TestEndToEndDeploymentScenario 2024-08-14T17:19:09+03:00 logger.go:66:           [32m+[0m[0m index              = (known after apply)
TestEndToEndDeploymentScenario 2024-08-14T17:19:09+03:00 logger.go:66:           [32m+[0m[0m ip_address         = (known after apply)
TestEndToEndDeploymentScenario 2024-08-14T17:19:09+03:00 logger.go:66:           [32m+[0m[0m ipv4               = true
TestEndToEndDeploymentScenario 2024-08-14T17:19:09+03:00 logger.go:66:           [32m+[0m[0m ipv6               = (known after apply)
TestEndToEndDeploymentScenario 2024-08-14T17:19:09+03:00 logger.go:66:           [32m+[0m[0m ipv6_address       = (known after apply)
TestEndToEndDeploymentScenario 2024-08-14T17:19:09+03:00 logger.go:66:           [32m+[0m[0m mac_address        = (known after apply)
TestEndToEndDeploymentScenario 2024-08-14T17:19:09+03:00 logger.go:66:           [32m+[0m[0m nat                = true
TestEndToEndDeploymentScenario 2024-08-14T17:19:09+03:00 logger.go:66:           [32m+[0m[0m nat_ip_address     = (known after apply)
TestEndToEndDeploymentScenario 2024-08-14T17:19:09+03:00 logger.go:66:           [32m+[0m[0m nat_ip_version     = (known after apply)
TestEndToEndDeploymentScenario 2024-08-14T17:19:09+03:00 logger.go:66:           [32m+[0m[0m security_group_ids = (known after apply)
TestEndToEndDeploymentScenario 2024-08-14T17:19:09+03:00 logger.go:66:           [32m+[0m[0m subnet_id          = (known after apply)
TestEndToEndDeploymentScenario 2024-08-14T17:19:09+03:00 logger.go:66:         }
TestEndToEndDeploymentScenario 2024-08-14T17:19:09+03:00 logger.go:66: 
TestEndToEndDeploymentScenario 2024-08-14T17:19:09+03:00 logger.go:66:       [32m+[0m[0m placement_policy (known after apply)
TestEndToEndDeploymentScenario 2024-08-14T17:19:09+03:00 logger.go:66: 
TestEndToEndDeploymentScenario 2024-08-14T17:19:09+03:00 logger.go:66:       [32m+[0m[0m resources {
TestEndToEndDeploymentScenario 2024-08-14T17:19:09+03:00 logger.go:66:           [32m+[0m[0m core_fraction = 100
TestEndToEndDeploymentScenario 2024-08-14T17:19:09+03:00 logger.go:66:           [32m+[0m[0m cores         = 2
TestEndToEndDeploymentScenario 2024-08-14T17:19:09+03:00 logger.go:66:           [32m+[0m[0m memory        = 2
TestEndToEndDeploymentScenario 2024-08-14T17:19:09+03:00 logger.go:66:         }
TestEndToEndDeploymentScenario 2024-08-14T17:19:09+03:00 logger.go:66: 
TestEndToEndDeploymentScenario 2024-08-14T17:19:09+03:00 logger.go:66:       [32m+[0m[0m scheduling_policy (known after apply)
TestEndToEndDeploymentScenario 2024-08-14T17:19:09+03:00 logger.go:66:     }
TestEndToEndDeploymentScenario 2024-08-14T17:19:09+03:00 logger.go:66: 
TestEndToEndDeploymentScenario 2024-08-14T17:19:09+03:00 logger.go:66: [1m  # yandex_lb_network_load_balancer.wp_lb[0m will be created
TestEndToEndDeploymentScenario 2024-08-14T17:19:09+03:00 logger.go:66: [0m  [32m+[0m[0m resource "yandex_lb_network_load_balancer" "wp_lb" {
TestEndToEndDeploymentScenario 2024-08-14T17:19:09+03:00 logger.go:66:       [32m+[0m[0m created_at          = (known after apply)
TestEndToEndDeploymentScenario 2024-08-14T17:19:09+03:00 logger.go:66:       [32m+[0m[0m deletion_protection = (known after apply)
TestEndToEndDeploymentScenario 2024-08-14T17:19:09+03:00 logger.go:66:       [32m+[0m[0m folder_id           = (known after apply)
TestEndToEndDeploymentScenario 2024-08-14T17:19:09+03:00 logger.go:66:       [32m+[0m[0m id                  = (known after apply)
TestEndToEndDeploymentScenario 2024-08-14T17:19:09+03:00 logger.go:66:       [32m+[0m[0m name                = "wp-network-load-balancer"
TestEndToEndDeploymentScenario 2024-08-14T17:19:09+03:00 logger.go:66:       [32m+[0m[0m region_id           = (known after apply)
TestEndToEndDeploymentScenario 2024-08-14T17:19:09+03:00 logger.go:66:       [32m+[0m[0m type                = "external"
TestEndToEndDeploymentScenario 2024-08-14T17:19:09+03:00 logger.go:66: 
TestEndToEndDeploymentScenario 2024-08-14T17:19:09+03:00 logger.go:66:       [32m+[0m[0m attached_target_group {
TestEndToEndDeploymentScenario 2024-08-14T17:19:09+03:00 logger.go:66:           [32m+[0m[0m target_group_id = (known after apply)
TestEndToEndDeploymentScenario 2024-08-14T17:19:09+03:00 logger.go:66: 
TestEndToEndDeploymentScenario 2024-08-14T17:19:09+03:00 logger.go:66:           [32m+[0m[0m healthcheck {
TestEndToEndDeploymentScenario 2024-08-14T17:19:09+03:00 logger.go:66:               [32m+[0m[0m healthy_threshold   = 2
TestEndToEndDeploymentScenario 2024-08-14T17:19:09+03:00 logger.go:66:               [32m+[0m[0m interval            = 2
TestEndToEndDeploymentScenario 2024-08-14T17:19:09+03:00 logger.go:66:               [32m+[0m[0m name                = "http"
TestEndToEndDeploymentScenario 2024-08-14T17:19:09+03:00 logger.go:66:               [32m+[0m[0m timeout             = 1
TestEndToEndDeploymentScenario 2024-08-14T17:19:09+03:00 logger.go:66:               [32m+[0m[0m unhealthy_threshold = 2
TestEndToEndDeploymentScenario 2024-08-14T17:19:09+03:00 logger.go:66: 
TestEndToEndDeploymentScenario 2024-08-14T17:19:09+03:00 logger.go:66:               [32m+[0m[0m http_options {
TestEndToEndDeploymentScenario 2024-08-14T17:19:09+03:00 logger.go:66:                   [32m+[0m[0m path = "/health"
TestEndToEndDeploymentScenario 2024-08-14T17:19:09+03:00 logger.go:66:                   [32m+[0m[0m port = 80
TestEndToEndDeploymentScenario 2024-08-14T17:19:09+03:00 logger.go:66:                 }
TestEndToEndDeploymentScenario 2024-08-14T17:19:09+03:00 logger.go:66:             }
TestEndToEndDeploymentScenario 2024-08-14T17:19:09+03:00 logger.go:66:         }
TestEndToEndDeploymentScenario 2024-08-14T17:19:09+03:00 logger.go:66: 
TestEndToEndDeploymentScenario 2024-08-14T17:19:09+03:00 logger.go:66:       [32m+[0m[0m listener {
TestEndToEndDeploymentScenario 2024-08-14T17:19:09+03:00 logger.go:66:           [32m+[0m[0m name        = "wp-listener"
TestEndToEndDeploymentScenario 2024-08-14T17:19:09+03:00 logger.go:66:           [32m+[0m[0m port        = 80
TestEndToEndDeploymentScenario 2024-08-14T17:19:09+03:00 logger.go:66:           [32m+[0m[0m protocol    = (known after apply)
TestEndToEndDeploymentScenario 2024-08-14T17:19:09+03:00 logger.go:66:           [32m+[0m[0m target_port = (known after apply)
TestEndToEndDeploymentScenario 2024-08-14T17:19:09+03:00 logger.go:66: 
TestEndToEndDeploymentScenario 2024-08-14T17:19:09+03:00 logger.go:66:           [32m+[0m[0m external_address_spec {
TestEndToEndDeploymentScenario 2024-08-14T17:19:09+03:00 logger.go:66:               [32m+[0m[0m address    = (known after apply)
TestEndToEndDeploymentScenario 2024-08-14T17:19:09+03:00 logger.go:66:               [32m+[0m[0m ip_version = "ipv4"
TestEndToEndDeploymentScenario 2024-08-14T17:19:09+03:00 logger.go:66:             }
TestEndToEndDeploymentScenario 2024-08-14T17:19:09+03:00 logger.go:66:         }
TestEndToEndDeploymentScenario 2024-08-14T17:19:09+03:00 logger.go:66:     }
TestEndToEndDeploymentScenario 2024-08-14T17:19:09+03:00 logger.go:66: 
TestEndToEndDeploymentScenario 2024-08-14T17:19:09+03:00 logger.go:66: [1m  # yandex_lb_target_group.wp_tg[0m will be created
TestEndToEndDeploymentScenario 2024-08-14T17:19:09+03:00 logger.go:66: [0m  [32m+[0m[0m resource "yandex_lb_target_group" "wp_tg" {
TestEndToEndDeploymentScenario 2024-08-14T17:19:09+03:00 logger.go:66:       [32m+[0m[0m created_at = (known after apply)
TestEndToEndDeploymentScenario 2024-08-14T17:19:09+03:00 logger.go:66:       [32m+[0m[0m folder_id  = (known after apply)
TestEndToEndDeploymentScenario 2024-08-14T17:19:09+03:00 logger.go:66:       [32m+[0m[0m id         = (known after apply)
TestEndToEndDeploymentScenario 2024-08-14T17:19:09+03:00 logger.go:66:       [32m+[0m[0m name       = "wp-target-group"
TestEndToEndDeploymentScenario 2024-08-14T17:19:09+03:00 logger.go:66:       [32m+[0m[0m region_id  = (known after apply)
TestEndToEndDeploymentScenario 2024-08-14T17:19:09+03:00 logger.go:66: 
TestEndToEndDeploymentScenario 2024-08-14T17:19:09+03:00 logger.go:66:       [32m+[0m[0m target {
TestEndToEndDeploymentScenario 2024-08-14T17:19:09+03:00 logger.go:66:           [32m+[0m[0m address   = (known after apply)
TestEndToEndDeploymentScenario 2024-08-14T17:19:09+03:00 logger.go:66:           [32m+[0m[0m subnet_id = (known after apply)
TestEndToEndDeploymentScenario 2024-08-14T17:19:09+03:00 logger.go:66:         }
TestEndToEndDeploymentScenario 2024-08-14T17:19:09+03:00 logger.go:66:       [32m+[0m[0m target {
TestEndToEndDeploymentScenario 2024-08-14T17:19:09+03:00 logger.go:66:           [32m+[0m[0m address   = (known after apply)
TestEndToEndDeploymentScenario 2024-08-14T17:19:09+03:00 logger.go:66:           [32m+[0m[0m subnet_id = (known after apply)
TestEndToEndDeploymentScenario 2024-08-14T17:19:09+03:00 logger.go:66:         }
TestEndToEndDeploymentScenario 2024-08-14T17:19:09+03:00 logger.go:66:     }
TestEndToEndDeploymentScenario 2024-08-14T17:19:09+03:00 logger.go:66: 
TestEndToEndDeploymentScenario 2024-08-14T17:19:09+03:00 logger.go:66: [1m  # yandex_mdb_mysql_cluster.wp_mysql[0m will be created
TestEndToEndDeploymentScenario 2024-08-14T17:19:09+03:00 logger.go:66: [0m  [32m+[0m[0m resource "yandex_mdb_mysql_cluster" "wp_mysql" {
TestEndToEndDeploymentScenario 2024-08-14T17:19:09+03:00 logger.go:66:       [32m+[0m[0m allow_regeneration_host   = false
TestEndToEndDeploymentScenario 2024-08-14T17:19:09+03:00 logger.go:66:       [32m+[0m[0m backup_retain_period_days = (known after apply)
TestEndToEndDeploymentScenario 2024-08-14T17:19:09+03:00 logger.go:66:       [32m+[0m[0m created_at                = (known after apply)
TestEndToEndDeploymentScenario 2024-08-14T17:19:09+03:00 logger.go:66:       [32m+[0m[0m deletion_protection       = (known after apply)
TestEndToEndDeploymentScenario 2024-08-14T17:19:09+03:00 logger.go:66:       [32m+[0m[0m environment               = "PRODUCTION"
TestEndToEndDeploymentScenario 2024-08-14T17:19:09+03:00 logger.go:66:       [32m+[0m[0m folder_id                 = "b1gusdme9cdib5es78j4"
TestEndToEndDeploymentScenario 2024-08-14T17:19:09+03:00 logger.go:66:       [32m+[0m[0m health                    = (known after apply)
TestEndToEndDeploymentScenario 2024-08-14T17:19:09+03:00 logger.go:66:       [32m+[0m[0m host_group_ids            = (known after apply)
TestEndToEndDeploymentScenario 2024-08-14T17:19:09+03:00 logger.go:66:       [32m+[0m[0m id                        = (known after apply)
TestEndToEndDeploymentScenario 2024-08-14T17:19:09+03:00 logger.go:66:       [32m+[0m[0m mysql_config              = (known after apply)
TestEndToEndDeploymentScenario 2024-08-14T17:19:09+03:00 logger.go:66:       [32m+[0m[0m name                      = "wp-mysql"
TestEndToEndDeploymentScenario 2024-08-14T17:19:09+03:00 logger.go:66:       [32m+[0m[0m network_id                = (known after apply)
TestEndToEndDeploymentScenario 2024-08-14T17:19:09+03:00 logger.go:66:       [32m+[0m[0m status                    = (known after apply)
TestEndToEndDeploymentScenario 2024-08-14T17:19:09+03:00 logger.go:66:       [32m+[0m[0m version                   = "8.0"
TestEndToEndDeploymentScenario 2024-08-14T17:19:09+03:00 logger.go:66: 
TestEndToEndDeploymentScenario 2024-08-14T17:19:09+03:00 logger.go:66:       [32m+[0m[0m access (known after apply)
TestEndToEndDeploymentScenario 2024-08-14T17:19:09+03:00 logger.go:66: 
TestEndToEndDeploymentScenario 2024-08-14T17:19:09+03:00 logger.go:66:       [32m+[0m[0m backup_window_start (known after apply)
TestEndToEndDeploymentScenario 2024-08-14T17:19:09+03:00 logger.go:66: 
TestEndToEndDeploymentScenario 2024-08-14T17:19:09+03:00 logger.go:66:       [32m+[0m[0m host {
TestEndToEndDeploymentScenario 2024-08-14T17:19:09+03:00 logger.go:66:           [32m+[0m[0m assign_public_ip   = true
TestEndToEndDeploymentScenario 2024-08-14T17:19:09+03:00 logger.go:66:           [32m+[0m[0m fqdn               = (known after apply)
TestEndToEndDeploymentScenario 2024-08-14T17:19:09+03:00 logger.go:66:           [32m+[0m[0m replication_source = (known after apply)
TestEndToEndDeploymentScenario 2024-08-14T17:19:09+03:00 logger.go:66:           [32m+[0m[0m subnet_id          = (known after apply)
TestEndToEndDeploymentScenario 2024-08-14T17:19:09+03:00 logger.go:66:           [32m+[0m[0m zone               = "ru-central1-b"
TestEndToEndDeploymentScenario 2024-08-14T17:19:09+03:00 logger.go:66:         }
TestEndToEndDeploymentScenario 2024-08-14T17:19:09+03:00 logger.go:66:       [32m+[0m[0m host {
TestEndToEndDeploymentScenario 2024-08-14T17:19:09+03:00 logger.go:66:           [32m+[0m[0m assign_public_ip   = true
TestEndToEndDeploymentScenario 2024-08-14T17:19:09+03:00 logger.go:66:           [32m+[0m[0m fqdn               = (known after apply)
TestEndToEndDeploymentScenario 2024-08-14T17:19:09+03:00 logger.go:66:           [32m+[0m[0m replication_source = (known after apply)
TestEndToEndDeploymentScenario 2024-08-14T17:19:09+03:00 logger.go:66:           [32m+[0m[0m subnet_id          = (known after apply)
TestEndToEndDeploymentScenario 2024-08-14T17:19:09+03:00 logger.go:66:           [32m+[0m[0m zone               = "ru-central1-d"
TestEndToEndDeploymentScenario 2024-08-14T17:19:09+03:00 logger.go:66:         }
TestEndToEndDeploymentScenario 2024-08-14T17:19:09+03:00 logger.go:66: 
TestEndToEndDeploymentScenario 2024-08-14T17:19:09+03:00 logger.go:66:       [32m+[0m[0m maintenance_window (known after apply)
TestEndToEndDeploymentScenario 2024-08-14T17:19:09+03:00 logger.go:66: 
TestEndToEndDeploymentScenario 2024-08-14T17:19:09+03:00 logger.go:66:       [32m+[0m[0m performance_diagnostics (known after apply)
TestEndToEndDeploymentScenario 2024-08-14T17:19:09+03:00 logger.go:66: 
TestEndToEndDeploymentScenario 2024-08-14T17:19:09+03:00 logger.go:66:       [32m+[0m[0m resources {
TestEndToEndDeploymentScenario 2024-08-14T17:19:09+03:00 logger.go:66:           [32m+[0m[0m disk_size          = 16
TestEndToEndDeploymentScenario 2024-08-14T17:19:09+03:00 logger.go:66:           [32m+[0m[0m disk_type_id       = "network-ssd"
TestEndToEndDeploymentScenario 2024-08-14T17:19:09+03:00 logger.go:66:           [32m+[0m[0m resource_preset_id = "s2.micro"
TestEndToEndDeploymentScenario 2024-08-14T17:19:09+03:00 logger.go:66:         }
TestEndToEndDeploymentScenario 2024-08-14T17:19:09+03:00 logger.go:66:     }
TestEndToEndDeploymentScenario 2024-08-14T17:19:09+03:00 logger.go:66: 
TestEndToEndDeploymentScenario 2024-08-14T17:19:09+03:00 logger.go:66: [1m  # yandex_mdb_mysql_database.db[0m will be created
TestEndToEndDeploymentScenario 2024-08-14T17:19:09+03:00 logger.go:66: [0m  [32m+[0m[0m resource "yandex_mdb_mysql_database" "db" {
TestEndToEndDeploymentScenario 2024-08-14T17:19:09+03:00 logger.go:66:       [32m+[0m[0m cluster_id = (known after apply)
TestEndToEndDeploymentScenario 2024-08-14T17:19:09+03:00 logger.go:66:       [32m+[0m[0m id         = (known after apply)
TestEndToEndDeploymentScenario 2024-08-14T17:19:09+03:00 logger.go:66:       [32m+[0m[0m name       = "db"
TestEndToEndDeploymentScenario 2024-08-14T17:19:09+03:00 logger.go:66:     }
TestEndToEndDeploymentScenario 2024-08-14T17:19:09+03:00 logger.go:66: 
TestEndToEndDeploymentScenario 2024-08-14T17:19:09+03:00 logger.go:66: [1m  # yandex_mdb_mysql_user.user[0m will be created
TestEndToEndDeploymentScenario 2024-08-14T17:19:09+03:00 logger.go:66: [0m  [32m+[0m[0m resource "yandex_mdb_mysql_user" "user" {
TestEndToEndDeploymentScenario 2024-08-14T17:19:09+03:00 logger.go:66:       [32m+[0m[0m authentication_plugin = "MYSQL_NATIVE_PASSWORD"
TestEndToEndDeploymentScenario 2024-08-14T17:19:09+03:00 logger.go:66:       [32m+[0m[0m cluster_id            = (known after apply)
TestEndToEndDeploymentScenario 2024-08-14T17:19:09+03:00 logger.go:66:       [32m+[0m[0m global_permissions    = (known after apply)
TestEndToEndDeploymentScenario 2024-08-14T17:19:09+03:00 logger.go:66:       [32m+[0m[0m id                    = (known after apply)
TestEndToEndDeploymentScenario 2024-08-14T17:19:09+03:00 logger.go:66:       [32m+[0m[0m name                  = "user"
TestEndToEndDeploymentScenario 2024-08-14T17:19:09+03:00 logger.go:66:       [32m+[0m[0m password              = (sensitive value)
TestEndToEndDeploymentScenario 2024-08-14T17:19:09+03:00 logger.go:66: 
TestEndToEndDeploymentScenario 2024-08-14T17:19:09+03:00 logger.go:66:       [32m+[0m[0m connection_limits (known after apply)
TestEndToEndDeploymentScenario 2024-08-14T17:19:09+03:00 logger.go:66: 
TestEndToEndDeploymentScenario 2024-08-14T17:19:09+03:00 logger.go:66:       [32m+[0m[0m permission {
TestEndToEndDeploymentScenario 2024-08-14T17:19:09+03:00 logger.go:66:           [32m+[0m[0m database_name = "db"
TestEndToEndDeploymentScenario 2024-08-14T17:19:09+03:00 logger.go:66:           [32m+[0m[0m roles         = [
TestEndToEndDeploymentScenario 2024-08-14T17:19:09+03:00 logger.go:66:               [32m+[0m[0m "ALL",
TestEndToEndDeploymentScenario 2024-08-14T17:19:09+03:00 logger.go:66:             ]
TestEndToEndDeploymentScenario 2024-08-14T17:19:09+03:00 logger.go:66:         }
TestEndToEndDeploymentScenario 2024-08-14T17:19:09+03:00 logger.go:66:     }
TestEndToEndDeploymentScenario 2024-08-14T17:19:09+03:00 logger.go:66: 
TestEndToEndDeploymentScenario 2024-08-14T17:19:09+03:00 logger.go:66: [1m  # yandex_vpc_network.wp-network[0m will be created
TestEndToEndDeploymentScenario 2024-08-14T17:19:09+03:00 logger.go:66: [0m  [32m+[0m[0m resource "yandex_vpc_network" "wp-network" {
TestEndToEndDeploymentScenario 2024-08-14T17:19:09+03:00 logger.go:66:       [32m+[0m[0m created_at                = (known after apply)
TestEndToEndDeploymentScenario 2024-08-14T17:19:09+03:00 logger.go:66:       [32m+[0m[0m default_security_group_id = (known after apply)
TestEndToEndDeploymentScenario 2024-08-14T17:19:09+03:00 logger.go:66:       [32m+[0m[0m folder_id                 = (known after apply)
TestEndToEndDeploymentScenario 2024-08-14T17:19:09+03:00 logger.go:66:       [32m+[0m[0m id                        = (known after apply)
TestEndToEndDeploymentScenario 2024-08-14T17:19:09+03:00 logger.go:66:       [32m+[0m[0m labels                    = (known after apply)
TestEndToEndDeploymentScenario 2024-08-14T17:19:09+03:00 logger.go:66:       [32m+[0m[0m name                      = "wp-network"
TestEndToEndDeploymentScenario 2024-08-14T17:19:09+03:00 logger.go:66:       [32m+[0m[0m subnet_ids                = (known after apply)
TestEndToEndDeploymentScenario 2024-08-14T17:19:09+03:00 logger.go:66:     }
TestEndToEndDeploymentScenario 2024-08-14T17:19:09+03:00 logger.go:66: 
TestEndToEndDeploymentScenario 2024-08-14T17:19:09+03:00 logger.go:66: [1m  # yandex_vpc_subnet.wp-subnet-a[0m will be created
TestEndToEndDeploymentScenario 2024-08-14T17:19:09+03:00 logger.go:66: [0m  [32m+[0m[0m resource "yandex_vpc_subnet" "wp-subnet-a" {
TestEndToEndDeploymentScenario 2024-08-14T17:19:09+03:00 logger.go:66:       [32m+[0m[0m created_at     = (known after apply)
TestEndToEndDeploymentScenario 2024-08-14T17:19:09+03:00 logger.go:66:       [32m+[0m[0m folder_id      = (known after apply)
TestEndToEndDeploymentScenario 2024-08-14T17:19:09+03:00 logger.go:66:       [32m+[0m[0m id             = (known after apply)
TestEndToEndDeploymentScenario 2024-08-14T17:19:09+03:00 logger.go:66:       [32m+[0m[0m labels         = (known after apply)
TestEndToEndDeploymentScenario 2024-08-14T17:19:09+03:00 logger.go:66:       [32m+[0m[0m name           = "wp-subnet-a"
TestEndToEndDeploymentScenario 2024-08-14T17:19:09+03:00 logger.go:66:       [32m+[0m[0m network_id     = (known after apply)
TestEndToEndDeploymentScenario 2024-08-14T17:19:09+03:00 logger.go:66:       [32m+[0m[0m v4_cidr_blocks = [
TestEndToEndDeploymentScenario 2024-08-14T17:19:09+03:00 logger.go:66:           [32m+[0m[0m "10.2.0.0/16",
TestEndToEndDeploymentScenario 2024-08-14T17:19:09+03:00 logger.go:66:         ]
TestEndToEndDeploymentScenario 2024-08-14T17:19:09+03:00 logger.go:66:       [32m+[0m[0m v6_cidr_blocks = (known after apply)
TestEndToEndDeploymentScenario 2024-08-14T17:19:09+03:00 logger.go:66:       [32m+[0m[0m zone           = "ru-central1-a"
TestEndToEndDeploymentScenario 2024-08-14T17:19:09+03:00 logger.go:66:     }
TestEndToEndDeploymentScenario 2024-08-14T17:19:09+03:00 logger.go:66: 
TestEndToEndDeploymentScenario 2024-08-14T17:19:09+03:00 logger.go:66: [1m  # yandex_vpc_subnet.wp-subnet-b[0m will be created
TestEndToEndDeploymentScenario 2024-08-14T17:19:09+03:00 logger.go:66: [0m  [32m+[0m[0m resource "yandex_vpc_subnet" "wp-subnet-b" {
TestEndToEndDeploymentScenario 2024-08-14T17:19:09+03:00 logger.go:66:       [32m+[0m[0m created_at     = (known after apply)
TestEndToEndDeploymentScenario 2024-08-14T17:19:09+03:00 logger.go:66:       [32m+[0m[0m folder_id      = (known after apply)
TestEndToEndDeploymentScenario 2024-08-14T17:19:09+03:00 logger.go:66:       [32m+[0m[0m id             = (known after apply)
TestEndToEndDeploymentScenario 2024-08-14T17:19:09+03:00 logger.go:66:       [32m+[0m[0m labels         = (known after apply)
TestEndToEndDeploymentScenario 2024-08-14T17:19:09+03:00 logger.go:66:       [32m+[0m[0m name           = "wp-subnet-b"
TestEndToEndDeploymentScenario 2024-08-14T17:19:09+03:00 logger.go:66:       [32m+[0m[0m network_id     = (known after apply)
TestEndToEndDeploymentScenario 2024-08-14T17:19:09+03:00 logger.go:66:       [32m+[0m[0m v4_cidr_blocks = [
TestEndToEndDeploymentScenario 2024-08-14T17:19:09+03:00 logger.go:66:           [32m+[0m[0m "10.3.0.0/16",
TestEndToEndDeploymentScenario 2024-08-14T17:19:09+03:00 logger.go:66:         ]
TestEndToEndDeploymentScenario 2024-08-14T17:19:09+03:00 logger.go:66:       [32m+[0m[0m v6_cidr_blocks = (known after apply)
TestEndToEndDeploymentScenario 2024-08-14T17:19:09+03:00 logger.go:66:       [32m+[0m[0m zone           = "ru-central1-b"
TestEndToEndDeploymentScenario 2024-08-14T17:19:09+03:00 logger.go:66:     }
TestEndToEndDeploymentScenario 2024-08-14T17:19:09+03:00 logger.go:66: 
TestEndToEndDeploymentScenario 2024-08-14T17:19:09+03:00 logger.go:66: [1m  # yandex_vpc_subnet.wp-subnet-d[0m will be created
TestEndToEndDeploymentScenario 2024-08-14T17:19:09+03:00 logger.go:66: [0m  [32m+[0m[0m resource "yandex_vpc_subnet" "wp-subnet-d" {
TestEndToEndDeploymentScenario 2024-08-14T17:19:09+03:00 logger.go:66:       [32m+[0m[0m created_at     = (known after apply)
TestEndToEndDeploymentScenario 2024-08-14T17:19:09+03:00 logger.go:66:       [32m+[0m[0m folder_id      = (known after apply)
TestEndToEndDeploymentScenario 2024-08-14T17:19:09+03:00 logger.go:66:       [32m+[0m[0m id             = (known after apply)
TestEndToEndDeploymentScenario 2024-08-14T17:19:09+03:00 logger.go:66:       [32m+[0m[0m labels         = (known after apply)
TestEndToEndDeploymentScenario 2024-08-14T17:19:09+03:00 logger.go:66:       [32m+[0m[0m name           = "wp-subnet-d"
TestEndToEndDeploymentScenario 2024-08-14T17:19:09+03:00 logger.go:66:       [32m+[0m[0m network_id     = (known after apply)
TestEndToEndDeploymentScenario 2024-08-14T17:19:09+03:00 logger.go:66:       [32m+[0m[0m v4_cidr_blocks = [
TestEndToEndDeploymentScenario 2024-08-14T17:19:09+03:00 logger.go:66:           [32m+[0m[0m "10.4.0.0/16",
TestEndToEndDeploymentScenario 2024-08-14T17:19:09+03:00 logger.go:66:         ]
TestEndToEndDeploymentScenario 2024-08-14T17:19:09+03:00 logger.go:66:       [32m+[0m[0m v6_cidr_blocks = (known after apply)
TestEndToEndDeploymentScenario 2024-08-14T17:19:09+03:00 logger.go:66:       [32m+[0m[0m zone           = "ru-central1-d"
TestEndToEndDeploymentScenario 2024-08-14T17:19:09+03:00 logger.go:66:     }
TestEndToEndDeploymentScenario 2024-08-14T17:19:09+03:00 logger.go:66: 
TestEndToEndDeploymentScenario 2024-08-14T17:19:09+03:00 logger.go:66: [1mPlan:[0m 11 to add, 0 to change, 0 to destroy.
TestEndToEndDeploymentScenario 2024-08-14T17:19:09+03:00 logger.go:66: [0m
TestEndToEndDeploymentScenario 2024-08-14T17:19:09+03:00 logger.go:66: Changes to Outputs:
TestEndToEndDeploymentScenario 2024-08-14T17:19:09+03:00 logger.go:66:   [32m+[0m[0m database_host_fqdn         = [
TestEndToEndDeploymentScenario 2024-08-14T17:19:09+03:00 logger.go:66:       [32m+[0m[0m (known after apply),
TestEndToEndDeploymentScenario 2024-08-14T17:19:09+03:00 logger.go:66:       [32m+[0m[0m (known after apply),
TestEndToEndDeploymentScenario 2024-08-14T17:19:09+03:00 logger.go:66:     ]
TestEndToEndDeploymentScenario 2024-08-14T17:19:09+03:00 logger.go:66:   [32m+[0m[0m load_balancer_public_ip    = (known after apply)
TestEndToEndDeploymentScenario 2024-08-14T17:19:09+03:00 logger.go:66:   [32m+[0m[0m vm_linux_public_ip_address = (known after apply)
TestEndToEndDeploymentScenario 2024-08-14T17:19:09+03:00 logger.go:66: [0m[1myandex_vpc_network.wp-network: Creating...[0m[0m
TestEndToEndDeploymentScenario 2024-08-14T17:19:12+03:00 logger.go:66: [0m[1myandex_vpc_network.wp-network: Creation complete after 2s [id=enplgo2dmg8okv8djohj][0m
TestEndToEndDeploymentScenario 2024-08-14T17:19:12+03:00 logger.go:66: [0m[1myandex_vpc_subnet.wp-subnet-d: Creating...[0m[0m
TestEndToEndDeploymentScenario 2024-08-14T17:19:12+03:00 logger.go:66: [0m[1myandex_vpc_subnet.wp-subnet-b: Creating...[0m[0m
TestEndToEndDeploymentScenario 2024-08-14T17:19:12+03:00 logger.go:66: [0m[1myandex_vpc_subnet.wp-subnet-a: Creating...[0m[0m
TestEndToEndDeploymentScenario 2024-08-14T17:19:12+03:00 logger.go:66: [0m[1myandex_vpc_subnet.wp-subnet-a: Creation complete after 1s [id=e9bvb5oeo49k9p0n5egi][0m
TestEndToEndDeploymentScenario 2024-08-14T17:19:12+03:00 logger.go:66: [0m[1myandex_compute_instance.wp-app-1: Creating...[0m[0m
TestEndToEndDeploymentScenario 2024-08-14T17:19:13+03:00 logger.go:66: [0m[1myandex_vpc_subnet.wp-subnet-b: Creation complete after 1s [id=e2lu3h2addiioccp6cha][0m
TestEndToEndDeploymentScenario 2024-08-14T17:19:13+03:00 logger.go:66: [0m[1myandex_compute_instance.wp-app-2: Creating...[0m[0m
TestEndToEndDeploymentScenario 2024-08-14T17:19:13+03:00 logger.go:66: [0m[1myandex_vpc_subnet.wp-subnet-d: Creation complete after 2s [id=fl8spghnju0iek4gqi2p][0m
TestEndToEndDeploymentScenario 2024-08-14T17:19:13+03:00 logger.go:66: [0m[1myandex_mdb_mysql_cluster.wp_mysql: Creating...[0m[0m
TestEndToEndDeploymentScenario 2024-08-14T17:19:22+03:00 logger.go:66: [0m[1myandex_compute_instance.wp-app-1: Still creating... [10s elapsed][0m[0m
TestEndToEndDeploymentScenario 2024-08-14T17:19:23+03:00 logger.go:66: [0m[1myandex_compute_instance.wp-app-2: Still creating... [10s elapsed][0m[0m
TestEndToEndDeploymentScenario 2024-08-14T17:19:23+03:00 logger.go:66: [0m[1myandex_mdb_mysql_cluster.wp_mysql: Still creating... [10s elapsed][0m[0m
TestEndToEndDeploymentScenario 2024-08-14T17:19:32+03:00 logger.go:66: [0m[1myandex_compute_instance.wp-app-1: Still creating... [20s elapsed][0m[0m
TestEndToEndDeploymentScenario 2024-08-14T17:19:33+03:00 logger.go:66: [0m[1myandex_compute_instance.wp-app-2: Still creating... [20s elapsed][0m[0m
TestEndToEndDeploymentScenario 2024-08-14T17:19:33+03:00 logger.go:66: [0m[1myandex_mdb_mysql_cluster.wp_mysql: Still creating... [20s elapsed][0m[0m
TestEndToEndDeploymentScenario 2024-08-14T17:19:42+03:00 logger.go:66: [0m[1myandex_compute_instance.wp-app-1: Still creating... [30s elapsed][0m[0m
TestEndToEndDeploymentScenario 2024-08-14T17:19:43+03:00 logger.go:66: [0m[1myandex_compute_instance.wp-app-2: Still creating... [30s elapsed][0m[0m
TestEndToEndDeploymentScenario 2024-08-14T17:19:43+03:00 logger.go:66: [0m[1myandex_mdb_mysql_cluster.wp_mysql: Still creating... [30s elapsed][0m[0m
TestEndToEndDeploymentScenario 2024-08-14T17:19:52+03:00 logger.go:66: [0m[1myandex_compute_instance.wp-app-1: Still creating... [40s elapsed][0m[0m
TestEndToEndDeploymentScenario 2024-08-14T17:19:53+03:00 logger.go:66: [0m[1myandex_compute_instance.wp-app-2: Still creating... [40s elapsed][0m[0m
TestEndToEndDeploymentScenario 2024-08-14T17:19:53+03:00 logger.go:66: [0m[1myandex_mdb_mysql_cluster.wp_mysql: Still creating... [40s elapsed][0m[0m
TestEndToEndDeploymentScenario 2024-08-14T17:20:02+03:00 logger.go:66: [0m[1myandex_compute_instance.wp-app-1: Still creating... [50s elapsed][0m[0m
TestEndToEndDeploymentScenario 2024-08-14T17:20:03+03:00 logger.go:66: [0m[1myandex_compute_instance.wp-app-2: Still creating... [50s elapsed][0m[0m
TestEndToEndDeploymentScenario 2024-08-14T17:20:03+03:00 logger.go:66: [0m[1myandex_mdb_mysql_cluster.wp_mysql: Still creating... [50s elapsed][0m[0m
TestEndToEndDeploymentScenario 2024-08-14T17:20:05+03:00 logger.go:66: [0m[1myandex_compute_instance.wp-app-1: Creation complete after 53s [id=fhmgls61sqtcus9i8n2b][0m
TestEndToEndDeploymentScenario 2024-08-14T17:20:06+03:00 logger.go:66: [0m[1myandex_compute_instance.wp-app-2: Creation complete after 54s [id=epdp3k58treutmc11rhh][0m
TestEndToEndDeploymentScenario 2024-08-14T17:20:06+03:00 logger.go:66: [0m[1myandex_lb_target_group.wp_tg: Creating...[0m[0m
TestEndToEndDeploymentScenario 2024-08-14T17:20:08+03:00 logger.go:66: [0m[1myandex_lb_target_group.wp_tg: Creation complete after 1s [id=enp8aj794plkf5q6fdas][0m
TestEndToEndDeploymentScenario 2024-08-14T17:20:08+03:00 logger.go:66: [0m[1myandex_lb_network_load_balancer.wp_lb: Creating...[0m[0m
TestEndToEndDeploymentScenario 2024-08-14T17:20:11+03:00 logger.go:66: [0m[1myandex_lb_network_load_balancer.wp_lb: Creation complete after 4s [id=enph1kk2ea1nr50ciiaf][0m
TestEndToEndDeploymentScenario 2024-08-14T17:20:13+03:00 logger.go:66: [0m[1myandex_mdb_mysql_cluster.wp_mysql: Still creating... [1m0s elapsed][0m[0m
TestEndToEndDeploymentScenario 2024-08-14T17:20:23+03:00 logger.go:66: [0m[1myandex_mdb_mysql_cluster.wp_mysql: Still creating... [1m10s elapsed][0m[0m
TestEndToEndDeploymentScenario 2024-08-14T17:20:33+03:00 logger.go:66: [0m[1myandex_mdb_mysql_cluster.wp_mysql: Still creating... [1m20s elapsed][0m[0m
TestEndToEndDeploymentScenario 2024-08-14T17:20:43+03:00 logger.go:66: [0m[1myandex_mdb_mysql_cluster.wp_mysql: Still creating... [1m30s elapsed][0m[0m
TestEndToEndDeploymentScenario 2024-08-14T17:20:53+03:00 logger.go:66: [0m[1myandex_mdb_mysql_cluster.wp_mysql: Still creating... [1m40s elapsed][0m[0m
TestEndToEndDeploymentScenario 2024-08-14T17:21:03+03:00 logger.go:66: [0m[1myandex_mdb_mysql_cluster.wp_mysql: Still creating... [1m50s elapsed][0m[0m
TestEndToEndDeploymentScenario 2024-08-14T17:21:13+03:00 logger.go:66: [0m[1myandex_mdb_mysql_cluster.wp_mysql: Still creating... [2m0s elapsed][0m[0m
TestEndToEndDeploymentScenario 2024-08-14T17:21:23+03:00 logger.go:66: [0m[1myandex_mdb_mysql_cluster.wp_mysql: Still creating... [2m10s elapsed][0m[0m
TestEndToEndDeploymentScenario 2024-08-14T17:21:33+03:00 logger.go:66: [0m[1myandex_mdb_mysql_cluster.wp_mysql: Still creating... [2m20s elapsed][0m[0m
TestEndToEndDeploymentScenario 2024-08-14T17:21:43+03:00 logger.go:66: [0m[1myandex_mdb_mysql_cluster.wp_mysql: Still creating... [2m30s elapsed][0m[0m
TestEndToEndDeploymentScenario 2024-08-14T17:21:53+03:00 logger.go:66: [0m[1myandex_mdb_mysql_cluster.wp_mysql: Still creating... [2m40s elapsed][0m[0m
TestEndToEndDeploymentScenario 2024-08-14T17:22:03+03:00 logger.go:66: [0m[1myandex_mdb_mysql_cluster.wp_mysql: Still creating... [2m50s elapsed][0m[0m
TestEndToEndDeploymentScenario 2024-08-14T17:22:13+03:00 logger.go:66: [0m[1myandex_mdb_mysql_cluster.wp_mysql: Still creating... [3m0s elapsed][0m[0m
TestEndToEndDeploymentScenario 2024-08-14T17:22:23+03:00 logger.go:66: [0m[1myandex_mdb_mysql_cluster.wp_mysql: Still creating... [3m10s elapsed][0m[0m
TestEndToEndDeploymentScenario 2024-08-14T17:22:33+03:00 logger.go:66: [0m[1myandex_mdb_mysql_cluster.wp_mysql: Still creating... [3m20s elapsed][0m[0m
TestEndToEndDeploymentScenario 2024-08-14T17:22:43+03:00 logger.go:66: [0m[1myandex_mdb_mysql_cluster.wp_mysql: Still creating... [3m30s elapsed][0m[0m
TestEndToEndDeploymentScenario 2024-08-14T17:22:53+03:00 logger.go:66: [0m[1myandex_mdb_mysql_cluster.wp_mysql: Still creating... [3m40s elapsed][0m[0m
TestEndToEndDeploymentScenario 2024-08-14T17:23:03+03:00 logger.go:66: [0m[1myandex_mdb_mysql_cluster.wp_mysql: Still creating... [3m50s elapsed][0m[0m
TestEndToEndDeploymentScenario 2024-08-14T17:23:13+03:00 logger.go:66: [0m[1myandex_mdb_mysql_cluster.wp_mysql: Still creating... [4m0s elapsed][0m[0m
TestEndToEndDeploymentScenario 2024-08-14T17:23:23+03:00 logger.go:66: [0m[1myandex_mdb_mysql_cluster.wp_mysql: Still creating... [4m10s elapsed][0m[0m
TestEndToEndDeploymentScenario 2024-08-14T17:23:33+03:00 logger.go:66: [0m[1myandex_mdb_mysql_cluster.wp_mysql: Still creating... [4m20s elapsed][0m[0m
TestEndToEndDeploymentScenario 2024-08-14T17:23:43+03:00 logger.go:66: [0m[1myandex_mdb_mysql_cluster.wp_mysql: Still creating... [4m30s elapsed][0m[0m
TestEndToEndDeploymentScenario 2024-08-14T17:23:53+03:00 logger.go:66: [0m[1myandex_mdb_mysql_cluster.wp_mysql: Still creating... [4m40s elapsed][0m[0m
TestEndToEndDeploymentScenario 2024-08-14T17:24:03+03:00 logger.go:66: [0m[1myandex_mdb_mysql_cluster.wp_mysql: Still creating... [4m50s elapsed][0m[0m
TestEndToEndDeploymentScenario 2024-08-14T17:24:13+03:00 logger.go:66: [0m[1myandex_mdb_mysql_cluster.wp_mysql: Still creating... [5m0s elapsed][0m[0m
TestEndToEndDeploymentScenario 2024-08-14T17:24:23+03:00 logger.go:66: [0m[1myandex_mdb_mysql_cluster.wp_mysql: Still creating... [5m10s elapsed][0m[0m
TestEndToEndDeploymentScenario 2024-08-14T17:24:33+03:00 logger.go:66: [0m[1myandex_mdb_mysql_cluster.wp_mysql: Still creating... [5m20s elapsed][0m[0m
TestEndToEndDeploymentScenario 2024-08-14T17:24:43+03:00 logger.go:66: [0m[1myandex_mdb_mysql_cluster.wp_mysql: Still creating... [5m30s elapsed][0m[0m
TestEndToEndDeploymentScenario 2024-08-14T17:24:53+03:00 logger.go:66: [0m[1myandex_mdb_mysql_cluster.wp_mysql: Still creating... [5m40s elapsed][0m[0m
TestEndToEndDeploymentScenario 2024-08-14T17:25:03+03:00 logger.go:66: [0m[1myandex_mdb_mysql_cluster.wp_mysql: Still creating... [5m50s elapsed][0m[0m
TestEndToEndDeploymentScenario 2024-08-14T17:25:13+03:00 logger.go:66: [0m[1myandex_mdb_mysql_cluster.wp_mysql: Still creating... [6m0s elapsed][0m[0m
TestEndToEndDeploymentScenario 2024-08-14T17:25:23+03:00 logger.go:66: [0m[1myandex_mdb_mysql_cluster.wp_mysql: Still creating... [6m10s elapsed][0m[0m
TestEndToEndDeploymentScenario 2024-08-14T17:25:33+03:00 logger.go:66: [0m[1myandex_mdb_mysql_cluster.wp_mysql: Still creating... [6m20s elapsed][0m[0m
TestEndToEndDeploymentScenario 2024-08-14T17:25:43+03:00 logger.go:66: [0m[1myandex_mdb_mysql_cluster.wp_mysql: Still creating... [6m30s elapsed][0m[0m
TestEndToEndDeploymentScenario 2024-08-14T17:25:53+03:00 logger.go:66: [0m[1myandex_mdb_mysql_cluster.wp_mysql: Still creating... [6m40s elapsed][0m[0m
TestEndToEndDeploymentScenario 2024-08-14T17:26:03+03:00 logger.go:66: [0m[1myandex_mdb_mysql_cluster.wp_mysql: Still creating... [6m50s elapsed][0m[0m
TestEndToEndDeploymentScenario 2024-08-14T17:26:13+03:00 logger.go:66: [0m[1myandex_mdb_mysql_cluster.wp_mysql: Still creating... [7m0s elapsed][0m[0m
TestEndToEndDeploymentScenario 2024-08-14T17:26:23+03:00 logger.go:66: [0m[1myandex_mdb_mysql_cluster.wp_mysql: Still creating... [7m10s elapsed][0m[0m
TestEndToEndDeploymentScenario 2024-08-14T17:26:33+03:00 logger.go:66: [0m[1myandex_mdb_mysql_cluster.wp_mysql: Still creating... [7m20s elapsed][0m[0m
TestEndToEndDeploymentScenario 2024-08-14T17:26:43+03:00 logger.go:66: [0m[1myandex_mdb_mysql_cluster.wp_mysql: Still creating... [7m30s elapsed][0m[0m
TestEndToEndDeploymentScenario 2024-08-14T17:26:53+03:00 logger.go:66: [0m[1myandex_mdb_mysql_cluster.wp_mysql: Still creating... [7m40s elapsed][0m[0m
TestEndToEndDeploymentScenario 2024-08-14T17:27:03+03:00 logger.go:66: [0m[1myandex_mdb_mysql_cluster.wp_mysql: Still creating... [7m50s elapsed][0m[0m
TestEndToEndDeploymentScenario 2024-08-14T17:27:13+03:00 logger.go:66: [0m[1myandex_mdb_mysql_cluster.wp_mysql: Still creating... [8m0s elapsed][0m[0m
TestEndToEndDeploymentScenario 2024-08-14T17:27:23+03:00 logger.go:66: [0m[1myandex_mdb_mysql_cluster.wp_mysql: Still creating... [8m10s elapsed][0m[0m
TestEndToEndDeploymentScenario 2024-08-14T17:27:34+03:00 logger.go:66: [0m[1myandex_mdb_mysql_cluster.wp_mysql: Still creating... [8m20s elapsed][0m[0m
TestEndToEndDeploymentScenario 2024-08-14T17:27:44+03:00 logger.go:66: [0m[1myandex_mdb_mysql_cluster.wp_mysql: Still creating... [8m30s elapsed][0m[0m
TestEndToEndDeploymentScenario 2024-08-14T17:27:54+03:00 logger.go:66: [0m[1myandex_mdb_mysql_cluster.wp_mysql: Still creating... [8m40s elapsed][0m[0m
TestEndToEndDeploymentScenario 2024-08-14T17:28:04+03:00 logger.go:66: [0m[1myandex_mdb_mysql_cluster.wp_mysql: Still creating... [8m50s elapsed][0m[0m
TestEndToEndDeploymentScenario 2024-08-14T17:28:14+03:00 logger.go:66: [0m[1myandex_mdb_mysql_cluster.wp_mysql: Still creating... [9m0s elapsed][0m[0m
TestEndToEndDeploymentScenario 2024-08-14T17:28:24+03:00 logger.go:66: [0m[1myandex_mdb_mysql_cluster.wp_mysql: Still creating... [9m10s elapsed][0m[0m
TestEndToEndDeploymentScenario 2024-08-14T17:28:34+03:00 logger.go:66: [0m[1myandex_mdb_mysql_cluster.wp_mysql: Still creating... [9m20s elapsed][0m[0m
TestEndToEndDeploymentScenario 2024-08-14T17:28:44+03:00 logger.go:66: [0m[1myandex_mdb_mysql_cluster.wp_mysql: Still creating... [9m30s elapsed][0m[0m
TestEndToEndDeploymentScenario 2024-08-14T17:28:54+03:00 logger.go:66: [0m[1myandex_mdb_mysql_cluster.wp_mysql: Still creating... [9m40s elapsed][0m[0m
TestEndToEndDeploymentScenario 2024-08-14T17:29:04+03:00 logger.go:66: [0m[1myandex_mdb_mysql_cluster.wp_mysql: Still creating... [9m50s elapsed][0m[0m
TestEndToEndDeploymentScenario 2024-08-14T17:29:14+03:00 logger.go:66: [0m[1myandex_mdb_mysql_cluster.wp_mysql: Still creating... [10m0s elapsed][0m[0m
TestEndToEndDeploymentScenario 2024-08-14T17:29:24+03:00 logger.go:66: [0m[1myandex_mdb_mysql_cluster.wp_mysql: Still creating... [10m10s elapsed][0m[0m
TestEndToEndDeploymentScenario 2024-08-14T17:29:34+03:00 logger.go:66: [0m[1myandex_mdb_mysql_cluster.wp_mysql: Still creating... [10m20s elapsed][0m[0m
TestEndToEndDeploymentScenario 2024-08-14T17:29:44+03:00 logger.go:66: [0m[1myandex_mdb_mysql_cluster.wp_mysql: Still creating... [10m30s elapsed][0m[0m
TestEndToEndDeploymentScenario 2024-08-14T17:29:54+03:00 logger.go:66: [0m[1myandex_mdb_mysql_cluster.wp_mysql: Still creating... [10m40s elapsed][0m[0m
TestEndToEndDeploymentScenario 2024-08-14T17:30:04+03:00 logger.go:66: [0m[1myandex_mdb_mysql_cluster.wp_mysql: Still creating... [10m50s elapsed][0m[0m
TestEndToEndDeploymentScenario 2024-08-14T17:30:14+03:00 logger.go:66: [0m[1myandex_mdb_mysql_cluster.wp_mysql: Still creating... [11m0s elapsed][0m[0m
TestEndToEndDeploymentScenario 2024-08-14T17:30:24+03:00 logger.go:66: [0m[1myandex_mdb_mysql_cluster.wp_mysql: Still creating... [11m10s elapsed][0m[0m
TestEndToEndDeploymentScenario 2024-08-14T17:30:34+03:00 logger.go:66: [0m[1myandex_mdb_mysql_cluster.wp_mysql: Still creating... [11m20s elapsed][0m[0m
TestEndToEndDeploymentScenario 2024-08-14T17:30:44+03:00 logger.go:66: [0m[1myandex_mdb_mysql_cluster.wp_mysql: Still creating... [11m30s elapsed][0m[0m
TestEndToEndDeploymentScenario 2024-08-14T17:30:54+03:00 logger.go:66: [0m[1myandex_mdb_mysql_cluster.wp_mysql: Still creating... [11m40s elapsed][0m[0m
TestEndToEndDeploymentScenario 2024-08-14T17:31:04+03:00 logger.go:66: [0m[1myandex_mdb_mysql_cluster.wp_mysql: Still creating... [11m50s elapsed][0m[0m
TestEndToEndDeploymentScenario 2024-08-14T17:31:14+03:00 logger.go:66: [0m[1myandex_mdb_mysql_cluster.wp_mysql: Still creating... [12m0s elapsed][0m[0m
TestEndToEndDeploymentScenario 2024-08-14T17:31:24+03:00 logger.go:66: [0m[1myandex_mdb_mysql_cluster.wp_mysql: Still creating... [12m10s elapsed][0m[0m
TestEndToEndDeploymentScenario 2024-08-14T17:31:34+03:00 logger.go:66: [0m[1myandex_mdb_mysql_cluster.wp_mysql: Still creating... [12m20s elapsed][0m[0m
TestEndToEndDeploymentScenario 2024-08-14T17:31:44+03:00 logger.go:66: [0m[1myandex_mdb_mysql_cluster.wp_mysql: Still creating... [12m30s elapsed][0m[0m
TestEndToEndDeploymentScenario 2024-08-14T17:31:54+03:00 logger.go:66: [0m[1myandex_mdb_mysql_cluster.wp_mysql: Still creating... [12m40s elapsed][0m[0m
TestEndToEndDeploymentScenario 2024-08-14T17:32:04+03:00 logger.go:66: [0m[1myandex_mdb_mysql_cluster.wp_mysql: Still creating... [12m50s elapsed][0m[0m
TestEndToEndDeploymentScenario 2024-08-14T17:32:14+03:00 logger.go:66: [0m[1myandex_mdb_mysql_cluster.wp_mysql: Still creating... [13m0s elapsed][0m[0m
TestEndToEndDeploymentScenario 2024-08-14T17:32:24+03:00 logger.go:66: [0m[1myandex_mdb_mysql_cluster.wp_mysql: Still creating... [13m10s elapsed][0m[0m
TestEndToEndDeploymentScenario 2024-08-14T17:32:34+03:00 logger.go:66: [0m[1myandex_mdb_mysql_cluster.wp_mysql: Still creating... [13m20s elapsed][0m[0m
TestEndToEndDeploymentScenario 2024-08-14T17:32:44+03:00 logger.go:66: [0m[1myandex_mdb_mysql_cluster.wp_mysql: Still creating... [13m30s elapsed][0m[0m
TestEndToEndDeploymentScenario 2024-08-14T17:32:54+03:00 logger.go:66: [0m[1myandex_mdb_mysql_cluster.wp_mysql: Still creating... [13m40s elapsed][0m[0m
TestEndToEndDeploymentScenario 2024-08-14T17:33:04+03:00 logger.go:66: [0m[1myandex_mdb_mysql_cluster.wp_mysql: Still creating... [13m50s elapsed][0m[0m
TestEndToEndDeploymentScenario 2024-08-14T17:33:14+03:00 logger.go:66: [0m[1myandex_mdb_mysql_cluster.wp_mysql: Still creating... [14m0s elapsed][0m[0m
TestEndToEndDeploymentScenario 2024-08-14T17:33:24+03:00 logger.go:66: [0m[1myandex_mdb_mysql_cluster.wp_mysql: Still creating... [14m10s elapsed][0m[0m
TestEndToEndDeploymentScenario 2024-08-14T17:33:34+03:00 logger.go:66: [0m[1myandex_mdb_mysql_cluster.wp_mysql: Still creating... [14m20s elapsed][0m[0m
TestEndToEndDeploymentScenario 2024-08-14T17:33:44+03:00 logger.go:66: [0m[1myandex_mdb_mysql_cluster.wp_mysql: Still creating... [14m30s elapsed][0m[0m
TestEndToEndDeploymentScenario 2024-08-14T17:33:54+03:00 logger.go:66: [0m[1myandex_mdb_mysql_cluster.wp_mysql: Still creating... [14m40s elapsed][0m[0m
TestEndToEndDeploymentScenario 2024-08-14T17:34:04+03:00 logger.go:66: [0m[1myandex_mdb_mysql_cluster.wp_mysql: Still creating... [14m50s elapsed][0m[0m
TestEndToEndDeploymentScenario 2024-08-14T17:34:14+03:00 logger.go:66: [0m[1myandex_mdb_mysql_cluster.wp_mysql: Still creating... [15m0s elapsed][0m[0m
TestEndToEndDeploymentScenario 2024-08-14T17:34:24+03:00 logger.go:66: [0m[1myandex_mdb_mysql_cluster.wp_mysql: Still creating... [15m10s elapsed][0m[0m
TestEndToEndDeploymentScenario 2024-08-14T17:34:34+03:00 logger.go:66: [0m[1myandex_mdb_mysql_cluster.wp_mysql: Still creating... [15m20s elapsed][0m[0m
TestEndToEndDeploymentScenario 2024-08-14T17:34:44+03:00 logger.go:66: [0m[1myandex_mdb_mysql_cluster.wp_mysql: Still creating... [15m30s elapsed][0m[0m
TestEndToEndDeploymentScenario 2024-08-14T17:34:54+03:00 logger.go:66: [0m[1myandex_mdb_mysql_cluster.wp_mysql: Still creating... [15m40s elapsed][0m[0m
TestEndToEndDeploymentScenario 2024-08-14T17:35:04+03:00 logger.go:66: [0m[1myandex_mdb_mysql_cluster.wp_mysql: Still creating... [15m50s elapsed][0m[0m
TestEndToEndDeploymentScenario 2024-08-14T17:35:14+03:00 logger.go:66: [0m[1myandex_mdb_mysql_cluster.wp_mysql: Still creating... [16m0s elapsed][0m[0m
TestEndToEndDeploymentScenario 2024-08-14T17:35:24+03:00 logger.go:66: [0m[1myandex_mdb_mysql_cluster.wp_mysql: Still creating... [16m10s elapsed][0m[0m
TestEndToEndDeploymentScenario 2024-08-14T17:35:34+03:00 logger.go:66: [0m[1myandex_mdb_mysql_cluster.wp_mysql: Still creating... [16m20s elapsed][0m[0m
TestEndToEndDeploymentScenario 2024-08-14T17:35:44+03:00 logger.go:66: [0m[1myandex_mdb_mysql_cluster.wp_mysql: Still creating... [16m30s elapsed][0m[0m
TestEndToEndDeploymentScenario 2024-08-14T17:35:54+03:00 logger.go:66: [0m[1myandex_mdb_mysql_cluster.wp_mysql: Still creating... [16m40s elapsed][0m[0m
TestEndToEndDeploymentScenario 2024-08-14T17:36:04+03:00 logger.go:66: [0m[1myandex_mdb_mysql_cluster.wp_mysql: Still creating... [16m50s elapsed][0m[0m
TestEndToEndDeploymentScenario 2024-08-14T17:36:14+03:00 logger.go:66: [0m[1myandex_mdb_mysql_cluster.wp_mysql: Still creating... [17m0s elapsed][0m[0m
TestEndToEndDeploymentScenario 2024-08-14T17:36:24+03:00 logger.go:66: [0m[1myandex_mdb_mysql_cluster.wp_mysql: Still creating... [17m10s elapsed][0m[0m
TestEndToEndDeploymentScenario 2024-08-14T17:36:34+03:00 logger.go:66: [0m[1myandex_mdb_mysql_cluster.wp_mysql: Still creating... [17m20s elapsed][0m[0m
TestEndToEndDeploymentScenario 2024-08-14T17:36:44+03:00 logger.go:66: [0m[1myandex_mdb_mysql_cluster.wp_mysql: Still creating... [17m30s elapsed][0m[0m
TestEndToEndDeploymentScenario 2024-08-14T17:36:54+03:00 logger.go:66: [0m[1myandex_mdb_mysql_cluster.wp_mysql: Still creating... [17m40s elapsed][0m[0m
TestEndToEndDeploymentScenario 2024-08-14T17:37:04+03:00 logger.go:66: [0m[1myandex_mdb_mysql_cluster.wp_mysql: Still creating... [17m50s elapsed][0m[0m
TestEndToEndDeploymentScenario 2024-08-14T17:37:14+03:00 logger.go:66: [0m[1myandex_mdb_mysql_cluster.wp_mysql: Still creating... [18m0s elapsed][0m[0m
TestEndToEndDeploymentScenario 2024-08-14T17:37:24+03:00 logger.go:66: [0m[1myandex_mdb_mysql_cluster.wp_mysql: Still creating... [18m10s elapsed][0m[0m
TestEndToEndDeploymentScenario 2024-08-14T17:37:34+03:00 logger.go:66: [0m[1myandex_mdb_mysql_cluster.wp_mysql: Still creating... [18m20s elapsed][0m[0m
TestEndToEndDeploymentScenario 2024-08-14T17:37:44+03:00 logger.go:66: [0m[1myandex_mdb_mysql_cluster.wp_mysql: Still creating... [18m30s elapsed][0m[0m
TestEndToEndDeploymentScenario 2024-08-14T17:37:54+03:00 logger.go:66: [0m[1myandex_mdb_mysql_cluster.wp_mysql: Still creating... [18m40s elapsed][0m[0m
TestEndToEndDeploymentScenario 2024-08-14T17:38:04+03:00 logger.go:66: [0m[1myandex_mdb_mysql_cluster.wp_mysql: Still creating... [18m50s elapsed][0m[0m
TestEndToEndDeploymentScenario 2024-08-14T17:38:14+03:00 logger.go:66: [0m[1myandex_mdb_mysql_cluster.wp_mysql: Still creating... [19m0s elapsed][0m[0m
TestEndToEndDeploymentScenario 2024-08-14T17:38:24+03:00 logger.go:66: [0m[1myandex_mdb_mysql_cluster.wp_mysql: Still creating... [19m10s elapsed][0m[0m
TestEndToEndDeploymentScenario 2024-08-14T17:38:34+03:00 logger.go:66: [0m[1myandex_mdb_mysql_cluster.wp_mysql: Still creating... [19m21s elapsed][0m[0m
TestEndToEndDeploymentScenario 2024-08-14T17:38:44+03:00 logger.go:66: [0m[1myandex_mdb_mysql_cluster.wp_mysql: Still creating... [19m31s elapsed][0m[0m
TestEndToEndDeploymentScenario 2024-08-14T17:38:54+03:00 logger.go:66: [0m[1myandex_mdb_mysql_cluster.wp_mysql: Still creating... [19m41s elapsed][0m[0m
TestEndToEndDeploymentScenario 2024-08-14T17:39:04+03:00 logger.go:66: [0m[1myandex_mdb_mysql_cluster.wp_mysql: Still creating... [19m51s elapsed][0m[0m
TestEndToEndDeploymentScenario 2024-08-14T17:39:14+03:00 logger.go:66: [0m[1myandex_mdb_mysql_cluster.wp_mysql: Still creating... [20m1s elapsed][0m[0m
TestEndToEndDeploymentScenario 2024-08-14T17:39:24+03:00 logger.go:66: [0m[1myandex_mdb_mysql_cluster.wp_mysql: Still creating... [20m11s elapsed][0m[0m
TestEndToEndDeploymentScenario 2024-08-14T17:39:34+03:00 logger.go:66: [0m[1myandex_mdb_mysql_cluster.wp_mysql: Still creating... [20m21s elapsed][0m[0m
TestEndToEndDeploymentScenario 2024-08-14T17:39:44+03:00 logger.go:66: [0m[1myandex_mdb_mysql_cluster.wp_mysql: Still creating... [20m31s elapsed][0m[0m
TestEndToEndDeploymentScenario 2024-08-14T17:39:53+03:00 logger.go:66: [0m[1myandex_mdb_mysql_cluster.wp_mysql: Creation complete after 20m40s [id=c9qk7088jmknniuuiqif][0m
TestEndToEndDeploymentScenario 2024-08-14T17:39:53+03:00 logger.go:66: [0m[1myandex_mdb_mysql_database.db: Creating...[0m[0m
TestEndToEndDeploymentScenario 2024-08-14T17:39:53+03:00 logger.go:66: [0m[1myandex_mdb_mysql_user.user: Creating...[0m[0m
TestEndToEndDeploymentScenario 2024-08-14T17:40:03+03:00 logger.go:66: [0m[1myandex_mdb_mysql_database.db: Still creating... [10s elapsed][0m[0m
TestEndToEndDeploymentScenario 2024-08-14T17:40:12+03:00 logger.go:66: [0m[1myandex_mdb_mysql_database.db: Creation complete after 18s [id=c9qk7088jmknniuuiqif:db][0m
TestEndToEndDeploymentScenario 2024-08-14T17:40:12+03:00 logger.go:66: [31m╷[0m[0m
TestEndToEndDeploymentScenario 2024-08-14T17:40:12+03:00 logger.go:66: [31m│[0m [0m[1m[31mError: [0m[0m[1merror while requesting API to create user for MySQL Cluster "c9qk7088jmknniuuiqif": server-request-id = 67ad1fa4-7e19-42fc-93af-d85bed266a16 server-trace-id = 7d90bd1d444781d4:4b3edd220c22bfb:7d90bd1d444781d4:1 client-request-id = 734a701d-ef4a-4749-bb59-6cee247e7792 client-trace-id = 00b139fb-96fb-4530-b219-e002a7c48c0e rpc error: code = NotFound desc = database "db" does not exist[0m
TestEndToEndDeploymentScenario 2024-08-14T17:40:12+03:00 logger.go:66: [31m│[0m [0m
TestEndToEndDeploymentScenario 2024-08-14T17:40:12+03:00 logger.go:66: [31m│[0m [0m[0m  with yandex_mdb_mysql_user.user,
TestEndToEndDeploymentScenario 2024-08-14T17:40:12+03:00 logger.go:66: [31m│[0m [0m  on db.tf line 38, in resource "yandex_mdb_mysql_user" "user":
TestEndToEndDeploymentScenario 2024-08-14T17:40:12+03:00 logger.go:66: [31m│[0m [0m  38: resource "yandex_mdb_mysql_user" "user" [4m{[0m[0m
TestEndToEndDeploymentScenario 2024-08-14T17:40:12+03:00 logger.go:66: [31m│[0m [0m
TestEndToEndDeploymentScenario 2024-08-14T17:40:12+03:00 logger.go:66: [31m╵[0m[0m
TestEndToEndDeploymentScenario 2024-08-14T17:40:12+03:00 retry.go:99: Returning due to fatal error: FatalError{Underlying: error while running command: exit status 1; [31m╷[0m[0m
[31m│[0m [0m[1m[31mError: [0m[0m[1merror while requesting API to create user for MySQL Cluster "c9qk7088jmknniuuiqif": server-request-id = 67ad1fa4-7e19-42fc-93af-d85bed266a16 server-trace-id = 7d90bd1d444781d4:4b3edd220c22bfb:7d90bd1d444781d4:1 client-request-id = 734a701d-ef4a-4749-bb59-6cee247e7792 client-trace-id = 00b139fb-96fb-4530-b219-e002a7c48c0e rpc error: code = NotFound desc = database "db" does not exist[0m
[31m│[0m [0m
[31m│[0m [0m[0m  with yandex_mdb_mysql_user.user,
[31m│[0m [0m  on db.tf line 38, in resource "yandex_mdb_mysql_user" "user":
[31m│[0m [0m  38: resource "yandex_mdb_mysql_user" "user" [4m{[0m[0m
[31m│[0m [0m
[31m╵[0m[0m}
    apply.go:15: 
        	Error Trace:	C:/Users/minia/Documents/Обучение/IaC/ДЗ/Terraform/Репозиторий/otus-terraform/vendor/github.com/gruntwork-io/terratest/modules/terraform/apply.go:15
        	            				C:/Users/minia/Documents/Обучение/IaC/ДЗ/Terraform/Репозиторий/otus-terraform/terraform/test/end2end_test.go:31
        	            				C:/Users/minia/Documents/Обучение/IaC/ДЗ/Terraform/Репозиторий/otus-terraform/vendor/github.com/gruntwork-io/terratest/modules/test-structure/test_structure.go:30
        	            				C:/Users/minia/Documents/Обучение/IaC/ДЗ/Terraform/Репозиторий/otus-terraform/terraform/test/end2end_test.go:20
        	Error:      	Received unexpected error:
        	            	FatalError{Underlying: error while running command: exit status 1; [31m╷[0m[0m
        	            	[31m│[0m [0m[1m[31mError: [0m[0m[1merror while requesting API to create user for MySQL Cluster "c9qk7088jmknniuuiqif": server-request-id = 67ad1fa4-7e19-42fc-93af-d85bed266a16 server-trace-id = 7d90bd1d444781d4:4b3edd220c22bfb:7d90bd1d444781d4:1 client-request-id = 734a701d-ef4a-4749-bb59-6cee247e7792 client-trace-id = 00b139fb-96fb-4530-b219-e002a7c48c0e rpc error: code = NotFound desc = database "db" does not exist[0m
        	            	[31m│[0m [0m
        	            	[31m│[0m [0m[0m  with yandex_mdb_mysql_user.user,
        	            	[31m│[0m [0m  on db.tf line 38, in resource "yandex_mdb_mysql_user" "user":
        	            	[31m│[0m [0m  38: resource "yandex_mdb_mysql_user" "user" [4m{[0m[0m
        	            	[31m│[0m [0m
        	            	[31m╵[0m[0m}
        	Test:       	TestEndToEndDeploymentScenario
--- FAIL: TestEndToEndDeploymentScenario (1265.20s)
FAIL
FAIL	test/terraform/test	1265.500s
FAIL
