=== RUN   TestEndToEndDeploymentScenario
TestEndToEndDeploymentScenario 2024-08-14T16:41:22+03:00 test_structure.go:29: The 'SKIP_setup' environment variable is not set, so executing stage 'setup'.
TestEndToEndDeploymentScenario 2024-08-14T16:41:22+03:00 save_test_data.go:196: Storing test data in ..\.test-data\TerraformOptions.json so it can be reused later
TestEndToEndDeploymentScenario 2024-08-14T16:41:22+03:00 save_test_data.go:200: [WARNING] The named test data at path ..\.test-data\TerraformOptions.json is non-empty. Save operation will overwrite existing value with "&{ ../ map[yc_folder:b1gusdme9cdib5es78j4] [] [] false  map[] map[] map[] 0 0s false false false false <nil> false 0 <nil> 0   false}".
.
TestEndToEndDeploymentScenario 2024-08-14T16:41:22+03:00 save_test_data.go:212: Marshalled JSON: {"TerraformBinary":"","TerraformDir":"../","Vars":{"yc_folder":"b1gusdme9cdib5es78j4"},"VarFiles":null,"Targets":null,"Lock":false,"LockTimeout":"","EnvVars":null,"BackendConfig":null,"RetryableTerraformErrors":null,"MaxRetries":0,"TimeBetweenRetries":0,"Upgrade":false,"Reconfigure":false,"MigrateState":false,"NoColor":false,"SshAgent":null,"NoStderr":false,"OutputMaxLineSize":0,"Logger":null,"Parallelism":0,"PlanFilePath":"","PluginDir":"","SetVarsAfterVarFiles":false}
TestEndToEndDeploymentScenario 2024-08-14T16:41:22+03:00 retry.go:91: terraform [init -upgrade=false]
TestEndToEndDeploymentScenario 2024-08-14T16:41:22+03:00 logger.go:66: Running command terraform with args [init -upgrade=false]
TestEndToEndDeploymentScenario 2024-08-14T16:41:23+03:00 logger.go:66: [0m[1mInitializing the backend...[0m
TestEndToEndDeploymentScenario 2024-08-14T16:41:23+03:00 logger.go:66: [0m[1mInitializing provider plugins...[0m
TestEndToEndDeploymentScenario 2024-08-14T16:41:23+03:00 logger.go:66: - Reusing previous version of yandex-cloud/yandex from the dependency lock file
TestEndToEndDeploymentScenario 2024-08-14T16:41:24+03:00 logger.go:66: - Using previously-installed yandex-cloud/yandex v0.124.0
TestEndToEndDeploymentScenario 2024-08-14T16:41:24+03:00 logger.go:66: 
TestEndToEndDeploymentScenario 2024-08-14T16:41:24+03:00 logger.go:66: [0m[1m[32mTerraform has been successfully initialized![0m[32m[0m
TestEndToEndDeploymentScenario 2024-08-14T16:41:24+03:00 logger.go:66: [0m[32m
TestEndToEndDeploymentScenario 2024-08-14T16:41:24+03:00 logger.go:66: You may now begin working with Terraform. Try running "terraform plan" to see
TestEndToEndDeploymentScenario 2024-08-14T16:41:24+03:00 logger.go:66: any changes that are required for your infrastructure. All Terraform commands
TestEndToEndDeploymentScenario 2024-08-14T16:41:24+03:00 logger.go:66: should now work.
TestEndToEndDeploymentScenario 2024-08-14T16:41:24+03:00 logger.go:66: 
TestEndToEndDeploymentScenario 2024-08-14T16:41:24+03:00 logger.go:66: If you ever set or change modules or backend configuration for Terraform,
TestEndToEndDeploymentScenario 2024-08-14T16:41:24+03:00 logger.go:66: rerun this command to reinitialize your working directory. If you forget, other
TestEndToEndDeploymentScenario 2024-08-14T16:41:24+03:00 logger.go:66: commands will detect it and remind you to do so if necessary.[0m
TestEndToEndDeploymentScenario 2024-08-14T16:41:24+03:00 retry.go:91: terraform [apply -input=false -auto-approve -var yc_folder=b1gusdme9cdib5es78j4 -lock=false]
TestEndToEndDeploymentScenario 2024-08-14T16:41:24+03:00 logger.go:66: Running command terraform with args [apply -input=false -auto-approve -var yc_folder=b1gusdme9cdib5es78j4 -lock=false]
TestEndToEndDeploymentScenario 2024-08-14T16:41:25+03:00 logger.go:66: 
TestEndToEndDeploymentScenario 2024-08-14T16:41:25+03:00 logger.go:66: Terraform used the selected providers to generate the following execution
TestEndToEndDeploymentScenario 2024-08-14T16:41:25+03:00 logger.go:66: plan. Resource actions are indicated with the following symbols:
TestEndToEndDeploymentScenario 2024-08-14T16:41:25+03:00 logger.go:66:   [32m+[0m create[0m
TestEndToEndDeploymentScenario 2024-08-14T16:41:25+03:00 logger.go:66: 
TestEndToEndDeploymentScenario 2024-08-14T16:41:25+03:00 logger.go:66: Terraform will perform the following actions:
TestEndToEndDeploymentScenario 2024-08-14T16:41:25+03:00 logger.go:66: 
TestEndToEndDeploymentScenario 2024-08-14T16:41:25+03:00 logger.go:66: [1m  # yandex_compute_instance.wp-app-1[0m will be created
TestEndToEndDeploymentScenario 2024-08-14T16:41:25+03:00 logger.go:66: [0m  [32m+[0m[0m resource "yandex_compute_instance" "wp-app-1" {
TestEndToEndDeploymentScenario 2024-08-14T16:41:25+03:00 logger.go:66:       [32m+[0m[0m created_at                = (known after apply)
TestEndToEndDeploymentScenario 2024-08-14T16:41:25+03:00 logger.go:66:       [32m+[0m[0m folder_id                 = (known after apply)
TestEndToEndDeploymentScenario 2024-08-14T16:41:25+03:00 logger.go:66:       [32m+[0m[0m fqdn                      = (known after apply)
TestEndToEndDeploymentScenario 2024-08-14T16:41:25+03:00 logger.go:66:       [32m+[0m[0m gpu_cluster_id            = (known after apply)
TestEndToEndDeploymentScenario 2024-08-14T16:41:25+03:00 logger.go:66:       [32m+[0m[0m hostname                  = (known after apply)
TestEndToEndDeploymentScenario 2024-08-14T16:41:25+03:00 logger.go:66:       [32m+[0m[0m id                        = (known after apply)
TestEndToEndDeploymentScenario 2024-08-14T16:41:25+03:00 logger.go:66:       [32m+[0m[0m maintenance_grace_period  = (known after apply)
TestEndToEndDeploymentScenario 2024-08-14T16:41:25+03:00 logger.go:66:       [32m+[0m[0m maintenance_policy        = (known after apply)
TestEndToEndDeploymentScenario 2024-08-14T16:41:25+03:00 logger.go:66:       [32m+[0m[0m metadata                  = {
TestEndToEndDeploymentScenario 2024-08-14T16:41:25+03:00 logger.go:66:           [32m+[0m[0m "ssh-keys" = <<-EOT
TestEndToEndDeploymentScenario 2024-08-14T16:41:25+03:00 logger.go:66:                 ubuntu:ssh-rsa AAAAB3NzaC1yc2EAAAADAQABAAACAQDjFppsd2T2Y3pETJbGMbuArtxmskxSkXE8u7qkdOO+zYSc49RVIQUpDbN3E0GgjEXcQJ73j3UpFDgbYXGJyPoInCuPVYr2Vm6MqK2TX1D3UOpWl8KFDBbLJfrAdjEKlqUfBggfmqZXX5uHUxlRf1uYJq2QjDTDNW1rmWS4vsewhb7nlxiOTzEymnch9SdnZlF2mYws7r6Iaxf2GdsCfVPUPWTdCgx7R4MpfXkpnyBWEHI7ibeEdCB3YEGQuvamLSLQecblu3/88I1JzaPznSMCSYSDl8agB6LkqIg92ZGKkLeoTXBaPvgXiQMAXSWR/c6hQU+TD65bOpvY86oND9zciMhajDUTfhtTKJmX2QGCAjM/JVLPm4lBhqy7aYq1PalNlUCgrgEKxDcKOyiZh1SOGNIQtimTJS4E4rHqnnxYizAG8bdF3ZATYdVJJMgixx7Hk41uw+J24rPja1INTx2BKBUzKjSoR1iQg1g7l8nkqFfnE/mL3QOffHjh2TShrx+nurVSlUG2973dgLsE7ul/rIBSv+ZWJw7NFEJBsJ7e2Xs+UPhzQTnhhxswyqwN/hnYiaIwLtb5MliG+pKTxUAorY/fD+e4MoS7NfFiP9xAhh2p25qucxsGtSijCLs54EHQIEWjRrm2lcrvXIggrlr6lNkaka9MmZ8anEVGWpH0Xw== ubuntu@89.169.143.200
TestEndToEndDeploymentScenario 2024-08-14T16:41:25+03:00 logger.go:66:             EOT
TestEndToEndDeploymentScenario 2024-08-14T16:41:25+03:00 logger.go:66:         }
TestEndToEndDeploymentScenario 2024-08-14T16:41:25+03:00 logger.go:66:       [32m+[0m[0m name                      = "wp-app-1"
TestEndToEndDeploymentScenario 2024-08-14T16:41:25+03:00 logger.go:66:       [32m+[0m[0m network_acceleration_type = "standard"
TestEndToEndDeploymentScenario 2024-08-14T16:41:25+03:00 logger.go:66:       [32m+[0m[0m platform_id               = "standard-v1"
TestEndToEndDeploymentScenario 2024-08-14T16:41:25+03:00 logger.go:66:       [32m+[0m[0m service_account_id        = (known after apply)
TestEndToEndDeploymentScenario 2024-08-14T16:41:25+03:00 logger.go:66:       [32m+[0m[0m status                    = (known after apply)
TestEndToEndDeploymentScenario 2024-08-14T16:41:25+03:00 logger.go:66:       [32m+[0m[0m zone                      = "ru-central1-a"
TestEndToEndDeploymentScenario 2024-08-14T16:41:25+03:00 logger.go:66: 
TestEndToEndDeploymentScenario 2024-08-14T16:41:25+03:00 logger.go:66:       [32m+[0m[0m boot_disk {
TestEndToEndDeploymentScenario 2024-08-14T16:41:25+03:00 logger.go:66:           [32m+[0m[0m auto_delete = true
TestEndToEndDeploymentScenario 2024-08-14T16:41:25+03:00 logger.go:66:           [32m+[0m[0m device_name = (known after apply)
TestEndToEndDeploymentScenario 2024-08-14T16:41:25+03:00 logger.go:66:           [32m+[0m[0m disk_id     = (known after apply)
TestEndToEndDeploymentScenario 2024-08-14T16:41:25+03:00 logger.go:66:           [32m+[0m[0m mode        = (known after apply)
TestEndToEndDeploymentScenario 2024-08-14T16:41:25+03:00 logger.go:66: 
TestEndToEndDeploymentScenario 2024-08-14T16:41:25+03:00 logger.go:66:           [32m+[0m[0m initialize_params {
TestEndToEndDeploymentScenario 2024-08-14T16:41:25+03:00 logger.go:66:               [32m+[0m[0m block_size  = (known after apply)
TestEndToEndDeploymentScenario 2024-08-14T16:41:25+03:00 logger.go:66:               [32m+[0m[0m description = (known after apply)
TestEndToEndDeploymentScenario 2024-08-14T16:41:25+03:00 logger.go:66:               [32m+[0m[0m image_id    = "fd80viupr3qjr5g6g9du"
TestEndToEndDeploymentScenario 2024-08-14T16:41:25+03:00 logger.go:66:               [32m+[0m[0m name        = (known after apply)
TestEndToEndDeploymentScenario 2024-08-14T16:41:25+03:00 logger.go:66:               [32m+[0m[0m size        = (known after apply)
TestEndToEndDeploymentScenario 2024-08-14T16:41:25+03:00 logger.go:66:               [32m+[0m[0m snapshot_id = (known after apply)
TestEndToEndDeploymentScenario 2024-08-14T16:41:25+03:00 logger.go:66:               [32m+[0m[0m type        = "network-hdd"
TestEndToEndDeploymentScenario 2024-08-14T16:41:25+03:00 logger.go:66:             }
TestEndToEndDeploymentScenario 2024-08-14T16:41:25+03:00 logger.go:66:         }
TestEndToEndDeploymentScenario 2024-08-14T16:41:25+03:00 logger.go:66: 
TestEndToEndDeploymentScenario 2024-08-14T16:41:25+03:00 logger.go:66:       [32m+[0m[0m metadata_options (known after apply)
TestEndToEndDeploymentScenario 2024-08-14T16:41:25+03:00 logger.go:66: 
TestEndToEndDeploymentScenario 2024-08-14T16:41:25+03:00 logger.go:66:       [32m+[0m[0m network_interface {
TestEndToEndDeploymentScenario 2024-08-14T16:41:25+03:00 logger.go:66:           [32m+[0m[0m index              = (known after apply)
TestEndToEndDeploymentScenario 2024-08-14T16:41:25+03:00 logger.go:66:           [32m+[0m[0m ip_address         = (known after apply)
TestEndToEndDeploymentScenario 2024-08-14T16:41:25+03:00 logger.go:66:           [32m+[0m[0m ipv4               = true
TestEndToEndDeploymentScenario 2024-08-14T16:41:25+03:00 logger.go:66:           [32m+[0m[0m ipv6               = (known after apply)
TestEndToEndDeploymentScenario 2024-08-14T16:41:25+03:00 logger.go:66:           [32m+[0m[0m ipv6_address       = (known after apply)
TestEndToEndDeploymentScenario 2024-08-14T16:41:25+03:00 logger.go:66:           [32m+[0m[0m mac_address        = (known after apply)
TestEndToEndDeploymentScenario 2024-08-14T16:41:25+03:00 logger.go:66:           [32m+[0m[0m nat                = true
TestEndToEndDeploymentScenario 2024-08-14T16:41:25+03:00 logger.go:66:           [32m+[0m[0m nat_ip_address     = (known after apply)
TestEndToEndDeploymentScenario 2024-08-14T16:41:25+03:00 logger.go:66:           [32m+[0m[0m nat_ip_version     = (known after apply)
TestEndToEndDeploymentScenario 2024-08-14T16:41:25+03:00 logger.go:66:           [32m+[0m[0m security_group_ids = (known after apply)
TestEndToEndDeploymentScenario 2024-08-14T16:41:25+03:00 logger.go:66:           [32m+[0m[0m subnet_id          = (known after apply)
TestEndToEndDeploymentScenario 2024-08-14T16:41:25+03:00 logger.go:66:         }
TestEndToEndDeploymentScenario 2024-08-14T16:41:25+03:00 logger.go:66: 
TestEndToEndDeploymentScenario 2024-08-14T16:41:25+03:00 logger.go:66:       [32m+[0m[0m placement_policy (known after apply)
TestEndToEndDeploymentScenario 2024-08-14T16:41:25+03:00 logger.go:66: 
TestEndToEndDeploymentScenario 2024-08-14T16:41:25+03:00 logger.go:66:       [32m+[0m[0m resources {
TestEndToEndDeploymentScenario 2024-08-14T16:41:25+03:00 logger.go:66:           [32m+[0m[0m core_fraction = 100
TestEndToEndDeploymentScenario 2024-08-14T16:41:25+03:00 logger.go:66:           [32m+[0m[0m cores         = 2
TestEndToEndDeploymentScenario 2024-08-14T16:41:25+03:00 logger.go:66:           [32m+[0m[0m memory        = 2
TestEndToEndDeploymentScenario 2024-08-14T16:41:25+03:00 logger.go:66:         }
TestEndToEndDeploymentScenario 2024-08-14T16:41:25+03:00 logger.go:66: 
TestEndToEndDeploymentScenario 2024-08-14T16:41:25+03:00 logger.go:66:       [32m+[0m[0m scheduling_policy (known after apply)
TestEndToEndDeploymentScenario 2024-08-14T16:41:25+03:00 logger.go:66:     }
TestEndToEndDeploymentScenario 2024-08-14T16:41:25+03:00 logger.go:66: 
TestEndToEndDeploymentScenario 2024-08-14T16:41:25+03:00 logger.go:66: [1m  # yandex_compute_instance.wp-app-2[0m will be created
TestEndToEndDeploymentScenario 2024-08-14T16:41:25+03:00 logger.go:66: [0m  [32m+[0m[0m resource "yandex_compute_instance" "wp-app-2" {
TestEndToEndDeploymentScenario 2024-08-14T16:41:25+03:00 logger.go:66:       [32m+[0m[0m created_at                = (known after apply)
TestEndToEndDeploymentScenario 2024-08-14T16:41:25+03:00 logger.go:66:       [32m+[0m[0m folder_id                 = (known after apply)
TestEndToEndDeploymentScenario 2024-08-14T16:41:25+03:00 logger.go:66:       [32m+[0m[0m fqdn                      = (known after apply)
TestEndToEndDeploymentScenario 2024-08-14T16:41:25+03:00 logger.go:66:       [32m+[0m[0m gpu_cluster_id            = (known after apply)
TestEndToEndDeploymentScenario 2024-08-14T16:41:25+03:00 logger.go:66:       [32m+[0m[0m hostname                  = (known after apply)
TestEndToEndDeploymentScenario 2024-08-14T16:41:25+03:00 logger.go:66:       [32m+[0m[0m id                        = (known after apply)
TestEndToEndDeploymentScenario 2024-08-14T16:41:25+03:00 logger.go:66:       [32m+[0m[0m maintenance_grace_period  = (known after apply)
TestEndToEndDeploymentScenario 2024-08-14T16:41:25+03:00 logger.go:66:       [32m+[0m[0m maintenance_policy        = (known after apply)
TestEndToEndDeploymentScenario 2024-08-14T16:41:25+03:00 logger.go:66:       [32m+[0m[0m metadata                  = {
TestEndToEndDeploymentScenario 2024-08-14T16:41:25+03:00 logger.go:66:           [32m+[0m[0m "ssh-keys" = <<-EOT
TestEndToEndDeploymentScenario 2024-08-14T16:41:25+03:00 logger.go:66:                 ubuntu:ssh-rsa AAAAB3NzaC1yc2EAAAADAQABAAACAQDjFppsd2T2Y3pETJbGMbuArtxmskxSkXE8u7qkdOO+zYSc49RVIQUpDbN3E0GgjEXcQJ73j3UpFDgbYXGJyPoInCuPVYr2Vm6MqK2TX1D3UOpWl8KFDBbLJfrAdjEKlqUfBggfmqZXX5uHUxlRf1uYJq2QjDTDNW1rmWS4vsewhb7nlxiOTzEymnch9SdnZlF2mYws7r6Iaxf2GdsCfVPUPWTdCgx7R4MpfXkpnyBWEHI7ibeEdCB3YEGQuvamLSLQecblu3/88I1JzaPznSMCSYSDl8agB6LkqIg92ZGKkLeoTXBaPvgXiQMAXSWR/c6hQU+TD65bOpvY86oND9zciMhajDUTfhtTKJmX2QGCAjM/JVLPm4lBhqy7aYq1PalNlUCgrgEKxDcKOyiZh1SOGNIQtimTJS4E4rHqnnxYizAG8bdF3ZATYdVJJMgixx7Hk41uw+J24rPja1INTx2BKBUzKjSoR1iQg1g7l8nkqFfnE/mL3QOffHjh2TShrx+nurVSlUG2973dgLsE7ul/rIBSv+ZWJw7NFEJBsJ7e2Xs+UPhzQTnhhxswyqwN/hnYiaIwLtb5MliG+pKTxUAorY/fD+e4MoS7NfFiP9xAhh2p25qucxsGtSijCLs54EHQIEWjRrm2lcrvXIggrlr6lNkaka9MmZ8anEVGWpH0Xw== ubuntu@89.169.143.200
TestEndToEndDeploymentScenario 2024-08-14T16:41:25+03:00 logger.go:66:             EOT
TestEndToEndDeploymentScenario 2024-08-14T16:41:25+03:00 logger.go:66:         }
TestEndToEndDeploymentScenario 2024-08-14T16:41:25+03:00 logger.go:66:       [32m+[0m[0m name                      = "wp-app-2"
TestEndToEndDeploymentScenario 2024-08-14T16:41:25+03:00 logger.go:66:       [32m+[0m[0m network_acceleration_type = "standard"
TestEndToEndDeploymentScenario 2024-08-14T16:41:25+03:00 logger.go:66:       [32m+[0m[0m platform_id               = "standard-v1"
TestEndToEndDeploymentScenario 2024-08-14T16:41:25+03:00 logger.go:66:       [32m+[0m[0m service_account_id        = (known after apply)
TestEndToEndDeploymentScenario 2024-08-14T16:41:25+03:00 logger.go:66:       [32m+[0m[0m status                    = (known after apply)
TestEndToEndDeploymentScenario 2024-08-14T16:41:25+03:00 logger.go:66:       [32m+[0m[0m zone                      = "ru-central1-b"
TestEndToEndDeploymentScenario 2024-08-14T16:41:25+03:00 logger.go:66: 
TestEndToEndDeploymentScenario 2024-08-14T16:41:25+03:00 logger.go:66:       [32m+[0m[0m boot_disk {
TestEndToEndDeploymentScenario 2024-08-14T16:41:25+03:00 logger.go:66:           [32m+[0m[0m auto_delete = true
TestEndToEndDeploymentScenario 2024-08-14T16:41:25+03:00 logger.go:66:           [32m+[0m[0m device_name = (known after apply)
TestEndToEndDeploymentScenario 2024-08-14T16:41:25+03:00 logger.go:66:           [32m+[0m[0m disk_id     = (known after apply)
TestEndToEndDeploymentScenario 2024-08-14T16:41:25+03:00 logger.go:66:           [32m+[0m[0m mode        = (known after apply)
TestEndToEndDeploymentScenario 2024-08-14T16:41:25+03:00 logger.go:66: 
TestEndToEndDeploymentScenario 2024-08-14T16:41:25+03:00 logger.go:66:           [32m+[0m[0m initialize_params {
TestEndToEndDeploymentScenario 2024-08-14T16:41:25+03:00 logger.go:66:               [32m+[0m[0m block_size  = (known after apply)
TestEndToEndDeploymentScenario 2024-08-14T16:41:25+03:00 logger.go:66:               [32m+[0m[0m description = (known after apply)
TestEndToEndDeploymentScenario 2024-08-14T16:41:25+03:00 logger.go:66:               [32m+[0m[0m image_id    = "fd80viupr3qjr5g6g9du"
TestEndToEndDeploymentScenario 2024-08-14T16:41:25+03:00 logger.go:66:               [32m+[0m[0m name        = (known after apply)
TestEndToEndDeploymentScenario 2024-08-14T16:41:25+03:00 logger.go:66:               [32m+[0m[0m size        = (known after apply)
TestEndToEndDeploymentScenario 2024-08-14T16:41:25+03:00 logger.go:66:               [32m+[0m[0m snapshot_id = (known after apply)
TestEndToEndDeploymentScenario 2024-08-14T16:41:25+03:00 logger.go:66:               [32m+[0m[0m type        = "network-hdd"
TestEndToEndDeploymentScenario 2024-08-14T16:41:25+03:00 logger.go:66:             }
TestEndToEndDeploymentScenario 2024-08-14T16:41:25+03:00 logger.go:66:         }
TestEndToEndDeploymentScenario 2024-08-14T16:41:25+03:00 logger.go:66: 
TestEndToEndDeploymentScenario 2024-08-14T16:41:25+03:00 logger.go:66:       [32m+[0m[0m metadata_options (known after apply)
TestEndToEndDeploymentScenario 2024-08-14T16:41:25+03:00 logger.go:66: 
TestEndToEndDeploymentScenario 2024-08-14T16:41:25+03:00 logger.go:66:       [32m+[0m[0m network_interface {
TestEndToEndDeploymentScenario 2024-08-14T16:41:25+03:00 logger.go:66:           [32m+[0m[0m index              = (known after apply)
TestEndToEndDeploymentScenario 2024-08-14T16:41:25+03:00 logger.go:66:           [32m+[0m[0m ip_address         = (known after apply)
TestEndToEndDeploymentScenario 2024-08-14T16:41:25+03:00 logger.go:66:           [32m+[0m[0m ipv4               = true
TestEndToEndDeploymentScenario 2024-08-14T16:41:25+03:00 logger.go:66:           [32m+[0m[0m ipv6               = (known after apply)
TestEndToEndDeploymentScenario 2024-08-14T16:41:25+03:00 logger.go:66:           [32m+[0m[0m ipv6_address       = (known after apply)
TestEndToEndDeploymentScenario 2024-08-14T16:41:25+03:00 logger.go:66:           [32m+[0m[0m mac_address        = (known after apply)
TestEndToEndDeploymentScenario 2024-08-14T16:41:25+03:00 logger.go:66:           [32m+[0m[0m nat                = true
TestEndToEndDeploymentScenario 2024-08-14T16:41:25+03:00 logger.go:66:           [32m+[0m[0m nat_ip_address     = (known after apply)
TestEndToEndDeploymentScenario 2024-08-14T16:41:25+03:00 logger.go:66:           [32m+[0m[0m nat_ip_version     = (known after apply)
TestEndToEndDeploymentScenario 2024-08-14T16:41:25+03:00 logger.go:66:           [32m+[0m[0m security_group_ids = (known after apply)
TestEndToEndDeploymentScenario 2024-08-14T16:41:25+03:00 logger.go:66:           [32m+[0m[0m subnet_id          = (known after apply)
TestEndToEndDeploymentScenario 2024-08-14T16:41:25+03:00 logger.go:66:         }
TestEndToEndDeploymentScenario 2024-08-14T16:41:25+03:00 logger.go:66: 
TestEndToEndDeploymentScenario 2024-08-14T16:41:25+03:00 logger.go:66:       [32m+[0m[0m placement_policy (known after apply)
TestEndToEndDeploymentScenario 2024-08-14T16:41:25+03:00 logger.go:66: 
TestEndToEndDeploymentScenario 2024-08-14T16:41:25+03:00 logger.go:66:       [32m+[0m[0m resources {
TestEndToEndDeploymentScenario 2024-08-14T16:41:25+03:00 logger.go:66:           [32m+[0m[0m core_fraction = 100
TestEndToEndDeploymentScenario 2024-08-14T16:41:25+03:00 logger.go:66:           [32m+[0m[0m cores         = 2
TestEndToEndDeploymentScenario 2024-08-14T16:41:25+03:00 logger.go:66:           [32m+[0m[0m memory        = 2
TestEndToEndDeploymentScenario 2024-08-14T16:41:25+03:00 logger.go:66:         }
TestEndToEndDeploymentScenario 2024-08-14T16:41:25+03:00 logger.go:66: 
TestEndToEndDeploymentScenario 2024-08-14T16:41:25+03:00 logger.go:66:       [32m+[0m[0m scheduling_policy (known after apply)
TestEndToEndDeploymentScenario 2024-08-14T16:41:25+03:00 logger.go:66:     }
TestEndToEndDeploymentScenario 2024-08-14T16:41:25+03:00 logger.go:66: 
TestEndToEndDeploymentScenario 2024-08-14T16:41:25+03:00 logger.go:66: [1m  # yandex_lb_network_load_balancer.wp_lb[0m will be created
TestEndToEndDeploymentScenario 2024-08-14T16:41:25+03:00 logger.go:66: [0m  [32m+[0m[0m resource "yandex_lb_network_load_balancer" "wp_lb" {
TestEndToEndDeploymentScenario 2024-08-14T16:41:25+03:00 logger.go:66:       [32m+[0m[0m created_at          = (known after apply)
TestEndToEndDeploymentScenario 2024-08-14T16:41:25+03:00 logger.go:66:       [32m+[0m[0m deletion_protection = (known after apply)
TestEndToEndDeploymentScenario 2024-08-14T16:41:25+03:00 logger.go:66:       [32m+[0m[0m folder_id           = (known after apply)
TestEndToEndDeploymentScenario 2024-08-14T16:41:25+03:00 logger.go:66:       [32m+[0m[0m id                  = (known after apply)
TestEndToEndDeploymentScenario 2024-08-14T16:41:25+03:00 logger.go:66:       [32m+[0m[0m name                = "wp-network-load-balancer"
TestEndToEndDeploymentScenario 2024-08-14T16:41:25+03:00 logger.go:66:       [32m+[0m[0m region_id           = (known after apply)
TestEndToEndDeploymentScenario 2024-08-14T16:41:25+03:00 logger.go:66:       [32m+[0m[0m type                = "external"
TestEndToEndDeploymentScenario 2024-08-14T16:41:25+03:00 logger.go:66: 
TestEndToEndDeploymentScenario 2024-08-14T16:41:25+03:00 logger.go:66:       [32m+[0m[0m attached_target_group {
TestEndToEndDeploymentScenario 2024-08-14T16:41:25+03:00 logger.go:66:           [32m+[0m[0m target_group_id = (known after apply)
TestEndToEndDeploymentScenario 2024-08-14T16:41:25+03:00 logger.go:66: 
TestEndToEndDeploymentScenario 2024-08-14T16:41:25+03:00 logger.go:66:           [32m+[0m[0m healthcheck {
TestEndToEndDeploymentScenario 2024-08-14T16:41:25+03:00 logger.go:66:               [32m+[0m[0m healthy_threshold   = 2
TestEndToEndDeploymentScenario 2024-08-14T16:41:25+03:00 logger.go:66:               [32m+[0m[0m interval            = 2
TestEndToEndDeploymentScenario 2024-08-14T16:41:25+03:00 logger.go:66:               [32m+[0m[0m name                = "http"
TestEndToEndDeploymentScenario 2024-08-14T16:41:25+03:00 logger.go:66:               [32m+[0m[0m timeout             = 1
TestEndToEndDeploymentScenario 2024-08-14T16:41:25+03:00 logger.go:66:               [32m+[0m[0m unhealthy_threshold = 2
TestEndToEndDeploymentScenario 2024-08-14T16:41:25+03:00 logger.go:66: 
TestEndToEndDeploymentScenario 2024-08-14T16:41:25+03:00 logger.go:66:               [32m+[0m[0m http_options {
TestEndToEndDeploymentScenario 2024-08-14T16:41:25+03:00 logger.go:66:                   [32m+[0m[0m path = "/health"
TestEndToEndDeploymentScenario 2024-08-14T16:41:25+03:00 logger.go:66:                   [32m+[0m[0m port = 80
TestEndToEndDeploymentScenario 2024-08-14T16:41:25+03:00 logger.go:66:                 }
TestEndToEndDeploymentScenario 2024-08-14T16:41:25+03:00 logger.go:66:             }
TestEndToEndDeploymentScenario 2024-08-14T16:41:25+03:00 logger.go:66:         }
TestEndToEndDeploymentScenario 2024-08-14T16:41:25+03:00 logger.go:66: 
TestEndToEndDeploymentScenario 2024-08-14T16:41:25+03:00 logger.go:66:       [32m+[0m[0m listener {
TestEndToEndDeploymentScenario 2024-08-14T16:41:25+03:00 logger.go:66:           [32m+[0m[0m name        = "wp-listener"
TestEndToEndDeploymentScenario 2024-08-14T16:41:25+03:00 logger.go:66:           [32m+[0m[0m port        = 80
TestEndToEndDeploymentScenario 2024-08-14T16:41:25+03:00 logger.go:66:           [32m+[0m[0m protocol    = (known after apply)
TestEndToEndDeploymentScenario 2024-08-14T16:41:25+03:00 logger.go:66:           [32m+[0m[0m target_port = (known after apply)
TestEndToEndDeploymentScenario 2024-08-14T16:41:25+03:00 logger.go:66: 
TestEndToEndDeploymentScenario 2024-08-14T16:41:25+03:00 logger.go:66:           [32m+[0m[0m external_address_spec {
TestEndToEndDeploymentScenario 2024-08-14T16:41:25+03:00 logger.go:66:               [32m+[0m[0m address    = (known after apply)
TestEndToEndDeploymentScenario 2024-08-14T16:41:25+03:00 logger.go:66:               [32m+[0m[0m ip_version = "ipv4"
TestEndToEndDeploymentScenario 2024-08-14T16:41:25+03:00 logger.go:66:             }
TestEndToEndDeploymentScenario 2024-08-14T16:41:25+03:00 logger.go:66:         }
TestEndToEndDeploymentScenario 2024-08-14T16:41:25+03:00 logger.go:66:     }
TestEndToEndDeploymentScenario 2024-08-14T16:41:25+03:00 logger.go:66: 
TestEndToEndDeploymentScenario 2024-08-14T16:41:25+03:00 logger.go:66: [1m  # yandex_lb_target_group.wp_tg[0m will be created
TestEndToEndDeploymentScenario 2024-08-14T16:41:25+03:00 logger.go:66: [0m  [32m+[0m[0m resource "yandex_lb_target_group" "wp_tg" {
TestEndToEndDeploymentScenario 2024-08-14T16:41:25+03:00 logger.go:66:       [32m+[0m[0m created_at = (known after apply)
TestEndToEndDeploymentScenario 2024-08-14T16:41:25+03:00 logger.go:66:       [32m+[0m[0m folder_id  = (known after apply)
TestEndToEndDeploymentScenario 2024-08-14T16:41:25+03:00 logger.go:66:       [32m+[0m[0m id         = (known after apply)
TestEndToEndDeploymentScenario 2024-08-14T16:41:25+03:00 logger.go:66:       [32m+[0m[0m name       = "wp-target-group"
TestEndToEndDeploymentScenario 2024-08-14T16:41:25+03:00 logger.go:66:       [32m+[0m[0m region_id  = (known after apply)
TestEndToEndDeploymentScenario 2024-08-14T16:41:25+03:00 logger.go:66: 
TestEndToEndDeploymentScenario 2024-08-14T16:41:25+03:00 logger.go:66:       [32m+[0m[0m target {
TestEndToEndDeploymentScenario 2024-08-14T16:41:25+03:00 logger.go:66:           [32m+[0m[0m address   = (known after apply)
TestEndToEndDeploymentScenario 2024-08-14T16:41:25+03:00 logger.go:66:           [32m+[0m[0m subnet_id = (known after apply)
TestEndToEndDeploymentScenario 2024-08-14T16:41:25+03:00 logger.go:66:         }
TestEndToEndDeploymentScenario 2024-08-14T16:41:25+03:00 logger.go:66:       [32m+[0m[0m target {
TestEndToEndDeploymentScenario 2024-08-14T16:41:25+03:00 logger.go:66:           [32m+[0m[0m address   = (known after apply)
TestEndToEndDeploymentScenario 2024-08-14T16:41:25+03:00 logger.go:66:           [32m+[0m[0m subnet_id = (known after apply)
TestEndToEndDeploymentScenario 2024-08-14T16:41:25+03:00 logger.go:66:         }
TestEndToEndDeploymentScenario 2024-08-14T16:41:25+03:00 logger.go:66:     }
TestEndToEndDeploymentScenario 2024-08-14T16:41:25+03:00 logger.go:66: 
TestEndToEndDeploymentScenario 2024-08-14T16:41:25+03:00 logger.go:66: [1m  # yandex_mdb_mysql_cluster.wp_mysql[0m will be created
TestEndToEndDeploymentScenario 2024-08-14T16:41:25+03:00 logger.go:66: [0m  [32m+[0m[0m resource "yandex_mdb_mysql_cluster" "wp_mysql" {
TestEndToEndDeploymentScenario 2024-08-14T16:41:25+03:00 logger.go:66:       [32m+[0m[0m allow_regeneration_host   = false
TestEndToEndDeploymentScenario 2024-08-14T16:41:25+03:00 logger.go:66:       [32m+[0m[0m backup_retain_period_days = (known after apply)
TestEndToEndDeploymentScenario 2024-08-14T16:41:25+03:00 logger.go:66:       [32m+[0m[0m created_at                = (known after apply)
TestEndToEndDeploymentScenario 2024-08-14T16:41:25+03:00 logger.go:66:       [32m+[0m[0m deletion_protection       = (known after apply)
TestEndToEndDeploymentScenario 2024-08-14T16:41:25+03:00 logger.go:66:       [32m+[0m[0m environment               = "PRODUCTION"
TestEndToEndDeploymentScenario 2024-08-14T16:41:25+03:00 logger.go:66:       [32m+[0m[0m folder_id                 = "b1gusdme9cdib5es78j4"
TestEndToEndDeploymentScenario 2024-08-14T16:41:25+03:00 logger.go:66:       [32m+[0m[0m health                    = (known after apply)
TestEndToEndDeploymentScenario 2024-08-14T16:41:25+03:00 logger.go:66:       [32m+[0m[0m host_group_ids            = (known after apply)
TestEndToEndDeploymentScenario 2024-08-14T16:41:25+03:00 logger.go:66:       [32m+[0m[0m id                        = (known after apply)
TestEndToEndDeploymentScenario 2024-08-14T16:41:25+03:00 logger.go:66:       [32m+[0m[0m mysql_config              = (known after apply)
TestEndToEndDeploymentScenario 2024-08-14T16:41:25+03:00 logger.go:66:       [32m+[0m[0m name                      = "wp-mysql"
TestEndToEndDeploymentScenario 2024-08-14T16:41:25+03:00 logger.go:66:       [32m+[0m[0m network_id                = (known after apply)
TestEndToEndDeploymentScenario 2024-08-14T16:41:25+03:00 logger.go:66:       [32m+[0m[0m status                    = (known after apply)
TestEndToEndDeploymentScenario 2024-08-14T16:41:25+03:00 logger.go:66:       [32m+[0m[0m version                   = "8.0"
TestEndToEndDeploymentScenario 2024-08-14T16:41:25+03:00 logger.go:66: 
TestEndToEndDeploymentScenario 2024-08-14T16:41:25+03:00 logger.go:66:       [32m+[0m[0m access (known after apply)
TestEndToEndDeploymentScenario 2024-08-14T16:41:25+03:00 logger.go:66: 
TestEndToEndDeploymentScenario 2024-08-14T16:41:25+03:00 logger.go:66:       [32m+[0m[0m backup_window_start (known after apply)
TestEndToEndDeploymentScenario 2024-08-14T16:41:25+03:00 logger.go:66: 
TestEndToEndDeploymentScenario 2024-08-14T16:41:25+03:00 logger.go:66:       [32m+[0m[0m host {
TestEndToEndDeploymentScenario 2024-08-14T16:41:25+03:00 logger.go:66:           [32m+[0m[0m assign_public_ip   = true
TestEndToEndDeploymentScenario 2024-08-14T16:41:25+03:00 logger.go:66:           [32m+[0m[0m fqdn               = (known after apply)
TestEndToEndDeploymentScenario 2024-08-14T16:41:25+03:00 logger.go:66:           [32m+[0m[0m replication_source = (known after apply)
TestEndToEndDeploymentScenario 2024-08-14T16:41:25+03:00 logger.go:66:           [32m+[0m[0m subnet_id          = (known after apply)
TestEndToEndDeploymentScenario 2024-08-14T16:41:25+03:00 logger.go:66:           [32m+[0m[0m zone               = "ru-central1-b"
TestEndToEndDeploymentScenario 2024-08-14T16:41:25+03:00 logger.go:66:         }
TestEndToEndDeploymentScenario 2024-08-14T16:41:25+03:00 logger.go:66:       [32m+[0m[0m host {
TestEndToEndDeploymentScenario 2024-08-14T16:41:25+03:00 logger.go:66:           [32m+[0m[0m assign_public_ip   = true
TestEndToEndDeploymentScenario 2024-08-14T16:41:25+03:00 logger.go:66:           [32m+[0m[0m fqdn               = (known after apply)
TestEndToEndDeploymentScenario 2024-08-14T16:41:25+03:00 logger.go:66:           [32m+[0m[0m replication_source = (known after apply)
TestEndToEndDeploymentScenario 2024-08-14T16:41:25+03:00 logger.go:66:           [32m+[0m[0m subnet_id          = (known after apply)
TestEndToEndDeploymentScenario 2024-08-14T16:41:25+03:00 logger.go:66:           [32m+[0m[0m zone               = "ru-central1-d"
TestEndToEndDeploymentScenario 2024-08-14T16:41:25+03:00 logger.go:66:         }
TestEndToEndDeploymentScenario 2024-08-14T16:41:25+03:00 logger.go:66: 
TestEndToEndDeploymentScenario 2024-08-14T16:41:25+03:00 logger.go:66:       [32m+[0m[0m maintenance_window (known after apply)
TestEndToEndDeploymentScenario 2024-08-14T16:41:25+03:00 logger.go:66: 
TestEndToEndDeploymentScenario 2024-08-14T16:41:25+03:00 logger.go:66:       [32m+[0m[0m performance_diagnostics (known after apply)
TestEndToEndDeploymentScenario 2024-08-14T16:41:25+03:00 logger.go:66: 
TestEndToEndDeploymentScenario 2024-08-14T16:41:25+03:00 logger.go:66:       [32m+[0m[0m resources {
TestEndToEndDeploymentScenario 2024-08-14T16:41:25+03:00 logger.go:66:           [32m+[0m[0m disk_size          = 16
TestEndToEndDeploymentScenario 2024-08-14T16:41:25+03:00 logger.go:66:           [32m+[0m[0m disk_type_id       = "network-ssd"
TestEndToEndDeploymentScenario 2024-08-14T16:41:25+03:00 logger.go:66:           [32m+[0m[0m resource_preset_id = "s2.micro"
TestEndToEndDeploymentScenario 2024-08-14T16:41:25+03:00 logger.go:66:         }
TestEndToEndDeploymentScenario 2024-08-14T16:41:25+03:00 logger.go:66:     }
TestEndToEndDeploymentScenario 2024-08-14T16:41:25+03:00 logger.go:66: 
TestEndToEndDeploymentScenario 2024-08-14T16:41:25+03:00 logger.go:66: [1m  # yandex_mdb_mysql_database.db[0m will be created
TestEndToEndDeploymentScenario 2024-08-14T16:41:25+03:00 logger.go:66: [0m  [32m+[0m[0m resource "yandex_mdb_mysql_database" "db" {
TestEndToEndDeploymentScenario 2024-08-14T16:41:25+03:00 logger.go:66:       [32m+[0m[0m cluster_id = (known after apply)
TestEndToEndDeploymentScenario 2024-08-14T16:41:25+03:00 logger.go:66:       [32m+[0m[0m id         = (known after apply)
TestEndToEndDeploymentScenario 2024-08-14T16:41:25+03:00 logger.go:66:       [32m+[0m[0m name       = "db"
TestEndToEndDeploymentScenario 2024-08-14T16:41:25+03:00 logger.go:66:     }
TestEndToEndDeploymentScenario 2024-08-14T16:41:25+03:00 logger.go:66: 
TestEndToEndDeploymentScenario 2024-08-14T16:41:25+03:00 logger.go:66: [1m  # yandex_mdb_mysql_user.user[0m will be created
TestEndToEndDeploymentScenario 2024-08-14T16:41:25+03:00 logger.go:66: [0m  [32m+[0m[0m resource "yandex_mdb_mysql_user" "user" {
TestEndToEndDeploymentScenario 2024-08-14T16:41:25+03:00 logger.go:66:       [32m+[0m[0m authentication_plugin = "MYSQL_NATIVE_PASSWORD"
TestEndToEndDeploymentScenario 2024-08-14T16:41:25+03:00 logger.go:66:       [32m+[0m[0m cluster_id            = (known after apply)
TestEndToEndDeploymentScenario 2024-08-14T16:41:25+03:00 logger.go:66:       [32m+[0m[0m global_permissions    = (known after apply)
TestEndToEndDeploymentScenario 2024-08-14T16:41:25+03:00 logger.go:66:       [32m+[0m[0m id                    = (known after apply)
TestEndToEndDeploymentScenario 2024-08-14T16:41:25+03:00 logger.go:66:       [32m+[0m[0m name                  = "user"
TestEndToEndDeploymentScenario 2024-08-14T16:41:25+03:00 logger.go:66:       [32m+[0m[0m password              = (sensitive value)
TestEndToEndDeploymentScenario 2024-08-14T16:41:25+03:00 logger.go:66: 
TestEndToEndDeploymentScenario 2024-08-14T16:41:25+03:00 logger.go:66:       [32m+[0m[0m connection_limits (known after apply)
TestEndToEndDeploymentScenario 2024-08-14T16:41:25+03:00 logger.go:66: 
TestEndToEndDeploymentScenario 2024-08-14T16:41:25+03:00 logger.go:66:       [32m+[0m[0m permission {
TestEndToEndDeploymentScenario 2024-08-14T16:41:25+03:00 logger.go:66:           [32m+[0m[0m database_name = "db"
TestEndToEndDeploymentScenario 2024-08-14T16:41:25+03:00 logger.go:66:           [32m+[0m[0m roles         = [
TestEndToEndDeploymentScenario 2024-08-14T16:41:25+03:00 logger.go:66:               [32m+[0m[0m "ALL",
TestEndToEndDeploymentScenario 2024-08-14T16:41:25+03:00 logger.go:66:             ]
TestEndToEndDeploymentScenario 2024-08-14T16:41:25+03:00 logger.go:66:         }
TestEndToEndDeploymentScenario 2024-08-14T16:41:25+03:00 logger.go:66:     }
TestEndToEndDeploymentScenario 2024-08-14T16:41:25+03:00 logger.go:66: 
TestEndToEndDeploymentScenario 2024-08-14T16:41:25+03:00 logger.go:66: [1m  # yandex_vpc_network.wp-network[0m will be created
TestEndToEndDeploymentScenario 2024-08-14T16:41:25+03:00 logger.go:66: [0m  [32m+[0m[0m resource "yandex_vpc_network" "wp-network" {
TestEndToEndDeploymentScenario 2024-08-14T16:41:25+03:00 logger.go:66:       [32m+[0m[0m created_at                = (known after apply)
TestEndToEndDeploymentScenario 2024-08-14T16:41:25+03:00 logger.go:66:       [32m+[0m[0m default_security_group_id = (known after apply)
TestEndToEndDeploymentScenario 2024-08-14T16:41:25+03:00 logger.go:66:       [32m+[0m[0m folder_id                 = (known after apply)
TestEndToEndDeploymentScenario 2024-08-14T16:41:25+03:00 logger.go:66:       [32m+[0m[0m id                        = (known after apply)
TestEndToEndDeploymentScenario 2024-08-14T16:41:25+03:00 logger.go:66:       [32m+[0m[0m labels                    = (known after apply)
TestEndToEndDeploymentScenario 2024-08-14T16:41:25+03:00 logger.go:66:       [32m+[0m[0m name                      = "wp-network"
TestEndToEndDeploymentScenario 2024-08-14T16:41:25+03:00 logger.go:66:       [32m+[0m[0m subnet_ids                = (known after apply)
TestEndToEndDeploymentScenario 2024-08-14T16:41:25+03:00 logger.go:66:     }
TestEndToEndDeploymentScenario 2024-08-14T16:41:25+03:00 logger.go:66: 
TestEndToEndDeploymentScenario 2024-08-14T16:41:25+03:00 logger.go:66: [1m  # yandex_vpc_subnet.wp-subnet-a[0m will be created
TestEndToEndDeploymentScenario 2024-08-14T16:41:25+03:00 logger.go:66: [0m  [32m+[0m[0m resource "yandex_vpc_subnet" "wp-subnet-a" {
TestEndToEndDeploymentScenario 2024-08-14T16:41:25+03:00 logger.go:66:       [32m+[0m[0m created_at     = (known after apply)
TestEndToEndDeploymentScenario 2024-08-14T16:41:25+03:00 logger.go:66:       [32m+[0m[0m folder_id      = (known after apply)
TestEndToEndDeploymentScenario 2024-08-14T16:41:25+03:00 logger.go:66:       [32m+[0m[0m id             = (known after apply)
TestEndToEndDeploymentScenario 2024-08-14T16:41:25+03:00 logger.go:66:       [32m+[0m[0m labels         = (known after apply)
TestEndToEndDeploymentScenario 2024-08-14T16:41:25+03:00 logger.go:66:       [32m+[0m[0m name           = "wp-subnet-a"
TestEndToEndDeploymentScenario 2024-08-14T16:41:25+03:00 logger.go:66:       [32m+[0m[0m network_id     = (known after apply)
TestEndToEndDeploymentScenario 2024-08-14T16:41:25+03:00 logger.go:66:       [32m+[0m[0m v4_cidr_blocks = [
TestEndToEndDeploymentScenario 2024-08-14T16:41:25+03:00 logger.go:66:           [32m+[0m[0m "10.2.0.0/16",
TestEndToEndDeploymentScenario 2024-08-14T16:41:25+03:00 logger.go:66:         ]
TestEndToEndDeploymentScenario 2024-08-14T16:41:25+03:00 logger.go:66:       [32m+[0m[0m v6_cidr_blocks = (known after apply)
TestEndToEndDeploymentScenario 2024-08-14T16:41:25+03:00 logger.go:66:       [32m+[0m[0m zone           = "ru-central1-a"
TestEndToEndDeploymentScenario 2024-08-14T16:41:25+03:00 logger.go:66:     }
TestEndToEndDeploymentScenario 2024-08-14T16:41:25+03:00 logger.go:66: 
TestEndToEndDeploymentScenario 2024-08-14T16:41:25+03:00 logger.go:66: [1m  # yandex_vpc_subnet.wp-subnet-b[0m will be created
TestEndToEndDeploymentScenario 2024-08-14T16:41:25+03:00 logger.go:66: [0m  [32m+[0m[0m resource "yandex_vpc_subnet" "wp-subnet-b" {
TestEndToEndDeploymentScenario 2024-08-14T16:41:25+03:00 logger.go:66:       [32m+[0m[0m created_at     = (known after apply)
TestEndToEndDeploymentScenario 2024-08-14T16:41:25+03:00 logger.go:66:       [32m+[0m[0m folder_id      = (known after apply)
TestEndToEndDeploymentScenario 2024-08-14T16:41:25+03:00 logger.go:66:       [32m+[0m[0m id             = (known after apply)
TestEndToEndDeploymentScenario 2024-08-14T16:41:25+03:00 logger.go:66:       [32m+[0m[0m labels         = (known after apply)
TestEndToEndDeploymentScenario 2024-08-14T16:41:25+03:00 logger.go:66:       [32m+[0m[0m name           = "wp-subnet-b"
TestEndToEndDeploymentScenario 2024-08-14T16:41:25+03:00 logger.go:66:       [32m+[0m[0m network_id     = (known after apply)
TestEndToEndDeploymentScenario 2024-08-14T16:41:25+03:00 logger.go:66:       [32m+[0m[0m v4_cidr_blocks = [
TestEndToEndDeploymentScenario 2024-08-14T16:41:25+03:00 logger.go:66:           [32m+[0m[0m "10.3.0.0/16",
TestEndToEndDeploymentScenario 2024-08-14T16:41:25+03:00 logger.go:66:         ]
TestEndToEndDeploymentScenario 2024-08-14T16:41:25+03:00 logger.go:66:       [32m+[0m[0m v6_cidr_blocks = (known after apply)
TestEndToEndDeploymentScenario 2024-08-14T16:41:25+03:00 logger.go:66:       [32m+[0m[0m zone           = "ru-central1-b"
TestEndToEndDeploymentScenario 2024-08-14T16:41:25+03:00 logger.go:66:     }
TestEndToEndDeploymentScenario 2024-08-14T16:41:25+03:00 logger.go:66: 
TestEndToEndDeploymentScenario 2024-08-14T16:41:25+03:00 logger.go:66: [1m  # yandex_vpc_subnet.wp-subnet-d[0m will be created
TestEndToEndDeploymentScenario 2024-08-14T16:41:25+03:00 logger.go:66: [0m  [32m+[0m[0m resource "yandex_vpc_subnet" "wp-subnet-d" {
TestEndToEndDeploymentScenario 2024-08-14T16:41:25+03:00 logger.go:66:       [32m+[0m[0m created_at     = (known after apply)
TestEndToEndDeploymentScenario 2024-08-14T16:41:25+03:00 logger.go:66:       [32m+[0m[0m folder_id      = (known after apply)
TestEndToEndDeploymentScenario 2024-08-14T16:41:25+03:00 logger.go:66:       [32m+[0m[0m id             = (known after apply)
TestEndToEndDeploymentScenario 2024-08-14T16:41:25+03:00 logger.go:66:       [32m+[0m[0m labels         = (known after apply)
TestEndToEndDeploymentScenario 2024-08-14T16:41:25+03:00 logger.go:66:       [32m+[0m[0m name           = "wp-subnet-d"
TestEndToEndDeploymentScenario 2024-08-14T16:41:25+03:00 logger.go:66:       [32m+[0m[0m network_id     = (known after apply)
TestEndToEndDeploymentScenario 2024-08-14T16:41:25+03:00 logger.go:66:       [32m+[0m[0m v4_cidr_blocks = [
TestEndToEndDeploymentScenario 2024-08-14T16:41:25+03:00 logger.go:66:           [32m+[0m[0m "10.4.0.0/16",
TestEndToEndDeploymentScenario 2024-08-14T16:41:25+03:00 logger.go:66:         ]
TestEndToEndDeploymentScenario 2024-08-14T16:41:25+03:00 logger.go:66:       [32m+[0m[0m v6_cidr_blocks = (known after apply)
TestEndToEndDeploymentScenario 2024-08-14T16:41:25+03:00 logger.go:66:       [32m+[0m[0m zone           = "ru-central1-d"
TestEndToEndDeploymentScenario 2024-08-14T16:41:25+03:00 logger.go:66:     }
TestEndToEndDeploymentScenario 2024-08-14T16:41:25+03:00 logger.go:66: 
TestEndToEndDeploymentScenario 2024-08-14T16:41:25+03:00 logger.go:66: [1mPlan:[0m 11 to add, 0 to change, 0 to destroy.
TestEndToEndDeploymentScenario 2024-08-14T16:41:25+03:00 logger.go:66: [0m
TestEndToEndDeploymentScenario 2024-08-14T16:41:25+03:00 logger.go:66: Changes to Outputs:
TestEndToEndDeploymentScenario 2024-08-14T16:41:25+03:00 logger.go:66:   [32m+[0m[0m database_host_fqdn         = [
TestEndToEndDeploymentScenario 2024-08-14T16:41:25+03:00 logger.go:66:       [32m+[0m[0m (known after apply),
TestEndToEndDeploymentScenario 2024-08-14T16:41:25+03:00 logger.go:66:       [32m+[0m[0m (known after apply),
TestEndToEndDeploymentScenario 2024-08-14T16:41:25+03:00 logger.go:66:     ]
TestEndToEndDeploymentScenario 2024-08-14T16:41:25+03:00 logger.go:66:   [32m+[0m[0m load_balancer_public_ip    = (known after apply)
TestEndToEndDeploymentScenario 2024-08-14T16:41:25+03:00 logger.go:66:   [32m+[0m[0m vm_linux_public_ip_address = (known after apply)
TestEndToEndDeploymentScenario 2024-08-14T16:41:25+03:00 logger.go:66: [0m[1myandex_vpc_network.wp-network: Creating...[0m[0m
TestEndToEndDeploymentScenario 2024-08-14T16:41:27+03:00 logger.go:66: [0m[1myandex_vpc_network.wp-network: Creation complete after 2s [id=enp60ol2erjvbi75bu2e][0m
TestEndToEndDeploymentScenario 2024-08-14T16:41:27+03:00 logger.go:66: [0m[1myandex_vpc_subnet.wp-subnet-d: Creating...[0m[0m
TestEndToEndDeploymentScenario 2024-08-14T16:41:27+03:00 logger.go:66: [0m[1myandex_vpc_subnet.wp-subnet-a: Creating...[0m[0m
TestEndToEndDeploymentScenario 2024-08-14T16:41:27+03:00 logger.go:66: [0m[1myandex_vpc_subnet.wp-subnet-b: Creating...[0m[0m
TestEndToEndDeploymentScenario 2024-08-14T16:41:28+03:00 logger.go:66: [0m[1myandex_vpc_subnet.wp-subnet-a: Creation complete after 0s [id=e9b7n8517s3uu18oen6e][0m
TestEndToEndDeploymentScenario 2024-08-14T16:41:28+03:00 logger.go:66: [0m[1myandex_compute_instance.wp-app-1: Creating...[0m[0m
TestEndToEndDeploymentScenario 2024-08-14T16:41:28+03:00 logger.go:66: [0m[1myandex_vpc_subnet.wp-subnet-b: Creation complete after 1s [id=e2lcltmo650i4gtt2r5s][0m
TestEndToEndDeploymentScenario 2024-08-14T16:41:28+03:00 logger.go:66: [0m[1myandex_compute_instance.wp-app-2: Creating...[0m[0m
TestEndToEndDeploymentScenario 2024-08-14T16:41:29+03:00 logger.go:66: [0m[1myandex_vpc_subnet.wp-subnet-d: Creation complete after 2s [id=fl8jtg1cm5id0hndvl2g][0m
TestEndToEndDeploymentScenario 2024-08-14T16:41:29+03:00 logger.go:66: [0m[1myandex_mdb_mysql_cluster.wp_mysql: Creating...[0m[0m
TestEndToEndDeploymentScenario 2024-08-14T16:41:38+03:00 logger.go:66: [0m[1myandex_compute_instance.wp-app-1: Still creating... [10s elapsed][0m[0m
TestEndToEndDeploymentScenario 2024-08-14T16:41:38+03:00 logger.go:66: [0m[1myandex_compute_instance.wp-app-2: Still creating... [10s elapsed][0m[0m
TestEndToEndDeploymentScenario 2024-08-14T16:41:39+03:00 logger.go:66: [0m[1myandex_mdb_mysql_cluster.wp_mysql: Still creating... [10s elapsed][0m[0m
TestEndToEndDeploymentScenario 2024-08-14T16:41:48+03:00 logger.go:66: [0m[1myandex_compute_instance.wp-app-1: Still creating... [20s elapsed][0m[0m
TestEndToEndDeploymentScenario 2024-08-14T16:41:48+03:00 logger.go:66: [0m[1myandex_compute_instance.wp-app-2: Still creating... [20s elapsed][0m[0m
TestEndToEndDeploymentScenario 2024-08-14T16:41:49+03:00 logger.go:66: [0m[1myandex_mdb_mysql_cluster.wp_mysql: Still creating... [20s elapsed][0m[0m
TestEndToEndDeploymentScenario 2024-08-14T16:41:58+03:00 logger.go:66: [0m[1myandex_compute_instance.wp-app-1: Still creating... [30s elapsed][0m[0m
TestEndToEndDeploymentScenario 2024-08-14T16:41:58+03:00 logger.go:66: [0m[1myandex_compute_instance.wp-app-2: Still creating... [30s elapsed][0m[0m
TestEndToEndDeploymentScenario 2024-08-14T16:41:59+03:00 logger.go:66: [0m[1myandex_mdb_mysql_cluster.wp_mysql: Still creating... [30s elapsed][0m[0m
TestEndToEndDeploymentScenario 2024-08-14T16:42:08+03:00 logger.go:66: [0m[1myandex_compute_instance.wp-app-1: Still creating... [40s elapsed][0m[0m
TestEndToEndDeploymentScenario 2024-08-14T16:42:08+03:00 logger.go:66: [0m[1myandex_compute_instance.wp-app-2: Still creating... [40s elapsed][0m[0m
TestEndToEndDeploymentScenario 2024-08-14T16:42:09+03:00 logger.go:66: [0m[1myandex_mdb_mysql_cluster.wp_mysql: Still creating... [40s elapsed][0m[0m
TestEndToEndDeploymentScenario 2024-08-14T16:42:12+03:00 logger.go:66: [0m[1myandex_compute_instance.wp-app-1: Creation complete after 44s [id=fhmn87hde63hjc5gjbl3][0m
TestEndToEndDeploymentScenario 2024-08-14T16:42:18+03:00 logger.go:66: [0m[1myandex_compute_instance.wp-app-2: Still creating... [50s elapsed][0m[0m
TestEndToEndDeploymentScenario 2024-08-14T16:42:19+03:00 logger.go:66: [0m[1myandex_mdb_mysql_cluster.wp_mysql: Still creating... [50s elapsed][0m[0m
TestEndToEndDeploymentScenario 2024-08-14T16:42:28+03:00 logger.go:66: [0m[1myandex_compute_instance.wp-app-2: Still creating... [1m0s elapsed][0m[0m
TestEndToEndDeploymentScenario 2024-08-14T16:42:29+03:00 logger.go:66: [0m[1myandex_mdb_mysql_cluster.wp_mysql: Still creating... [1m0s elapsed][0m[0m
TestEndToEndDeploymentScenario 2024-08-14T16:42:32+03:00 logger.go:66: [0m[1myandex_compute_instance.wp-app-2: Creation complete after 1m4s [id=epdsnv6v6voqjk6b4eee][0m
TestEndToEndDeploymentScenario 2024-08-14T16:42:32+03:00 logger.go:66: [0m[1myandex_lb_target_group.wp_tg: Creating...[0m[0m
TestEndToEndDeploymentScenario 2024-08-14T16:42:34+03:00 logger.go:66: [0m[1myandex_lb_target_group.wp_tg: Creation complete after 1s [id=enp6dsk2krgjqknkk9lo][0m
TestEndToEndDeploymentScenario 2024-08-14T16:42:34+03:00 logger.go:66: [0m[1myandex_lb_network_load_balancer.wp_lb: Creating...[0m[0m
TestEndToEndDeploymentScenario 2024-08-14T16:42:37+03:00 logger.go:66: [0m[1myandex_lb_network_load_balancer.wp_lb: Creation complete after 2s [id=enpbvt8kjpgbcair9ude][0m
TestEndToEndDeploymentScenario 2024-08-14T16:42:39+03:00 logger.go:66: [0m[1myandex_mdb_mysql_cluster.wp_mysql: Still creating... [1m10s elapsed][0m[0m
TestEndToEndDeploymentScenario 2024-08-14T16:42:49+03:00 logger.go:66: [0m[1myandex_mdb_mysql_cluster.wp_mysql: Still creating... [1m20s elapsed][0m[0m
TestEndToEndDeploymentScenario 2024-08-14T16:42:59+03:00 logger.go:66: [0m[1myandex_mdb_mysql_cluster.wp_mysql: Still creating... [1m30s elapsed][0m[0m
TestEndToEndDeploymentScenario 2024-08-14T16:43:09+03:00 logger.go:66: [0m[1myandex_mdb_mysql_cluster.wp_mysql: Still creating... [1m40s elapsed][0m[0m
TestEndToEndDeploymentScenario 2024-08-14T16:43:19+03:00 logger.go:66: [0m[1myandex_mdb_mysql_cluster.wp_mysql: Still creating... [1m50s elapsed][0m[0m
TestEndToEndDeploymentScenario 2024-08-14T16:43:29+03:00 logger.go:66: [0m[1myandex_mdb_mysql_cluster.wp_mysql: Still creating... [2m0s elapsed][0m[0m
TestEndToEndDeploymentScenario 2024-08-14T16:43:39+03:00 logger.go:66: [0m[1myandex_mdb_mysql_cluster.wp_mysql: Still creating... [2m10s elapsed][0m[0m
TestEndToEndDeploymentScenario 2024-08-14T16:43:49+03:00 logger.go:66: [0m[1myandex_mdb_mysql_cluster.wp_mysql: Still creating... [2m20s elapsed][0m[0m
TestEndToEndDeploymentScenario 2024-08-14T16:43:59+03:00 logger.go:66: [0m[1myandex_mdb_mysql_cluster.wp_mysql: Still creating... [2m30s elapsed][0m[0m
TestEndToEndDeploymentScenario 2024-08-14T16:44:09+03:00 logger.go:66: [0m[1myandex_mdb_mysql_cluster.wp_mysql: Still creating... [2m40s elapsed][0m[0m
TestEndToEndDeploymentScenario 2024-08-14T16:44:19+03:00 logger.go:66: [0m[1myandex_mdb_mysql_cluster.wp_mysql: Still creating... [2m50s elapsed][0m[0m
TestEndToEndDeploymentScenario 2024-08-14T16:44:29+03:00 logger.go:66: [0m[1myandex_mdb_mysql_cluster.wp_mysql: Still creating... [3m0s elapsed][0m[0m
TestEndToEndDeploymentScenario 2024-08-14T16:44:39+03:00 logger.go:66: [0m[1myandex_mdb_mysql_cluster.wp_mysql: Still creating... [3m10s elapsed][0m[0m
TestEndToEndDeploymentScenario 2024-08-14T16:44:49+03:00 logger.go:66: [0m[1myandex_mdb_mysql_cluster.wp_mysql: Still creating... [3m20s elapsed][0m[0m
TestEndToEndDeploymentScenario 2024-08-14T16:44:59+03:00 logger.go:66: [0m[1myandex_mdb_mysql_cluster.wp_mysql: Still creating... [3m30s elapsed][0m[0m
TestEndToEndDeploymentScenario 2024-08-14T16:45:09+03:00 logger.go:66: [0m[1myandex_mdb_mysql_cluster.wp_mysql: Still creating... [3m40s elapsed][0m[0m
TestEndToEndDeploymentScenario 2024-08-14T16:45:19+03:00 logger.go:66: [0m[1myandex_mdb_mysql_cluster.wp_mysql: Still creating... [3m50s elapsed][0m[0m
TestEndToEndDeploymentScenario 2024-08-14T16:45:29+03:00 logger.go:66: [0m[1myandex_mdb_mysql_cluster.wp_mysql: Still creating... [4m0s elapsed][0m[0m
TestEndToEndDeploymentScenario 2024-08-14T16:45:39+03:00 logger.go:66: [0m[1myandex_mdb_mysql_cluster.wp_mysql: Still creating... [4m10s elapsed][0m[0m
TestEndToEndDeploymentScenario 2024-08-14T16:45:49+03:00 logger.go:66: [0m[1myandex_mdb_mysql_cluster.wp_mysql: Still creating... [4m20s elapsed][0m[0m
TestEndToEndDeploymentScenario 2024-08-14T16:45:59+03:00 logger.go:66: [0m[1myandex_mdb_mysql_cluster.wp_mysql: Still creating... [4m30s elapsed][0m[0m
TestEndToEndDeploymentScenario 2024-08-14T16:46:09+03:00 logger.go:66: [0m[1myandex_mdb_mysql_cluster.wp_mysql: Still creating... [4m40s elapsed][0m[0m
TestEndToEndDeploymentScenario 2024-08-14T16:46:19+03:00 logger.go:66: [0m[1myandex_mdb_mysql_cluster.wp_mysql: Still creating... [4m50s elapsed][0m[0m
TestEndToEndDeploymentScenario 2024-08-14T16:46:29+03:00 logger.go:66: [0m[1myandex_mdb_mysql_cluster.wp_mysql: Still creating... [5m0s elapsed][0m[0m
TestEndToEndDeploymentScenario 2024-08-14T16:46:39+03:00 logger.go:66: [0m[1myandex_mdb_mysql_cluster.wp_mysql: Still creating... [5m10s elapsed][0m[0m
TestEndToEndDeploymentScenario 2024-08-14T16:46:49+03:00 logger.go:66: [0m[1myandex_mdb_mysql_cluster.wp_mysql: Still creating... [5m20s elapsed][0m[0m
TestEndToEndDeploymentScenario 2024-08-14T16:46:59+03:00 logger.go:66: [0m[1myandex_mdb_mysql_cluster.wp_mysql: Still creating... [5m30s elapsed][0m[0m
TestEndToEndDeploymentScenario 2024-08-14T16:47:09+03:00 logger.go:66: [0m[1myandex_mdb_mysql_cluster.wp_mysql: Still creating... [5m40s elapsed][0m[0m
TestEndToEndDeploymentScenario 2024-08-14T16:47:19+03:00 logger.go:66: [0m[1myandex_mdb_mysql_cluster.wp_mysql: Still creating... [5m50s elapsed][0m[0m
TestEndToEndDeploymentScenario 2024-08-14T16:47:29+03:00 logger.go:66: [0m[1myandex_mdb_mysql_cluster.wp_mysql: Still creating... [6m0s elapsed][0m[0m
TestEndToEndDeploymentScenario 2024-08-14T16:47:39+03:00 logger.go:66: [0m[1myandex_mdb_mysql_cluster.wp_mysql: Still creating... [6m10s elapsed][0m[0m
TestEndToEndDeploymentScenario 2024-08-14T16:47:49+03:00 logger.go:66: [0m[1myandex_mdb_mysql_cluster.wp_mysql: Still creating... [6m20s elapsed][0m[0m
TestEndToEndDeploymentScenario 2024-08-14T16:47:59+03:00 logger.go:66: [0m[1myandex_mdb_mysql_cluster.wp_mysql: Still creating... [6m30s elapsed][0m[0m
TestEndToEndDeploymentScenario 2024-08-14T16:48:09+03:00 logger.go:66: [0m[1myandex_mdb_mysql_cluster.wp_mysql: Still creating... [6m40s elapsed][0m[0m
TestEndToEndDeploymentScenario 2024-08-14T16:48:19+03:00 logger.go:66: [0m[1myandex_mdb_mysql_cluster.wp_mysql: Still creating... [6m50s elapsed][0m[0m
TestEndToEndDeploymentScenario 2024-08-14T16:48:29+03:00 logger.go:66: [0m[1myandex_mdb_mysql_cluster.wp_mysql: Still creating... [7m0s elapsed][0m[0m
TestEndToEndDeploymentScenario 2024-08-14T16:48:39+03:00 logger.go:66: [0m[1myandex_mdb_mysql_cluster.wp_mysql: Still creating... [7m10s elapsed][0m[0m
TestEndToEndDeploymentScenario 2024-08-14T16:48:49+03:00 logger.go:66: [0m[1myandex_mdb_mysql_cluster.wp_mysql: Still creating... [7m20s elapsed][0m[0m
TestEndToEndDeploymentScenario 2024-08-14T16:48:59+03:00 logger.go:66: [0m[1myandex_mdb_mysql_cluster.wp_mysql: Still creating... [7m30s elapsed][0m[0m
TestEndToEndDeploymentScenario 2024-08-14T16:49:09+03:00 logger.go:66: [0m[1myandex_mdb_mysql_cluster.wp_mysql: Still creating... [7m40s elapsed][0m[0m
TestEndToEndDeploymentScenario 2024-08-14T16:49:19+03:00 logger.go:66: [0m[1myandex_mdb_mysql_cluster.wp_mysql: Still creating... [7m50s elapsed][0m[0m
TestEndToEndDeploymentScenario 2024-08-14T16:49:29+03:00 logger.go:66: [0m[1myandex_mdb_mysql_cluster.wp_mysql: Still creating... [8m0s elapsed][0m[0m
TestEndToEndDeploymentScenario 2024-08-14T16:49:39+03:00 logger.go:66: [0m[1myandex_mdb_mysql_cluster.wp_mysql: Still creating... [8m10s elapsed][0m[0m
TestEndToEndDeploymentScenario 2024-08-14T16:49:49+03:00 logger.go:66: [0m[1myandex_mdb_mysql_cluster.wp_mysql: Still creating... [8m20s elapsed][0m[0m
TestEndToEndDeploymentScenario 2024-08-14T16:49:59+03:00 logger.go:66: [0m[1myandex_mdb_mysql_cluster.wp_mysql: Still creating... [8m30s elapsed][0m[0m
TestEndToEndDeploymentScenario 2024-08-14T16:50:09+03:00 logger.go:66: [0m[1myandex_mdb_mysql_cluster.wp_mysql: Still creating... [8m40s elapsed][0m[0m
TestEndToEndDeploymentScenario 2024-08-14T16:50:20+03:00 logger.go:66: [0m[1myandex_mdb_mysql_cluster.wp_mysql: Still creating... [8m50s elapsed][0m[0m
TestEndToEndDeploymentScenario 2024-08-14T16:50:30+03:00 logger.go:66: [0m[1myandex_mdb_mysql_cluster.wp_mysql: Still creating... [9m0s elapsed][0m[0m
TestEndToEndDeploymentScenario 2024-08-14T16:50:40+03:00 logger.go:66: [0m[1myandex_mdb_mysql_cluster.wp_mysql: Still creating... [9m10s elapsed][0m[0m
TestEndToEndDeploymentScenario 2024-08-14T16:50:50+03:00 logger.go:66: [0m[1myandex_mdb_mysql_cluster.wp_mysql: Still creating... [9m20s elapsed][0m[0m
TestEndToEndDeploymentScenario 2024-08-14T16:51:00+03:00 logger.go:66: [0m[1myandex_mdb_mysql_cluster.wp_mysql: Still creating... [9m30s elapsed][0m[0m
TestEndToEndDeploymentScenario 2024-08-14T16:51:10+03:00 logger.go:66: [0m[1myandex_mdb_mysql_cluster.wp_mysql: Still creating... [9m40s elapsed][0m[0m
TestEndToEndDeploymentScenario 2024-08-14T16:51:20+03:00 logger.go:66: [0m[1myandex_mdb_mysql_cluster.wp_mysql: Still creating... [9m50s elapsed][0m[0m
TestEndToEndDeploymentScenario 2024-08-14T16:51:30+03:00 logger.go:66: [0m[1myandex_mdb_mysql_cluster.wp_mysql: Still creating... [10m0s elapsed][0m[0m
TestEndToEndDeploymentScenario 2024-08-14T16:51:40+03:00 logger.go:66: [0m[1myandex_mdb_mysql_cluster.wp_mysql: Still creating... [10m10s elapsed][0m[0m
TestEndToEndDeploymentScenario 2024-08-14T16:51:50+03:00 logger.go:66: [0m[1myandex_mdb_mysql_cluster.wp_mysql: Still creating... [10m20s elapsed][0m[0m
TestEndToEndDeploymentScenario 2024-08-14T16:52:00+03:00 logger.go:66: [0m[1myandex_mdb_mysql_cluster.wp_mysql: Still creating... [10m30s elapsed][0m[0m
TestEndToEndDeploymentScenario 2024-08-14T16:52:10+03:00 logger.go:66: [0m[1myandex_mdb_mysql_cluster.wp_mysql: Still creating... [10m40s elapsed][0m[0m
TestEndToEndDeploymentScenario 2024-08-14T16:52:20+03:00 logger.go:66: [0m[1myandex_mdb_mysql_cluster.wp_mysql: Still creating... [10m50s elapsed][0m[0m
TestEndToEndDeploymentScenario 2024-08-14T16:52:30+03:00 logger.go:66: [0m[1myandex_mdb_mysql_cluster.wp_mysql: Still creating... [11m0s elapsed][0m[0m
TestEndToEndDeploymentScenario 2024-08-14T16:52:40+03:00 logger.go:66: [0m[1myandex_mdb_mysql_cluster.wp_mysql: Still creating... [11m10s elapsed][0m[0m
TestEndToEndDeploymentScenario 2024-08-14T16:52:50+03:00 logger.go:66: [0m[1myandex_mdb_mysql_cluster.wp_mysql: Still creating... [11m20s elapsed][0m[0m
TestEndToEndDeploymentScenario 2024-08-14T16:53:00+03:00 logger.go:66: [0m[1myandex_mdb_mysql_cluster.wp_mysql: Still creating... [11m30s elapsed][0m[0m
TestEndToEndDeploymentScenario 2024-08-14T16:53:10+03:00 logger.go:66: [0m[1myandex_mdb_mysql_cluster.wp_mysql: Still creating... [11m40s elapsed][0m[0m
TestEndToEndDeploymentScenario 2024-08-14T16:53:20+03:00 logger.go:66: [0m[1myandex_mdb_mysql_cluster.wp_mysql: Still creating... [11m50s elapsed][0m[0m
TestEndToEndDeploymentScenario 2024-08-14T16:53:30+03:00 logger.go:66: [0m[1myandex_mdb_mysql_cluster.wp_mysql: Still creating... [12m0s elapsed][0m[0m
TestEndToEndDeploymentScenario 2024-08-14T16:53:40+03:00 logger.go:66: [0m[1myandex_mdb_mysql_cluster.wp_mysql: Still creating... [12m10s elapsed][0m[0m
TestEndToEndDeploymentScenario 2024-08-14T16:53:50+03:00 logger.go:66: [0m[1myandex_mdb_mysql_cluster.wp_mysql: Still creating... [12m20s elapsed][0m[0m
TestEndToEndDeploymentScenario 2024-08-14T16:54:00+03:00 logger.go:66: [0m[1myandex_mdb_mysql_cluster.wp_mysql: Still creating... [12m30s elapsed][0m[0m
TestEndToEndDeploymentScenario 2024-08-14T16:54:10+03:00 logger.go:66: [0m[1myandex_mdb_mysql_cluster.wp_mysql: Still creating... [12m40s elapsed][0m[0m
TestEndToEndDeploymentScenario 2024-08-14T16:54:20+03:00 logger.go:66: [0m[1myandex_mdb_mysql_cluster.wp_mysql: Still creating... [12m50s elapsed][0m[0m
TestEndToEndDeploymentScenario 2024-08-14T16:54:30+03:00 logger.go:66: [0m[1myandex_mdb_mysql_cluster.wp_mysql: Still creating... [13m0s elapsed][0m[0m
TestEndToEndDeploymentScenario 2024-08-14T16:54:40+03:00 logger.go:66: [0m[1myandex_mdb_mysql_cluster.wp_mysql: Still creating... [13m10s elapsed][0m[0m
TestEndToEndDeploymentScenario 2024-08-14T16:54:50+03:00 logger.go:66: [0m[1myandex_mdb_mysql_cluster.wp_mysql: Still creating... [13m20s elapsed][0m[0m
TestEndToEndDeploymentScenario 2024-08-14T16:55:00+03:00 logger.go:66: [0m[1myandex_mdb_mysql_cluster.wp_mysql: Still creating... [13m30s elapsed][0m[0m
TestEndToEndDeploymentScenario 2024-08-14T16:55:10+03:00 logger.go:66: [0m[1myandex_mdb_mysql_cluster.wp_mysql: Still creating... [13m40s elapsed][0m[0m
TestEndToEndDeploymentScenario 2024-08-14T16:55:20+03:00 logger.go:66: [0m[1myandex_mdb_mysql_cluster.wp_mysql: Still creating... [13m50s elapsed][0m[0m
TestEndToEndDeploymentScenario 2024-08-14T16:55:30+03:00 logger.go:66: [0m[1myandex_mdb_mysql_cluster.wp_mysql: Still creating... [14m0s elapsed][0m[0m
TestEndToEndDeploymentScenario 2024-08-14T16:55:40+03:00 logger.go:66: [0m[1myandex_mdb_mysql_cluster.wp_mysql: Still creating... [14m10s elapsed][0m[0m
TestEndToEndDeploymentScenario 2024-08-14T16:55:50+03:00 logger.go:66: [0m[1myandex_mdb_mysql_cluster.wp_mysql: Still creating... [14m20s elapsed][0m[0m
TestEndToEndDeploymentScenario 2024-08-14T16:56:00+03:00 logger.go:66: [0m[1myandex_mdb_mysql_cluster.wp_mysql: Still creating... [14m30s elapsed][0m[0m
TestEndToEndDeploymentScenario 2024-08-14T16:56:10+03:00 logger.go:66: [0m[1myandex_mdb_mysql_cluster.wp_mysql: Still creating... [14m40s elapsed][0m[0m
TestEndToEndDeploymentScenario 2024-08-14T16:56:20+03:00 logger.go:66: [0m[1myandex_mdb_mysql_cluster.wp_mysql: Still creating... [14m50s elapsed][0m[0m
TestEndToEndDeploymentScenario 2024-08-14T16:56:30+03:00 logger.go:66: [0m[1myandex_mdb_mysql_cluster.wp_mysql: Still creating... [15m0s elapsed][0m[0m
TestEndToEndDeploymentScenario 2024-08-14T16:56:40+03:00 logger.go:66: [0m[1myandex_mdb_mysql_cluster.wp_mysql: Still creating... [15m10s elapsed][0m[0m
TestEndToEndDeploymentScenario 2024-08-14T16:56:46+03:00 logger.go:66: [0m[1myandex_mdb_mysql_cluster.wp_mysql: Creation complete after 15m16s [id=c9qnalc8mf9ecjbjdcug][0m
TestEndToEndDeploymentScenario 2024-08-14T16:56:46+03:00 logger.go:66: [0m[1myandex_mdb_mysql_database.db: Creating...[0m[0m
TestEndToEndDeploymentScenario 2024-08-14T16:56:46+03:00 logger.go:66: [0m[1myandex_mdb_mysql_user.user: Creating...[0m[0m
TestEndToEndDeploymentScenario 2024-08-14T16:56:56+03:00 logger.go:66: [0m[1myandex_mdb_mysql_user.user: Still creating... [10s elapsed][0m[0m
TestEndToEndDeploymentScenario 2024-08-14T16:56:56+03:00 logger.go:66: [0m[1myandex_mdb_mysql_database.db: Still creating... [10s elapsed][0m[0m
TestEndToEndDeploymentScenario 2024-08-14T16:57:03+03:00 logger.go:66: [0m[1myandex_mdb_mysql_database.db: Creation complete after 17s [id=c9qnalc8mf9ecjbjdcug:db][0m
TestEndToEndDeploymentScenario 2024-08-14T16:57:06+03:00 logger.go:66: [0m[1myandex_mdb_mysql_user.user: Still creating... [20s elapsed][0m[0m
TestEndToEndDeploymentScenario 2024-08-14T16:57:16+03:00 logger.go:66: [0m[1myandex_mdb_mysql_user.user: Still creating... [30s elapsed][0m[0m
TestEndToEndDeploymentScenario 2024-08-14T16:57:22+03:00 logger.go:66: [0m[1myandex_mdb_mysql_user.user: Creation complete after 37s [id=c9qnalc8mf9ecjbjdcug:user][0m
TestEndToEndDeploymentScenario 2024-08-14T16:57:22+03:00 logger.go:66: [0m[1m[32m
TestEndToEndDeploymentScenario 2024-08-14T16:57:22+03:00 logger.go:66: Apply complete! Resources: 11 added, 0 changed, 0 destroyed.
TestEndToEndDeploymentScenario 2024-08-14T16:57:22+03:00 logger.go:66: [0m[0m[1m[32m
TestEndToEndDeploymentScenario 2024-08-14T16:57:22+03:00 logger.go:66: Outputs:
TestEndToEndDeploymentScenario 2024-08-14T16:57:22+03:00 logger.go:66: 
TestEndToEndDeploymentScenario 2024-08-14T16:57:22+03:00 logger.go:66: [0mdatabase_host_fqdn = tolist([
TestEndToEndDeploymentScenario 2024-08-14T16:57:22+03:00 logger.go:66:   "rc1b-lewcsws8s0gbq8dm.mdb.yandexcloud.net",
TestEndToEndDeploymentScenario 2024-08-14T16:57:22+03:00 logger.go:66:   "rc1d-jy9xra7g21nmfgua.mdb.yandexcloud.net",
TestEndToEndDeploymentScenario 2024-08-14T16:57:22+03:00 logger.go:66: ])
TestEndToEndDeploymentScenario 2024-08-14T16:57:22+03:00 logger.go:66: load_balancer_public_ip = "51.250.44.35"
TestEndToEndDeploymentScenario 2024-08-14T16:57:22+03:00 logger.go:66: vm_linux_public_ip_address = "89.169.136.171"
TestEndToEndDeploymentScenario 2024-08-14T16:57:22+03:00 test_structure.go:29: The 'SKIP_validate' environment variable is not set, so executing stage 'validate'.
Run some tests...
TestEndToEndDeploymentScenario 2024-08-14T16:57:22+03:00 save_test_data.go:228: Loading test data from ..\.test-data\TerraformOptions.json
TestEndToEndDeploymentScenario 2024-08-14T16:57:22+03:00 retry.go:91: terraform [output -no-color -json load_balancer_public_ip]
TestEndToEndDeploymentScenario 2024-08-14T16:57:22+03:00 logger.go:66: Running command terraform with args [output -no-color -json load_balancer_public_ip]
TestEndToEndDeploymentScenario 2024-08-14T16:57:23+03:00 logger.go:66: "51.250.44.35"
TestEndToEndDeploymentScenario 2024-08-14T16:57:23+03:00 retry.go:91: terraform [output -no-color -json vm_linux_public_ip_address]
TestEndToEndDeploymentScenario 2024-08-14T16:57:23+03:00 logger.go:66: Running command terraform with args [output -no-color -json vm_linux_public_ip_address]
TestEndToEndDeploymentScenario 2024-08-14T16:57:23+03:00 logger.go:66: "89.169.136.171"
TestEndToEndDeploymentScenario 2024-08-14T16:57:24+03:00 test_structure.go:29: The 'SKIP_teardown' environment variable is not set, so executing stage 'teardown'.
TestEndToEndDeploymentScenario 2024-08-14T16:57:24+03:00 save_test_data.go:228: Loading test data from ..\.test-data\TerraformOptions.json
TestEndToEndDeploymentScenario 2024-08-14T16:57:24+03:00 retry.go:91: terraform [destroy -auto-approve -input=false -var yc_folder=b1gusdme9cdib5es78j4 -lock=false]
TestEndToEndDeploymentScenario 2024-08-14T16:57:24+03:00 logger.go:66: Running command terraform with args [destroy -auto-approve -input=false -var yc_folder=b1gusdme9cdib5es78j4 -lock=false]
TestEndToEndDeploymentScenario 2024-08-14T16:57:25+03:00 logger.go:66: [0m[1myandex_vpc_network.wp-network: Refreshing state... [id=enp60ol2erjvbi75bu2e][0m
TestEndToEndDeploymentScenario 2024-08-14T16:57:25+03:00 logger.go:66: [0m[1myandex_vpc_subnet.wp-subnet-a: Refreshing state... [id=e9b7n8517s3uu18oen6e][0m
TestEndToEndDeploymentScenario 2024-08-14T16:57:25+03:00 logger.go:66: [0m[1myandex_vpc_subnet.wp-subnet-d: Refreshing state... [id=fl8jtg1cm5id0hndvl2g][0m
TestEndToEndDeploymentScenario 2024-08-14T16:57:25+03:00 logger.go:66: [0m[1myandex_vpc_subnet.wp-subnet-b: Refreshing state... [id=e2lcltmo650i4gtt2r5s][0m
TestEndToEndDeploymentScenario 2024-08-14T16:57:25+03:00 logger.go:66: [0m[1myandex_compute_instance.wp-app-2: Refreshing state... [id=epdsnv6v6voqjk6b4eee][0m
TestEndToEndDeploymentScenario 2024-08-14T16:57:25+03:00 logger.go:66: [0m[1myandex_mdb_mysql_cluster.wp_mysql: Refreshing state... [id=c9qnalc8mf9ecjbjdcug][0m
TestEndToEndDeploymentScenario 2024-08-14T16:57:25+03:00 logger.go:66: [0m[1myandex_compute_instance.wp-app-1: Refreshing state... [id=fhmn87hde63hjc5gjbl3][0m
TestEndToEndDeploymentScenario 2024-08-14T16:57:26+03:00 logger.go:66: [0m[1myandex_lb_target_group.wp_tg: Refreshing state... [id=enp6dsk2krgjqknkk9lo][0m
TestEndToEndDeploymentScenario 2024-08-14T16:57:26+03:00 logger.go:66: [0m[1myandex_lb_network_load_balancer.wp_lb: Refreshing state... [id=enpbvt8kjpgbcair9ude][0m
TestEndToEndDeploymentScenario 2024-08-14T16:57:26+03:00 logger.go:66: [0m[1myandex_mdb_mysql_database.db: Refreshing state... [id=c9qnalc8mf9ecjbjdcug:db][0m
TestEndToEndDeploymentScenario 2024-08-14T16:57:26+03:00 logger.go:66: [0m[1myandex_mdb_mysql_user.user: Refreshing state... [id=c9qnalc8mf9ecjbjdcug:user][0m
TestEndToEndDeploymentScenario 2024-08-14T16:57:26+03:00 logger.go:66: 
TestEndToEndDeploymentScenario 2024-08-14T16:57:26+03:00 logger.go:66: Terraform used the selected providers to generate the following execution
TestEndToEndDeploymentScenario 2024-08-14T16:57:26+03:00 logger.go:66: plan. Resource actions are indicated with the following symbols:
TestEndToEndDeploymentScenario 2024-08-14T16:57:26+03:00 logger.go:66:   [31m-[0m destroy[0m
TestEndToEndDeploymentScenario 2024-08-14T16:57:26+03:00 logger.go:66: 
TestEndToEndDeploymentScenario 2024-08-14T16:57:26+03:00 logger.go:66: Terraform will perform the following actions:
TestEndToEndDeploymentScenario 2024-08-14T16:57:26+03:00 logger.go:66: 
TestEndToEndDeploymentScenario 2024-08-14T16:57:26+03:00 logger.go:66: [1m  # yandex_compute_instance.wp-app-1[0m will be [1m[31mdestroyed[0m
TestEndToEndDeploymentScenario 2024-08-14T16:57:26+03:00 logger.go:66: [0m  [31m-[0m[0m resource "yandex_compute_instance" "wp-app-1" {
TestEndToEndDeploymentScenario 2024-08-14T16:57:26+03:00 logger.go:66:       [31m-[0m[0m created_at                = "2024-08-14T13:41:27Z" [90m-> null[0m[0m
TestEndToEndDeploymentScenario 2024-08-14T16:57:26+03:00 logger.go:66:       [31m-[0m[0m folder_id                 = "b1gusdme9cdib5es78j4" [90m-> null[0m[0m
TestEndToEndDeploymentScenario 2024-08-14T16:57:26+03:00 logger.go:66:       [31m-[0m[0m fqdn                      = "fhmn87hde63hjc5gjbl3.auto.internal" [90m-> null[0m[0m
TestEndToEndDeploymentScenario 2024-08-14T16:57:26+03:00 logger.go:66:       [31m-[0m[0m id                        = "fhmn87hde63hjc5gjbl3" [90m-> null[0m[0m
TestEndToEndDeploymentScenario 2024-08-14T16:57:26+03:00 logger.go:66:       [31m-[0m[0m labels                    = {} [90m-> null[0m[0m
TestEndToEndDeploymentScenario 2024-08-14T16:57:26+03:00 logger.go:66:       [31m-[0m[0m metadata                  = {
TestEndToEndDeploymentScenario 2024-08-14T16:57:26+03:00 logger.go:66:           [31m-[0m[0m "ssh-keys" = <<-EOT
TestEndToEndDeploymentScenario 2024-08-14T16:57:26+03:00 logger.go:66:                 ubuntu:ssh-rsa AAAAB3NzaC1yc2EAAAADAQABAAACAQDjFppsd2T2Y3pETJbGMbuArtxmskxSkXE8u7qkdOO+zYSc49RVIQUpDbN3E0GgjEXcQJ73j3UpFDgbYXGJyPoInCuPVYr2Vm6MqK2TX1D3UOpWl8KFDBbLJfrAdjEKlqUfBggfmqZXX5uHUxlRf1uYJq2QjDTDNW1rmWS4vsewhb7nlxiOTzEymnch9SdnZlF2mYws7r6Iaxf2GdsCfVPUPWTdCgx7R4MpfXkpnyBWEHI7ibeEdCB3YEGQuvamLSLQecblu3/88I1JzaPznSMCSYSDl8agB6LkqIg92ZGKkLeoTXBaPvgXiQMAXSWR/c6hQU+TD65bOpvY86oND9zciMhajDUTfhtTKJmX2QGCAjM/JVLPm4lBhqy7aYq1PalNlUCgrgEKxDcKOyiZh1SOGNIQtimTJS4E4rHqnnxYizAG8bdF3ZATYdVJJMgixx7Hk41uw+J24rPja1INTx2BKBUzKjSoR1iQg1g7l8nkqFfnE/mL3QOffHjh2TShrx+nurVSlUG2973dgLsE7ul/rIBSv+ZWJw7NFEJBsJ7e2Xs+UPhzQTnhhxswyqwN/hnYiaIwLtb5MliG+pKTxUAorY/fD+e4MoS7NfFiP9xAhh2p25qucxsGtSijCLs54EHQIEWjRrm2lcrvXIggrlr6lNkaka9MmZ8anEVGWpH0Xw== ubuntu@89.169.143.200
TestEndToEndDeploymentScenario 2024-08-14T16:57:26+03:00 logger.go:66:             EOT
TestEndToEndDeploymentScenario 2024-08-14T16:57:26+03:00 logger.go:66:         } [90m-> null[0m[0m
TestEndToEndDeploymentScenario 2024-08-14T16:57:26+03:00 logger.go:66:       [31m-[0m[0m name                      = "wp-app-1" [90m-> null[0m[0m
TestEndToEndDeploymentScenario 2024-08-14T16:57:26+03:00 logger.go:66:       [31m-[0m[0m network_acceleration_type = "standard" [90m-> null[0m[0m
TestEndToEndDeploymentScenario 2024-08-14T16:57:26+03:00 logger.go:66:       [31m-[0m[0m platform_id               = "standard-v1" [90m-> null[0m[0m
TestEndToEndDeploymentScenario 2024-08-14T16:57:26+03:00 logger.go:66:       [31m-[0m[0m status                    = "running" [90m-> null[0m[0m
TestEndToEndDeploymentScenario 2024-08-14T16:57:26+03:00 logger.go:66:       [31m-[0m[0m zone                      = "ru-central1-a" [90m-> null[0m[0m
TestEndToEndDeploymentScenario 2024-08-14T16:57:26+03:00 logger.go:66:         [90m# (5 unchanged attributes hidden)[0m[0m
TestEndToEndDeploymentScenario 2024-08-14T16:57:26+03:00 logger.go:66: 
TestEndToEndDeploymentScenario 2024-08-14T16:57:26+03:00 logger.go:66:       [31m-[0m[0m boot_disk {
TestEndToEndDeploymentScenario 2024-08-14T16:57:26+03:00 logger.go:66:           [31m-[0m[0m auto_delete = true [90m-> null[0m[0m
TestEndToEndDeploymentScenario 2024-08-14T16:57:26+03:00 logger.go:66:           [31m-[0m[0m device_name = "fhmi8svqlde78knh68ia" [90m-> null[0m[0m
TestEndToEndDeploymentScenario 2024-08-14T16:57:26+03:00 logger.go:66:           [31m-[0m[0m disk_id     = "fhmi8svqlde78knh68ia" [90m-> null[0m[0m
TestEndToEndDeploymentScenario 2024-08-14T16:57:26+03:00 logger.go:66:           [31m-[0m[0m mode        = "READ_WRITE" [90m-> null[0m[0m
TestEndToEndDeploymentScenario 2024-08-14T16:57:26+03:00 logger.go:66: 
TestEndToEndDeploymentScenario 2024-08-14T16:57:26+03:00 logger.go:66:           [31m-[0m[0m initialize_params {
TestEndToEndDeploymentScenario 2024-08-14T16:57:26+03:00 logger.go:66:               [31m-[0m[0m block_size  = 4096 [90m-> null[0m[0m
TestEndToEndDeploymentScenario 2024-08-14T16:57:26+03:00 logger.go:66:               [31m-[0m[0m image_id    = "fd80viupr3qjr5g6g9du" [90m-> null[0m[0m
TestEndToEndDeploymentScenario 2024-08-14T16:57:26+03:00 logger.go:66:                 name        = [90mnull[0m[0m
TestEndToEndDeploymentScenario 2024-08-14T16:57:26+03:00 logger.go:66:               [31m-[0m[0m size        = 3 [90m-> null[0m[0m
TestEndToEndDeploymentScenario 2024-08-14T16:57:26+03:00 logger.go:66:               [31m-[0m[0m type        = "network-hdd" [90m-> null[0m[0m
TestEndToEndDeploymentScenario 2024-08-14T16:57:26+03:00 logger.go:66:                 [90m# (2 unchanged attributes hidden)[0m[0m
TestEndToEndDeploymentScenario 2024-08-14T16:57:26+03:00 logger.go:66:             }
TestEndToEndDeploymentScenario 2024-08-14T16:57:26+03:00 logger.go:66:         }
TestEndToEndDeploymentScenario 2024-08-14T16:57:26+03:00 logger.go:66: 
TestEndToEndDeploymentScenario 2024-08-14T16:57:26+03:00 logger.go:66:       [31m-[0m[0m metadata_options {
TestEndToEndDeploymentScenario 2024-08-14T16:57:26+03:00 logger.go:66:           [31m-[0m[0m aws_v1_http_endpoint = 1 [90m-> null[0m[0m
TestEndToEndDeploymentScenario 2024-08-14T16:57:26+03:00 logger.go:66:           [31m-[0m[0m aws_v1_http_token    = 2 [90m-> null[0m[0m
TestEndToEndDeploymentScenario 2024-08-14T16:57:26+03:00 logger.go:66:           [31m-[0m[0m gce_http_endpoint    = 1 [90m-> null[0m[0m
TestEndToEndDeploymentScenario 2024-08-14T16:57:26+03:00 logger.go:66:           [31m-[0m[0m gce_http_token       = 1 [90m-> null[0m[0m
TestEndToEndDeploymentScenario 2024-08-14T16:57:26+03:00 logger.go:66:         }
TestEndToEndDeploymentScenario 2024-08-14T16:57:26+03:00 logger.go:66: 
TestEndToEndDeploymentScenario 2024-08-14T16:57:26+03:00 logger.go:66:       [31m-[0m[0m network_interface {
TestEndToEndDeploymentScenario 2024-08-14T16:57:26+03:00 logger.go:66:           [31m-[0m[0m index              = 0 [90m-> null[0m[0m
TestEndToEndDeploymentScenario 2024-08-14T16:57:26+03:00 logger.go:66:           [31m-[0m[0m ip_address         = "10.2.0.17" [90m-> null[0m[0m
TestEndToEndDeploymentScenario 2024-08-14T16:57:26+03:00 logger.go:66:           [31m-[0m[0m ipv4               = true [90m-> null[0m[0m
TestEndToEndDeploymentScenario 2024-08-14T16:57:26+03:00 logger.go:66:           [31m-[0m[0m ipv6               = false [90m-> null[0m[0m
TestEndToEndDeploymentScenario 2024-08-14T16:57:26+03:00 logger.go:66:           [31m-[0m[0m mac_address        = "d0:0d:17:41:e2:d7" [90m-> null[0m[0m
TestEndToEndDeploymentScenario 2024-08-14T16:57:26+03:00 logger.go:66:           [31m-[0m[0m nat                = true [90m-> null[0m[0m
TestEndToEndDeploymentScenario 2024-08-14T16:57:26+03:00 logger.go:66:           [31m-[0m[0m nat_ip_address     = "89.169.136.171" [90m-> null[0m[0m
TestEndToEndDeploymentScenario 2024-08-14T16:57:26+03:00 logger.go:66:           [31m-[0m[0m nat_ip_version     = "IPV4" [90m-> null[0m[0m
TestEndToEndDeploymentScenario 2024-08-14T16:57:26+03:00 logger.go:66:           [31m-[0m[0m security_group_ids = [] [90m-> null[0m[0m
TestEndToEndDeploymentScenario 2024-08-14T16:57:26+03:00 logger.go:66:           [31m-[0m[0m subnet_id          = "e9b7n8517s3uu18oen6e" [90m-> null[0m[0m
TestEndToEndDeploymentScenario 2024-08-14T16:57:26+03:00 logger.go:66:             [90m# (1 unchanged attribute hidden)[0m[0m
TestEndToEndDeploymentScenario 2024-08-14T16:57:26+03:00 logger.go:66:         }
TestEndToEndDeploymentScenario 2024-08-14T16:57:26+03:00 logger.go:66: 
TestEndToEndDeploymentScenario 2024-08-14T16:57:26+03:00 logger.go:66:       [31m-[0m[0m placement_policy {
TestEndToEndDeploymentScenario 2024-08-14T16:57:26+03:00 logger.go:66:           [31m-[0m[0m host_affinity_rules       = [] [90m-> null[0m[0m
TestEndToEndDeploymentScenario 2024-08-14T16:57:26+03:00 logger.go:66:           [31m-[0m[0m placement_group_partition = 0 [90m-> null[0m[0m
TestEndToEndDeploymentScenario 2024-08-14T16:57:26+03:00 logger.go:66:             [90m# (1 unchanged attribute hidden)[0m[0m
TestEndToEndDeploymentScenario 2024-08-14T16:57:26+03:00 logger.go:66:         }
TestEndToEndDeploymentScenario 2024-08-14T16:57:26+03:00 logger.go:66: 
TestEndToEndDeploymentScenario 2024-08-14T16:57:26+03:00 logger.go:66:       [31m-[0m[0m resources {
TestEndToEndDeploymentScenario 2024-08-14T16:57:26+03:00 logger.go:66:           [31m-[0m[0m core_fraction = 100 [90m-> null[0m[0m
TestEndToEndDeploymentScenario 2024-08-14T16:57:26+03:00 logger.go:66:           [31m-[0m[0m cores         = 2 [90m-> null[0m[0m
TestEndToEndDeploymentScenario 2024-08-14T16:57:26+03:00 logger.go:66:           [31m-[0m[0m gpus          = 0 [90m-> null[0m[0m
TestEndToEndDeploymentScenario 2024-08-14T16:57:26+03:00 logger.go:66:           [31m-[0m[0m memory        = 2 [90m-> null[0m[0m
TestEndToEndDeploymentScenario 2024-08-14T16:57:26+03:00 logger.go:66:         }
TestEndToEndDeploymentScenario 2024-08-14T16:57:26+03:00 logger.go:66: 
TestEndToEndDeploymentScenario 2024-08-14T16:57:26+03:00 logger.go:66:       [31m-[0m[0m scheduling_policy {
TestEndToEndDeploymentScenario 2024-08-14T16:57:26+03:00 logger.go:66:           [31m-[0m[0m preemptible = false [90m-> null[0m[0m
TestEndToEndDeploymentScenario 2024-08-14T16:57:26+03:00 logger.go:66:         }
TestEndToEndDeploymentScenario 2024-08-14T16:57:26+03:00 logger.go:66:     }
TestEndToEndDeploymentScenario 2024-08-14T16:57:26+03:00 logger.go:66: 
TestEndToEndDeploymentScenario 2024-08-14T16:57:26+03:00 logger.go:66: [1m  # yandex_compute_instance.wp-app-2[0m will be [1m[31mdestroyed[0m
TestEndToEndDeploymentScenario 2024-08-14T16:57:26+03:00 logger.go:66: [0m  [31m-[0m[0m resource "yandex_compute_instance" "wp-app-2" {
TestEndToEndDeploymentScenario 2024-08-14T16:57:26+03:00 logger.go:66:       [31m-[0m[0m created_at                = "2024-08-14T13:41:27Z" [90m-> null[0m[0m
TestEndToEndDeploymentScenario 2024-08-14T16:57:26+03:00 logger.go:66:       [31m-[0m[0m folder_id                 = "b1gusdme9cdib5es78j4" [90m-> null[0m[0m
TestEndToEndDeploymentScenario 2024-08-14T16:57:26+03:00 logger.go:66:       [31m-[0m[0m fqdn                      = "epdsnv6v6voqjk6b4eee.auto.internal" [90m-> null[0m[0m
TestEndToEndDeploymentScenario 2024-08-14T16:57:26+03:00 logger.go:66:       [31m-[0m[0m id                        = "epdsnv6v6voqjk6b4eee" [90m-> null[0m[0m
TestEndToEndDeploymentScenario 2024-08-14T16:57:26+03:00 logger.go:66:       [31m-[0m[0m labels                    = {} [90m-> null[0m[0m
TestEndToEndDeploymentScenario 2024-08-14T16:57:26+03:00 logger.go:66:       [31m-[0m[0m metadata                  = {
TestEndToEndDeploymentScenario 2024-08-14T16:57:26+03:00 logger.go:66:           [31m-[0m[0m "ssh-keys" = <<-EOT
TestEndToEndDeploymentScenario 2024-08-14T16:57:26+03:00 logger.go:66:                 ubuntu:ssh-rsa AAAAB3NzaC1yc2EAAAADAQABAAACAQDjFppsd2T2Y3pETJbGMbuArtxmskxSkXE8u7qkdOO+zYSc49RVIQUpDbN3E0GgjEXcQJ73j3UpFDgbYXGJyPoInCuPVYr2Vm6MqK2TX1D3UOpWl8KFDBbLJfrAdjEKlqUfBggfmqZXX5uHUxlRf1uYJq2QjDTDNW1rmWS4vsewhb7nlxiOTzEymnch9SdnZlF2mYws7r6Iaxf2GdsCfVPUPWTdCgx7R4MpfXkpnyBWEHI7ibeEdCB3YEGQuvamLSLQecblu3/88I1JzaPznSMCSYSDl8agB6LkqIg92ZGKkLeoTXBaPvgXiQMAXSWR/c6hQU+TD65bOpvY86oND9zciMhajDUTfhtTKJmX2QGCAjM/JVLPm4lBhqy7aYq1PalNlUCgrgEKxDcKOyiZh1SOGNIQtimTJS4E4rHqnnxYizAG8bdF3ZATYdVJJMgixx7Hk41uw+J24rPja1INTx2BKBUzKjSoR1iQg1g7l8nkqFfnE/mL3QOffHjh2TShrx+nurVSlUG2973dgLsE7ul/rIBSv+ZWJw7NFEJBsJ7e2Xs+UPhzQTnhhxswyqwN/hnYiaIwLtb5MliG+pKTxUAorY/fD+e4MoS7NfFiP9xAhh2p25qucxsGtSijCLs54EHQIEWjRrm2lcrvXIggrlr6lNkaka9MmZ8anEVGWpH0Xw== ubuntu@89.169.143.200
TestEndToEndDeploymentScenario 2024-08-14T16:57:26+03:00 logger.go:66:             EOT
TestEndToEndDeploymentScenario 2024-08-14T16:57:26+03:00 logger.go:66:         } [90m-> null[0m[0m
TestEndToEndDeploymentScenario 2024-08-14T16:57:26+03:00 logger.go:66:       [31m-[0m[0m name                      = "wp-app-2" [90m-> null[0m[0m
TestEndToEndDeploymentScenario 2024-08-14T16:57:26+03:00 logger.go:66:       [31m-[0m[0m network_acceleration_type = "standard" [90m-> null[0m[0m
TestEndToEndDeploymentScenario 2024-08-14T16:57:26+03:00 logger.go:66:       [31m-[0m[0m platform_id               = "standard-v1" [90m-> null[0m[0m
TestEndToEndDeploymentScenario 2024-08-14T16:57:26+03:00 logger.go:66:       [31m-[0m[0m status                    = "running" [90m-> null[0m[0m
TestEndToEndDeploymentScenario 2024-08-14T16:57:26+03:00 logger.go:66:       [31m-[0m[0m zone                      = "ru-central1-b" [90m-> null[0m[0m
TestEndToEndDeploymentScenario 2024-08-14T16:57:26+03:00 logger.go:66:         [90m# (5 unchanged attributes hidden)[0m[0m
TestEndToEndDeploymentScenario 2024-08-14T16:57:26+03:00 logger.go:66: 
TestEndToEndDeploymentScenario 2024-08-14T16:57:26+03:00 logger.go:66:       [31m-[0m[0m boot_disk {
TestEndToEndDeploymentScenario 2024-08-14T16:57:26+03:00 logger.go:66:           [31m-[0m[0m auto_delete = true [90m-> null[0m[0m
TestEndToEndDeploymentScenario 2024-08-14T16:57:26+03:00 logger.go:66:           [31m-[0m[0m device_name = "epdpfdv384pb27o3eapl" [90m-> null[0m[0m
TestEndToEndDeploymentScenario 2024-08-14T16:57:26+03:00 logger.go:66:           [31m-[0m[0m disk_id     = "epdpfdv384pb27o3eapl" [90m-> null[0m[0m
TestEndToEndDeploymentScenario 2024-08-14T16:57:26+03:00 logger.go:66:           [31m-[0m[0m mode        = "READ_WRITE" [90m-> null[0m[0m
TestEndToEndDeploymentScenario 2024-08-14T16:57:26+03:00 logger.go:66: 
TestEndToEndDeploymentScenario 2024-08-14T16:57:26+03:00 logger.go:66:           [31m-[0m[0m initialize_params {
TestEndToEndDeploymentScenario 2024-08-14T16:57:26+03:00 logger.go:66:               [31m-[0m[0m block_size  = 4096 [90m-> null[0m[0m
TestEndToEndDeploymentScenario 2024-08-14T16:57:26+03:00 logger.go:66:               [31m-[0m[0m image_id    = "fd80viupr3qjr5g6g9du" [90m-> null[0m[0m
TestEndToEndDeploymentScenario 2024-08-14T16:57:26+03:00 logger.go:66:                 name        = [90mnull[0m[0m
TestEndToEndDeploymentScenario 2024-08-14T16:57:26+03:00 logger.go:66:               [31m-[0m[0m size        = 3 [90m-> null[0m[0m
TestEndToEndDeploymentScenario 2024-08-14T16:57:26+03:00 logger.go:66:               [31m-[0m[0m type        = "network-hdd" [90m-> null[0m[0m
TestEndToEndDeploymentScenario 2024-08-14T16:57:26+03:00 logger.go:66:                 [90m# (2 unchanged attributes hidden)[0m[0m
TestEndToEndDeploymentScenario 2024-08-14T16:57:26+03:00 logger.go:66:             }
TestEndToEndDeploymentScenario 2024-08-14T16:57:26+03:00 logger.go:66:         }
TestEndToEndDeploymentScenario 2024-08-14T16:57:26+03:00 logger.go:66: 
TestEndToEndDeploymentScenario 2024-08-14T16:57:26+03:00 logger.go:66:       [31m-[0m[0m metadata_options {
TestEndToEndDeploymentScenario 2024-08-14T16:57:26+03:00 logger.go:66:           [31m-[0m[0m aws_v1_http_endpoint = 1 [90m-> null[0m[0m
TestEndToEndDeploymentScenario 2024-08-14T16:57:26+03:00 logger.go:66:           [31m-[0m[0m aws_v1_http_token    = 2 [90m-> null[0m[0m
TestEndToEndDeploymentScenario 2024-08-14T16:57:26+03:00 logger.go:66:           [31m-[0m[0m gce_http_endpoint    = 1 [90m-> null[0m[0m
TestEndToEndDeploymentScenario 2024-08-14T16:57:26+03:00 logger.go:66:           [31m-[0m[0m gce_http_token       = 1 [90m-> null[0m[0m
TestEndToEndDeploymentScenario 2024-08-14T16:57:26+03:00 logger.go:66:         }
TestEndToEndDeploymentScenario 2024-08-14T16:57:26+03:00 logger.go:66: 
TestEndToEndDeploymentScenario 2024-08-14T16:57:26+03:00 logger.go:66:       [31m-[0m[0m network_interface {
TestEndToEndDeploymentScenario 2024-08-14T16:57:26+03:00 logger.go:66:           [31m-[0m[0m index              = 0 [90m-> null[0m[0m
TestEndToEndDeploymentScenario 2024-08-14T16:57:26+03:00 logger.go:66:           [31m-[0m[0m ip_address         = "10.3.0.34" [90m-> null[0m[0m
TestEndToEndDeploymentScenario 2024-08-14T16:57:26+03:00 logger.go:66:           [31m-[0m[0m ipv4               = true [90m-> null[0m[0m
TestEndToEndDeploymentScenario 2024-08-14T16:57:26+03:00 logger.go:66:           [31m-[0m[0m ipv6               = false [90m-> null[0m[0m
TestEndToEndDeploymentScenario 2024-08-14T16:57:26+03:00 logger.go:66:           [31m-[0m[0m mac_address        = "d0:0d:1c:bf:cd:f3" [90m-> null[0m[0m
TestEndToEndDeploymentScenario 2024-08-14T16:57:26+03:00 logger.go:66:           [31m-[0m[0m nat                = true [90m-> null[0m[0m
TestEndToEndDeploymentScenario 2024-08-14T16:57:26+03:00 logger.go:66:           [31m-[0m[0m nat_ip_address     = "89.169.174.9" [90m-> null[0m[0m
TestEndToEndDeploymentScenario 2024-08-14T16:57:26+03:00 logger.go:66:           [31m-[0m[0m nat_ip_version     = "IPV4" [90m-> null[0m[0m
TestEndToEndDeploymentScenario 2024-08-14T16:57:26+03:00 logger.go:66:           [31m-[0m[0m security_group_ids = [] [90m-> null[0m[0m
TestEndToEndDeploymentScenario 2024-08-14T16:57:26+03:00 logger.go:66:           [31m-[0m[0m subnet_id          = "e2lcltmo650i4gtt2r5s" [90m-> null[0m[0m
TestEndToEndDeploymentScenario 2024-08-14T16:57:26+03:00 logger.go:66:             [90m# (1 unchanged attribute hidden)[0m[0m
TestEndToEndDeploymentScenario 2024-08-14T16:57:26+03:00 logger.go:66:         }
TestEndToEndDeploymentScenario 2024-08-14T16:57:26+03:00 logger.go:66: 
TestEndToEndDeploymentScenario 2024-08-14T16:57:26+03:00 logger.go:66:       [31m-[0m[0m placement_policy {
TestEndToEndDeploymentScenario 2024-08-14T16:57:26+03:00 logger.go:66:           [31m-[0m[0m host_affinity_rules       = [] [90m-> null[0m[0m
TestEndToEndDeploymentScenario 2024-08-14T16:57:26+03:00 logger.go:66:           [31m-[0m[0m placement_group_partition = 0 [90m-> null[0m[0m
TestEndToEndDeploymentScenario 2024-08-14T16:57:26+03:00 logger.go:66:             [90m# (1 unchanged attribute hidden)[0m[0m
TestEndToEndDeploymentScenario 2024-08-14T16:57:26+03:00 logger.go:66:         }
TestEndToEndDeploymentScenario 2024-08-14T16:57:26+03:00 logger.go:66: 
TestEndToEndDeploymentScenario 2024-08-14T16:57:26+03:00 logger.go:66:       [31m-[0m[0m resources {
TestEndToEndDeploymentScenario 2024-08-14T16:57:26+03:00 logger.go:66:           [31m-[0m[0m core_fraction = 100 [90m-> null[0m[0m
TestEndToEndDeploymentScenario 2024-08-14T16:57:26+03:00 logger.go:66:           [31m-[0m[0m cores         = 2 [90m-> null[0m[0m
TestEndToEndDeploymentScenario 2024-08-14T16:57:26+03:00 logger.go:66:           [31m-[0m[0m gpus          = 0 [90m-> null[0m[0m
TestEndToEndDeploymentScenario 2024-08-14T16:57:26+03:00 logger.go:66:           [31m-[0m[0m memory        = 2 [90m-> null[0m[0m
TestEndToEndDeploymentScenario 2024-08-14T16:57:26+03:00 logger.go:66:         }
TestEndToEndDeploymentScenario 2024-08-14T16:57:26+03:00 logger.go:66: 
TestEndToEndDeploymentScenario 2024-08-14T16:57:26+03:00 logger.go:66:       [31m-[0m[0m scheduling_policy {
TestEndToEndDeploymentScenario 2024-08-14T16:57:26+03:00 logger.go:66:           [31m-[0m[0m preemptible = false [90m-> null[0m[0m
TestEndToEndDeploymentScenario 2024-08-14T16:57:26+03:00 logger.go:66:         }
TestEndToEndDeploymentScenario 2024-08-14T16:57:26+03:00 logger.go:66:     }
TestEndToEndDeploymentScenario 2024-08-14T16:57:26+03:00 logger.go:66: 
TestEndToEndDeploymentScenario 2024-08-14T16:57:26+03:00 logger.go:66: [1m  # yandex_lb_network_load_balancer.wp_lb[0m will be [1m[31mdestroyed[0m
TestEndToEndDeploymentScenario 2024-08-14T16:57:26+03:00 logger.go:66: [0m  [31m-[0m[0m resource "yandex_lb_network_load_balancer" "wp_lb" {
TestEndToEndDeploymentScenario 2024-08-14T16:57:26+03:00 logger.go:66:       [31m-[0m[0m created_at          = "2024-08-14T13:42:33Z" [90m-> null[0m[0m
TestEndToEndDeploymentScenario 2024-08-14T16:57:26+03:00 logger.go:66:       [31m-[0m[0m deletion_protection = false [90m-> null[0m[0m
TestEndToEndDeploymentScenario 2024-08-14T16:57:26+03:00 logger.go:66:       [31m-[0m[0m folder_id           = "b1gusdme9cdib5es78j4" [90m-> null[0m[0m
TestEndToEndDeploymentScenario 2024-08-14T16:57:26+03:00 logger.go:66:       [31m-[0m[0m id                  = "enpbvt8kjpgbcair9ude" [90m-> null[0m[0m
TestEndToEndDeploymentScenario 2024-08-14T16:57:26+03:00 logger.go:66:       [31m-[0m[0m labels              = {} [90m-> null[0m[0m
TestEndToEndDeploymentScenario 2024-08-14T16:57:26+03:00 logger.go:66:       [31m-[0m[0m name                = "wp-network-load-balancer" [90m-> null[0m[0m
TestEndToEndDeploymentScenario 2024-08-14T16:57:26+03:00 logger.go:66:       [31m-[0m[0m region_id           = "ru-central1" [90m-> null[0m[0m
TestEndToEndDeploymentScenario 2024-08-14T16:57:26+03:00 logger.go:66:       [31m-[0m[0m type                = "external" [90m-> null[0m[0m
TestEndToEndDeploymentScenario 2024-08-14T16:57:26+03:00 logger.go:66:         [90m# (1 unchanged attribute hidden)[0m[0m
TestEndToEndDeploymentScenario 2024-08-14T16:57:26+03:00 logger.go:66: 
TestEndToEndDeploymentScenario 2024-08-14T16:57:26+03:00 logger.go:66:       [31m-[0m[0m attached_target_group {
TestEndToEndDeploymentScenario 2024-08-14T16:57:26+03:00 logger.go:66:           [31m-[0m[0m target_group_id = "enp6dsk2krgjqknkk9lo" [90m-> null[0m[0m
TestEndToEndDeploymentScenario 2024-08-14T16:57:26+03:00 logger.go:66: 
TestEndToEndDeploymentScenario 2024-08-14T16:57:26+03:00 logger.go:66:           [31m-[0m[0m healthcheck {
TestEndToEndDeploymentScenario 2024-08-14T16:57:26+03:00 logger.go:66:               [31m-[0m[0m healthy_threshold   = 2 [90m-> null[0m[0m
TestEndToEndDeploymentScenario 2024-08-14T16:57:26+03:00 logger.go:66:               [31m-[0m[0m interval            = 2 [90m-> null[0m[0m
TestEndToEndDeploymentScenario 2024-08-14T16:57:26+03:00 logger.go:66:               [31m-[0m[0m name                = "http" [90m-> null[0m[0m
TestEndToEndDeploymentScenario 2024-08-14T16:57:26+03:00 logger.go:66:               [31m-[0m[0m timeout             = 1 [90m-> null[0m[0m
TestEndToEndDeploymentScenario 2024-08-14T16:57:26+03:00 logger.go:66:               [31m-[0m[0m unhealthy_threshold = 2 [90m-> null[0m[0m
TestEndToEndDeploymentScenario 2024-08-14T16:57:26+03:00 logger.go:66: 
TestEndToEndDeploymentScenario 2024-08-14T16:57:26+03:00 logger.go:66:               [31m-[0m[0m http_options {
TestEndToEndDeploymentScenario 2024-08-14T16:57:26+03:00 logger.go:66:                   [31m-[0m[0m path = "/health" [90m-> null[0m[0m
TestEndToEndDeploymentScenario 2024-08-14T16:57:26+03:00 logger.go:66:                   [31m-[0m[0m port = 80 [90m-> null[0m[0m
TestEndToEndDeploymentScenario 2024-08-14T16:57:26+03:00 logger.go:66:                 }
TestEndToEndDeploymentScenario 2024-08-14T16:57:26+03:00 logger.go:66:             }
TestEndToEndDeploymentScenario 2024-08-14T16:57:26+03:00 logger.go:66:         }
TestEndToEndDeploymentScenario 2024-08-14T16:57:26+03:00 logger.go:66: 
TestEndToEndDeploymentScenario 2024-08-14T16:57:26+03:00 logger.go:66:       [31m-[0m[0m listener {
TestEndToEndDeploymentScenario 2024-08-14T16:57:26+03:00 logger.go:66:           [31m-[0m[0m name        = "wp-listener" [90m-> null[0m[0m
TestEndToEndDeploymentScenario 2024-08-14T16:57:26+03:00 logger.go:66:           [31m-[0m[0m port        = 80 [90m-> null[0m[0m
TestEndToEndDeploymentScenario 2024-08-14T16:57:26+03:00 logger.go:66:           [31m-[0m[0m protocol    = "tcp" [90m-> null[0m[0m
TestEndToEndDeploymentScenario 2024-08-14T16:57:26+03:00 logger.go:66:           [31m-[0m[0m target_port = 80 [90m-> null[0m[0m
TestEndToEndDeploymentScenario 2024-08-14T16:57:26+03:00 logger.go:66: 
TestEndToEndDeploymentScenario 2024-08-14T16:57:26+03:00 logger.go:66:           [31m-[0m[0m external_address_spec {
TestEndToEndDeploymentScenario 2024-08-14T16:57:26+03:00 logger.go:66:               [31m-[0m[0m address    = "51.250.44.35" [90m-> null[0m[0m
TestEndToEndDeploymentScenario 2024-08-14T16:57:26+03:00 logger.go:66:               [31m-[0m[0m ip_version = "ipv4" [90m-> null[0m[0m
TestEndToEndDeploymentScenario 2024-08-14T16:57:26+03:00 logger.go:66:             }
TestEndToEndDeploymentScenario 2024-08-14T16:57:26+03:00 logger.go:66:         }
TestEndToEndDeploymentScenario 2024-08-14T16:57:26+03:00 logger.go:66:     }
TestEndToEndDeploymentScenario 2024-08-14T16:57:26+03:00 logger.go:66: 
TestEndToEndDeploymentScenario 2024-08-14T16:57:26+03:00 logger.go:66: [1m  # yandex_lb_target_group.wp_tg[0m will be [1m[31mdestroyed[0m
TestEndToEndDeploymentScenario 2024-08-14T16:57:26+03:00 logger.go:66: [0m  [31m-[0m[0m resource "yandex_lb_target_group" "wp_tg" {
TestEndToEndDeploymentScenario 2024-08-14T16:57:26+03:00 logger.go:66:       [31m-[0m[0m created_at  = "2024-08-14T13:42:31Z" [90m-> null[0m[0m
TestEndToEndDeploymentScenario 2024-08-14T16:57:26+03:00 logger.go:66:       [31m-[0m[0m folder_id   = "b1gusdme9cdib5es78j4" [90m-> null[0m[0m
TestEndToEndDeploymentScenario 2024-08-14T16:57:26+03:00 logger.go:66:       [31m-[0m[0m id          = "enp6dsk2krgjqknkk9lo" [90m-> null[0m[0m
TestEndToEndDeploymentScenario 2024-08-14T16:57:26+03:00 logger.go:66:       [31m-[0m[0m labels      = {} [90m-> null[0m[0m
TestEndToEndDeploymentScenario 2024-08-14T16:57:26+03:00 logger.go:66:       [31m-[0m[0m name        = "wp-target-group" [90m-> null[0m[0m
TestEndToEndDeploymentScenario 2024-08-14T16:57:26+03:00 logger.go:66:       [31m-[0m[0m region_id   = "ru-central1" [90m-> null[0m[0m
TestEndToEndDeploymentScenario 2024-08-14T16:57:26+03:00 logger.go:66:         [90m# (1 unchanged attribute hidden)[0m[0m
TestEndToEndDeploymentScenario 2024-08-14T16:57:26+03:00 logger.go:66: 
TestEndToEndDeploymentScenario 2024-08-14T16:57:26+03:00 logger.go:66:       [31m-[0m[0m target {
TestEndToEndDeploymentScenario 2024-08-14T16:57:26+03:00 logger.go:66:           [31m-[0m[0m address   = "10.2.0.17" [90m-> null[0m[0m
TestEndToEndDeploymentScenario 2024-08-14T16:57:26+03:00 logger.go:66:           [31m-[0m[0m subnet_id = "e9b7n8517s3uu18oen6e" [90m-> null[0m[0m
TestEndToEndDeploymentScenario 2024-08-14T16:57:26+03:00 logger.go:66:         }
TestEndToEndDeploymentScenario 2024-08-14T16:57:26+03:00 logger.go:66:       [31m-[0m[0m target {
TestEndToEndDeploymentScenario 2024-08-14T16:57:26+03:00 logger.go:66:           [31m-[0m[0m address   = "10.3.0.34" [90m-> null[0m[0m
TestEndToEndDeploymentScenario 2024-08-14T16:57:26+03:00 logger.go:66:           [31m-[0m[0m subnet_id = "e2lcltmo650i4gtt2r5s" [90m-> null[0m[0m
TestEndToEndDeploymentScenario 2024-08-14T16:57:26+03:00 logger.go:66:         }
TestEndToEndDeploymentScenario 2024-08-14T16:57:26+03:00 logger.go:66:     }
TestEndToEndDeploymentScenario 2024-08-14T16:57:26+03:00 logger.go:66: 
TestEndToEndDeploymentScenario 2024-08-14T16:57:26+03:00 logger.go:66: [1m  # yandex_mdb_mysql_cluster.wp_mysql[0m will be [1m[31mdestroyed[0m
TestEndToEndDeploymentScenario 2024-08-14T16:57:26+03:00 logger.go:66: [0m  [31m-[0m[0m resource "yandex_mdb_mysql_cluster" "wp_mysql" {
TestEndToEndDeploymentScenario 2024-08-14T16:57:26+03:00 logger.go:66:       [31m-[0m[0m allow_regeneration_host   = false [90m-> null[0m[0m
TestEndToEndDeploymentScenario 2024-08-14T16:57:26+03:00 logger.go:66:       [31m-[0m[0m backup_retain_period_days = 7 [90m-> null[0m[0m
TestEndToEndDeploymentScenario 2024-08-14T16:57:26+03:00 logger.go:66:       [31m-[0m[0m created_at                = "2024-08-14T13:41:28Z" [90m-> null[0m[0m
TestEndToEndDeploymentScenario 2024-08-14T16:57:26+03:00 logger.go:66:       [31m-[0m[0m deletion_protection       = false [90m-> null[0m[0m
TestEndToEndDeploymentScenario 2024-08-14T16:57:26+03:00 logger.go:66:       [31m-[0m[0m environment               = "PRODUCTION" [90m-> null[0m[0m
TestEndToEndDeploymentScenario 2024-08-14T16:57:26+03:00 logger.go:66:       [31m-[0m[0m folder_id                 = "b1gusdme9cdib5es78j4" [90m-> null[0m[0m
TestEndToEndDeploymentScenario 2024-08-14T16:57:26+03:00 logger.go:66:       [31m-[0m[0m health                    = "ALIVE" [90m-> null[0m[0m
TestEndToEndDeploymentScenario 2024-08-14T16:57:26+03:00 logger.go:66:       [31m-[0m[0m host_group_ids            = [] [90m-> null[0m[0m
TestEndToEndDeploymentScenario 2024-08-14T16:57:26+03:00 logger.go:66:       [31m-[0m[0m id                        = "c9qnalc8mf9ecjbjdcug" [90m-> null[0m[0m
TestEndToEndDeploymentScenario 2024-08-14T16:57:26+03:00 logger.go:66:       [31m-[0m[0m labels                    = {} [90m-> null[0m[0m
TestEndToEndDeploymentScenario 2024-08-14T16:57:26+03:00 logger.go:66:       [31m-[0m[0m mysql_config              = {
TestEndToEndDeploymentScenario 2024-08-14T16:57:26+03:00 logger.go:66:           [31m-[0m[0m "binlog_transaction_dependency_tracking" = "0"
TestEndToEndDeploymentScenario 2024-08-14T16:57:26+03:00 logger.go:66:           [31m-[0m[0m "log_slow_rate_type"                     = "0"
TestEndToEndDeploymentScenario 2024-08-14T16:57:26+03:00 logger.go:66:           [31m-[0m[0m "sql_mode"                               = "ONLY_FULL_GROUP_BY,STRICT_TRANS_TABLES,NO_ZERO_IN_DATE,NO_ZERO_DATE,ERROR_FOR_DIVISION_BY_ZERO,NO_ENGINE_SUBSTITUTION"
TestEndToEndDeploymentScenario 2024-08-14T16:57:26+03:00 logger.go:66:         } [90m-> null[0m[0m
TestEndToEndDeploymentScenario 2024-08-14T16:57:26+03:00 logger.go:66:       [31m-[0m[0m name                      = "wp-mysql" [90m-> null[0m[0m
TestEndToEndDeploymentScenario 2024-08-14T16:57:26+03:00 logger.go:66:       [31m-[0m[0m network_id                = "enp60ol2erjvbi75bu2e" [90m-> null[0m[0m
TestEndToEndDeploymentScenario 2024-08-14T16:57:26+03:00 logger.go:66:       [31m-[0m[0m security_group_ids        = [] [90m-> null[0m[0m
TestEndToEndDeploymentScenario 2024-08-14T16:57:26+03:00 logger.go:66:       [31m-[0m[0m status                    = "RUNNING" [90m-> null[0m[0m
TestEndToEndDeploymentScenario 2024-08-14T16:57:26+03:00 logger.go:66:       [31m-[0m[0m version                   = "8.0" [90m-> null[0m[0m
TestEndToEndDeploymentScenario 2024-08-14T16:57:26+03:00 logger.go:66:         [90m# (1 unchanged attribute hidden)[0m[0m
TestEndToEndDeploymentScenario 2024-08-14T16:57:26+03:00 logger.go:66: 
TestEndToEndDeploymentScenario 2024-08-14T16:57:26+03:00 logger.go:66:       [31m-[0m[0m access {
TestEndToEndDeploymentScenario 2024-08-14T16:57:26+03:00 logger.go:66:           [31m-[0m[0m data_lens     = false [90m-> null[0m[0m
TestEndToEndDeploymentScenario 2024-08-14T16:57:26+03:00 logger.go:66:           [31m-[0m[0m data_transfer = false [90m-> null[0m[0m
TestEndToEndDeploymentScenario 2024-08-14T16:57:26+03:00 logger.go:66:           [31m-[0m[0m web_sql       = false [90m-> null[0m[0m
TestEndToEndDeploymentScenario 2024-08-14T16:57:26+03:00 logger.go:66:         }
TestEndToEndDeploymentScenario 2024-08-14T16:57:26+03:00 logger.go:66: 
TestEndToEndDeploymentScenario 2024-08-14T16:57:26+03:00 logger.go:66:       [31m-[0m[0m backup_window_start {
TestEndToEndDeploymentScenario 2024-08-14T16:57:26+03:00 logger.go:66:           [31m-[0m[0m hours   = 0 [90m-> null[0m[0m
TestEndToEndDeploymentScenario 2024-08-14T16:57:26+03:00 logger.go:66:           [31m-[0m[0m minutes = 0 [90m-> null[0m[0m
TestEndToEndDeploymentScenario 2024-08-14T16:57:26+03:00 logger.go:66:         }
TestEndToEndDeploymentScenario 2024-08-14T16:57:26+03:00 logger.go:66: 
TestEndToEndDeploymentScenario 2024-08-14T16:57:26+03:00 logger.go:66:       [31m-[0m[0m host {
TestEndToEndDeploymentScenario 2024-08-14T16:57:26+03:00 logger.go:66:           [31m-[0m[0m assign_public_ip        = true [90m-> null[0m[0m
TestEndToEndDeploymentScenario 2024-08-14T16:57:26+03:00 logger.go:66:           [31m-[0m[0m backup_priority         = 0 [90m-> null[0m[0m
TestEndToEndDeploymentScenario 2024-08-14T16:57:26+03:00 logger.go:66:           [31m-[0m[0m fqdn                    = "rc1b-lewcsws8s0gbq8dm.mdb.yandexcloud.net" [90m-> null[0m[0m
TestEndToEndDeploymentScenario 2024-08-14T16:57:26+03:00 logger.go:66:             name                    = [90mnull[0m[0m
TestEndToEndDeploymentScenario 2024-08-14T16:57:26+03:00 logger.go:66:           [31m-[0m[0m priority                = 0 [90m-> null[0m[0m
TestEndToEndDeploymentScenario 2024-08-14T16:57:26+03:00 logger.go:66:           [31m-[0m[0m subnet_id               = "e2lcltmo650i4gtt2r5s" [90m-> null[0m[0m
TestEndToEndDeploymentScenario 2024-08-14T16:57:26+03:00 logger.go:66:           [31m-[0m[0m zone                    = "ru-central1-b" [90m-> null[0m[0m
TestEndToEndDeploymentScenario 2024-08-14T16:57:26+03:00 logger.go:66:             [90m# (2 unchanged attributes hidden)[0m[0m
TestEndToEndDeploymentScenario 2024-08-14T16:57:26+03:00 logger.go:66:         }
TestEndToEndDeploymentScenario 2024-08-14T16:57:26+03:00 logger.go:66:       [31m-[0m[0m host {
TestEndToEndDeploymentScenario 2024-08-14T16:57:26+03:00 logger.go:66:           [31m-[0m[0m assign_public_ip        = true [90m-> null[0m[0m
TestEndToEndDeploymentScenario 2024-08-14T16:57:26+03:00 logger.go:66:           [31m-[0m[0m backup_priority         = 0 [90m-> null[0m[0m
TestEndToEndDeploymentScenario 2024-08-14T16:57:26+03:00 logger.go:66:           [31m-[0m[0m fqdn                    = "rc1d-jy9xra7g21nmfgua.mdb.yandexcloud.net" [90m-> null[0m[0m
TestEndToEndDeploymentScenario 2024-08-14T16:57:26+03:00 logger.go:66:             name                    = [90mnull[0m[0m
TestEndToEndDeploymentScenario 2024-08-14T16:57:26+03:00 logger.go:66:           [31m-[0m[0m priority                = 0 [90m-> null[0m[0m
TestEndToEndDeploymentScenario 2024-08-14T16:57:26+03:00 logger.go:66:           [31m-[0m[0m subnet_id               = "fl8jtg1cm5id0hndvl2g" [90m-> null[0m[0m
TestEndToEndDeploymentScenario 2024-08-14T16:57:26+03:00 logger.go:66:           [31m-[0m[0m zone                    = "ru-central1-d" [90m-> null[0m[0m
TestEndToEndDeploymentScenario 2024-08-14T16:57:26+03:00 logger.go:66:             [90m# (2 unchanged attributes hidden)[0m[0m
TestEndToEndDeploymentScenario 2024-08-14T16:57:26+03:00 logger.go:66:         }
TestEndToEndDeploymentScenario 2024-08-14T16:57:26+03:00 logger.go:66: 
TestEndToEndDeploymentScenario 2024-08-14T16:57:26+03:00 logger.go:66:       [31m-[0m[0m maintenance_window {
TestEndToEndDeploymentScenario 2024-08-14T16:57:26+03:00 logger.go:66:           [31m-[0m[0m hour = 0 [90m-> null[0m[0m
TestEndToEndDeploymentScenario 2024-08-14T16:57:26+03:00 logger.go:66:           [31m-[0m[0m type = "ANYTIME" [90m-> null[0m[0m
TestEndToEndDeploymentScenario 2024-08-14T16:57:26+03:00 logger.go:66:             [90m# (1 unchanged attribute hidden)[0m[0m
TestEndToEndDeploymentScenario 2024-08-14T16:57:26+03:00 logger.go:66:         }
TestEndToEndDeploymentScenario 2024-08-14T16:57:26+03:00 logger.go:66: 
TestEndToEndDeploymentScenario 2024-08-14T16:57:26+03:00 logger.go:66:       [31m-[0m[0m performance_diagnostics {
TestEndToEndDeploymentScenario 2024-08-14T16:57:26+03:00 logger.go:66:           [31m-[0m[0m enabled                      = false [90m-> null[0m[0m
TestEndToEndDeploymentScenario 2024-08-14T16:57:26+03:00 logger.go:66:           [31m-[0m[0m sessions_sampling_interval   = 60 [90m-> null[0m[0m
TestEndToEndDeploymentScenario 2024-08-14T16:57:26+03:00 logger.go:66:           [31m-[0m[0m statements_sampling_interval = 600 [90m-> null[0m[0m
TestEndToEndDeploymentScenario 2024-08-14T16:57:26+03:00 logger.go:66:         }
TestEndToEndDeploymentScenario 2024-08-14T16:57:26+03:00 logger.go:66: 
TestEndToEndDeploymentScenario 2024-08-14T16:57:26+03:00 logger.go:66:       [31m-[0m[0m resources {
TestEndToEndDeploymentScenario 2024-08-14T16:57:26+03:00 logger.go:66:           [31m-[0m[0m disk_size          = 16 [90m-> null[0m[0m
TestEndToEndDeploymentScenario 2024-08-14T16:57:26+03:00 logger.go:66:           [31m-[0m[0m disk_type_id       = "network-ssd" [90m-> null[0m[0m
TestEndToEndDeploymentScenario 2024-08-14T16:57:26+03:00 logger.go:66:           [31m-[0m[0m resource_preset_id = "s2.micro" [90m-> null[0m[0m
TestEndToEndDeploymentScenario 2024-08-14T16:57:26+03:00 logger.go:66:         }
TestEndToEndDeploymentScenario 2024-08-14T16:57:26+03:00 logger.go:66:     }
TestEndToEndDeploymentScenario 2024-08-14T16:57:26+03:00 logger.go:66: 
TestEndToEndDeploymentScenario 2024-08-14T16:57:26+03:00 logger.go:66: [1m  # yandex_mdb_mysql_database.db[0m will be [1m[31mdestroyed[0m
TestEndToEndDeploymentScenario 2024-08-14T16:57:26+03:00 logger.go:66: [0m  [31m-[0m[0m resource "yandex_mdb_mysql_database" "db" {
TestEndToEndDeploymentScenario 2024-08-14T16:57:26+03:00 logger.go:66:       [31m-[0m[0m cluster_id = "c9qnalc8mf9ecjbjdcug" [90m-> null[0m[0m
TestEndToEndDeploymentScenario 2024-08-14T16:57:26+03:00 logger.go:66:       [31m-[0m[0m id         = "c9qnalc8mf9ecjbjdcug:db" [90m-> null[0m[0m
TestEndToEndDeploymentScenario 2024-08-14T16:57:26+03:00 logger.go:66:       [31m-[0m[0m name       = "db" [90m-> null[0m[0m
TestEndToEndDeploymentScenario 2024-08-14T16:57:26+03:00 logger.go:66:     }
TestEndToEndDeploymentScenario 2024-08-14T16:57:26+03:00 logger.go:66: 
TestEndToEndDeploymentScenario 2024-08-14T16:57:26+03:00 logger.go:66: [1m  # yandex_mdb_mysql_user.user[0m will be [1m[31mdestroyed[0m
TestEndToEndDeploymentScenario 2024-08-14T16:57:26+03:00 logger.go:66: [0m  [31m-[0m[0m resource "yandex_mdb_mysql_user" "user" {
TestEndToEndDeploymentScenario 2024-08-14T16:57:26+03:00 logger.go:66:       [31m-[0m[0m authentication_plugin = "MYSQL_NATIVE_PASSWORD" [90m-> null[0m[0m
TestEndToEndDeploymentScenario 2024-08-14T16:57:26+03:00 logger.go:66:       [31m-[0m[0m cluster_id            = "c9qnalc8mf9ecjbjdcug" [90m-> null[0m[0m
TestEndToEndDeploymentScenario 2024-08-14T16:57:26+03:00 logger.go:66:       [31m-[0m[0m global_permissions    = [] [90m-> null[0m[0m
TestEndToEndDeploymentScenario 2024-08-14T16:57:26+03:00 logger.go:66:       [31m-[0m[0m id                    = "c9qnalc8mf9ecjbjdcug:user" [90m-> null[0m[0m
TestEndToEndDeploymentScenario 2024-08-14T16:57:26+03:00 logger.go:66:       [31m-[0m[0m name                  = "user" [90m-> null[0m[0m
TestEndToEndDeploymentScenario 2024-08-14T16:57:26+03:00 logger.go:66:       [31m-[0m[0m password              = (sensitive value) [90m-> null[0m[0m
TestEndToEndDeploymentScenario 2024-08-14T16:57:26+03:00 logger.go:66: 
TestEndToEndDeploymentScenario 2024-08-14T16:57:26+03:00 logger.go:66:       [31m-[0m[0m permission {
TestEndToEndDeploymentScenario 2024-08-14T16:57:26+03:00 logger.go:66:           [31m-[0m[0m database_name = "db" [90m-> null[0m[0m
TestEndToEndDeploymentScenario 2024-08-14T16:57:26+03:00 logger.go:66:           [31m-[0m[0m roles         = [
TestEndToEndDeploymentScenario 2024-08-14T16:57:26+03:00 logger.go:66:               [31m-[0m[0m "ALL",
TestEndToEndDeploymentScenario 2024-08-14T16:57:26+03:00 logger.go:66:             ] [90m-> null[0m[0m
TestEndToEndDeploymentScenario 2024-08-14T16:57:26+03:00 logger.go:66:         }
TestEndToEndDeploymentScenario 2024-08-14T16:57:26+03:00 logger.go:66:     }
TestEndToEndDeploymentScenario 2024-08-14T16:57:26+03:00 logger.go:66: 
TestEndToEndDeploymentScenario 2024-08-14T16:57:26+03:00 logger.go:66: [1m  # yandex_vpc_network.wp-network[0m will be [1m[31mdestroyed[0m
TestEndToEndDeploymentScenario 2024-08-14T16:57:26+03:00 logger.go:66: [0m  [31m-[0m[0m resource "yandex_vpc_network" "wp-network" {
TestEndToEndDeploymentScenario 2024-08-14T16:57:26+03:00 logger.go:66:       [31m-[0m[0m created_at                = "2024-08-14T13:41:24Z" [90m-> null[0m[0m
TestEndToEndDeploymentScenario 2024-08-14T16:57:26+03:00 logger.go:66:       [31m-[0m[0m default_security_group_id = "enpd6koalkrjqln5c27s" [90m-> null[0m[0m
TestEndToEndDeploymentScenario 2024-08-14T16:57:26+03:00 logger.go:66:       [31m-[0m[0m folder_id                 = "b1gusdme9cdib5es78j4" [90m-> null[0m[0m
TestEndToEndDeploymentScenario 2024-08-14T16:57:26+03:00 logger.go:66:       [31m-[0m[0m id                        = "enp60ol2erjvbi75bu2e" [90m-> null[0m[0m
TestEndToEndDeploymentScenario 2024-08-14T16:57:26+03:00 logger.go:66:       [31m-[0m[0m labels                    = {} [90m-> null[0m[0m
TestEndToEndDeploymentScenario 2024-08-14T16:57:26+03:00 logger.go:66:       [31m-[0m[0m name                      = "wp-network" [90m-> null[0m[0m
TestEndToEndDeploymentScenario 2024-08-14T16:57:26+03:00 logger.go:66:       [31m-[0m[0m subnet_ids                = [
TestEndToEndDeploymentScenario 2024-08-14T16:57:26+03:00 logger.go:66:           [31m-[0m[0m "e2lcltmo650i4gtt2r5s",
TestEndToEndDeploymentScenario 2024-08-14T16:57:26+03:00 logger.go:66:           [31m-[0m[0m "e9b7n8517s3uu18oen6e",
TestEndToEndDeploymentScenario 2024-08-14T16:57:26+03:00 logger.go:66:           [31m-[0m[0m "fl8jtg1cm5id0hndvl2g",
TestEndToEndDeploymentScenario 2024-08-14T16:57:26+03:00 logger.go:66:         ] [90m-> null[0m[0m
TestEndToEndDeploymentScenario 2024-08-14T16:57:26+03:00 logger.go:66:         [90m# (1 unchanged attribute hidden)[0m[0m
TestEndToEndDeploymentScenario 2024-08-14T16:57:26+03:00 logger.go:66:     }
TestEndToEndDeploymentScenario 2024-08-14T16:57:26+03:00 logger.go:66: 
TestEndToEndDeploymentScenario 2024-08-14T16:57:26+03:00 logger.go:66: [1m  # yandex_vpc_subnet.wp-subnet-a[0m will be [1m[31mdestroyed[0m
TestEndToEndDeploymentScenario 2024-08-14T16:57:26+03:00 logger.go:66: [0m  [31m-[0m[0m resource "yandex_vpc_subnet" "wp-subnet-a" {
TestEndToEndDeploymentScenario 2024-08-14T16:57:26+03:00 logger.go:66:       [31m-[0m[0m created_at     = "2024-08-14T13:41:26Z" [90m-> null[0m[0m
TestEndToEndDeploymentScenario 2024-08-14T16:57:26+03:00 logger.go:66:       [31m-[0m[0m folder_id      = "b1gusdme9cdib5es78j4" [90m-> null[0m[0m
TestEndToEndDeploymentScenario 2024-08-14T16:57:26+03:00 logger.go:66:       [31m-[0m[0m id             = "e9b7n8517s3uu18oen6e" [90m-> null[0m[0m
TestEndToEndDeploymentScenario 2024-08-14T16:57:26+03:00 logger.go:66:       [31m-[0m[0m labels         = {} [90m-> null[0m[0m
TestEndToEndDeploymentScenario 2024-08-14T16:57:26+03:00 logger.go:66:       [31m-[0m[0m name           = "wp-subnet-a" [90m-> null[0m[0m
TestEndToEndDeploymentScenario 2024-08-14T16:57:26+03:00 logger.go:66:       [31m-[0m[0m network_id     = "enp60ol2erjvbi75bu2e" [90m-> null[0m[0m
TestEndToEndDeploymentScenario 2024-08-14T16:57:26+03:00 logger.go:66:       [31m-[0m[0m v4_cidr_blocks = [
TestEndToEndDeploymentScenario 2024-08-14T16:57:26+03:00 logger.go:66:           [31m-[0m[0m "10.2.0.0/16",
TestEndToEndDeploymentScenario 2024-08-14T16:57:26+03:00 logger.go:66:         ] [90m-> null[0m[0m
TestEndToEndDeploymentScenario 2024-08-14T16:57:26+03:00 logger.go:66:       [31m-[0m[0m v6_cidr_blocks = [] [90m-> null[0m[0m
TestEndToEndDeploymentScenario 2024-08-14T16:57:26+03:00 logger.go:66:       [31m-[0m[0m zone           = "ru-central1-a" [90m-> null[0m[0m
TestEndToEndDeploymentScenario 2024-08-14T16:57:26+03:00 logger.go:66:         [90m# (2 unchanged attributes hidden)[0m[0m
TestEndToEndDeploymentScenario 2024-08-14T16:57:26+03:00 logger.go:66:     }
TestEndToEndDeploymentScenario 2024-08-14T16:57:26+03:00 logger.go:66: 
TestEndToEndDeploymentScenario 2024-08-14T16:57:26+03:00 logger.go:66: [1m  # yandex_vpc_subnet.wp-subnet-b[0m will be [1m[31mdestroyed[0m
TestEndToEndDeploymentScenario 2024-08-14T16:57:26+03:00 logger.go:66: [0m  [31m-[0m[0m resource "yandex_vpc_subnet" "wp-subnet-b" {
TestEndToEndDeploymentScenario 2024-08-14T16:57:26+03:00 logger.go:66:       [31m-[0m[0m created_at     = "2024-08-14T13:41:27Z" [90m-> null[0m[0m
TestEndToEndDeploymentScenario 2024-08-14T16:57:26+03:00 logger.go:66:       [31m-[0m[0m folder_id      = "b1gusdme9cdib5es78j4" [90m-> null[0m[0m
TestEndToEndDeploymentScenario 2024-08-14T16:57:26+03:00 logger.go:66:       [31m-[0m[0m id             = "e2lcltmo650i4gtt2r5s" [90m-> null[0m[0m
TestEndToEndDeploymentScenario 2024-08-14T16:57:26+03:00 logger.go:66:       [31m-[0m[0m labels         = {} [90m-> null[0m[0m
TestEndToEndDeploymentScenario 2024-08-14T16:57:26+03:00 logger.go:66:       [31m-[0m[0m name           = "wp-subnet-b" [90m-> null[0m[0m
TestEndToEndDeploymentScenario 2024-08-14T16:57:26+03:00 logger.go:66:       [31m-[0m[0m network_id     = "enp60ol2erjvbi75bu2e" [90m-> null[0m[0m
TestEndToEndDeploymentScenario 2024-08-14T16:57:26+03:00 logger.go:66:       [31m-[0m[0m v4_cidr_blocks = [
TestEndToEndDeploymentScenario 2024-08-14T16:57:26+03:00 logger.go:66:           [31m-[0m[0m "10.3.0.0/16",
TestEndToEndDeploymentScenario 2024-08-14T16:57:26+03:00 logger.go:66:         ] [90m-> null[0m[0m
TestEndToEndDeploymentScenario 2024-08-14T16:57:26+03:00 logger.go:66:       [31m-[0m[0m v6_cidr_blocks = [] [90m-> null[0m[0m
TestEndToEndDeploymentScenario 2024-08-14T16:57:26+03:00 logger.go:66:       [31m-[0m[0m zone           = "ru-central1-b" [90m-> null[0m[0m
TestEndToEndDeploymentScenario 2024-08-14T16:57:26+03:00 logger.go:66:         [90m# (2 unchanged attributes hidden)[0m[0m
TestEndToEndDeploymentScenario 2024-08-14T16:57:26+03:00 logger.go:66:     }
TestEndToEndDeploymentScenario 2024-08-14T16:57:26+03:00 logger.go:66: 
TestEndToEndDeploymentScenario 2024-08-14T16:57:26+03:00 logger.go:66: [1m  # yandex_vpc_subnet.wp-subnet-d[0m will be [1m[31mdestroyed[0m
TestEndToEndDeploymentScenario 2024-08-14T16:57:26+03:00 logger.go:66: [0m  [31m-[0m[0m resource "yandex_vpc_subnet" "wp-subnet-d" {
TestEndToEndDeploymentScenario 2024-08-14T16:57:26+03:00 logger.go:66:       [31m-[0m[0m created_at     = "2024-08-14T13:41:27Z" [90m-> null[0m[0m
TestEndToEndDeploymentScenario 2024-08-14T16:57:26+03:00 logger.go:66:       [31m-[0m[0m folder_id      = "b1gusdme9cdib5es78j4" [90m-> null[0m[0m
TestEndToEndDeploymentScenario 2024-08-14T16:57:26+03:00 logger.go:66:       [31m-[0m[0m id             = "fl8jtg1cm5id0hndvl2g" [90m-> null[0m[0m
TestEndToEndDeploymentScenario 2024-08-14T16:57:26+03:00 logger.go:66:       [31m-[0m[0m labels         = {} [90m-> null[0m[0m
TestEndToEndDeploymentScenario 2024-08-14T16:57:26+03:00 logger.go:66:       [31m-[0m[0m name           = "wp-subnet-d" [90m-> null[0m[0m
TestEndToEndDeploymentScenario 2024-08-14T16:57:26+03:00 logger.go:66:       [31m-[0m[0m network_id     = "enp60ol2erjvbi75bu2e" [90m-> null[0m[0m
TestEndToEndDeploymentScenario 2024-08-14T16:57:26+03:00 logger.go:66:       [31m-[0m[0m v4_cidr_blocks = [
TestEndToEndDeploymentScenario 2024-08-14T16:57:26+03:00 logger.go:66:           [31m-[0m[0m "10.4.0.0/16",
TestEndToEndDeploymentScenario 2024-08-14T16:57:26+03:00 logger.go:66:         ] [90m-> null[0m[0m
TestEndToEndDeploymentScenario 2024-08-14T16:57:26+03:00 logger.go:66:       [31m-[0m[0m v6_cidr_blocks = [] [90m-> null[0m[0m
TestEndToEndDeploymentScenario 2024-08-14T16:57:26+03:00 logger.go:66:       [31m-[0m[0m zone           = "ru-central1-d" [90m-> null[0m[0m
TestEndToEndDeploymentScenario 2024-08-14T16:57:26+03:00 logger.go:66:         [90m# (2 unchanged attributes hidden)[0m[0m
TestEndToEndDeploymentScenario 2024-08-14T16:57:26+03:00 logger.go:66:     }
TestEndToEndDeploymentScenario 2024-08-14T16:57:26+03:00 logger.go:66: 
TestEndToEndDeploymentScenario 2024-08-14T16:57:26+03:00 logger.go:66: [1mPlan:[0m 0 to add, 0 to change, 11 to destroy.
TestEndToEndDeploymentScenario 2024-08-14T16:57:26+03:00 logger.go:66: [0m
TestEndToEndDeploymentScenario 2024-08-14T16:57:26+03:00 logger.go:66: Changes to Outputs:
TestEndToEndDeploymentScenario 2024-08-14T16:57:26+03:00 logger.go:66:   [31m-[0m[0m database_host_fqdn         = [
TestEndToEndDeploymentScenario 2024-08-14T16:57:26+03:00 logger.go:66:       [31m-[0m[0m "rc1b-lewcsws8s0gbq8dm.mdb.yandexcloud.net",
TestEndToEndDeploymentScenario 2024-08-14T16:57:26+03:00 logger.go:66:       [31m-[0m[0m "rc1d-jy9xra7g21nmfgua.mdb.yandexcloud.net",
TestEndToEndDeploymentScenario 2024-08-14T16:57:26+03:00 logger.go:66:     ] [90m-> null[0m[0m
TestEndToEndDeploymentScenario 2024-08-14T16:57:26+03:00 logger.go:66:   [31m-[0m[0m load_balancer_public_ip    = "51.250.44.35" [90m-> null[0m[0m
TestEndToEndDeploymentScenario 2024-08-14T16:57:26+03:00 logger.go:66:   [31m-[0m[0m vm_linux_public_ip_address = "89.169.136.171" [90m-> null[0m[0m
TestEndToEndDeploymentScenario 2024-08-14T16:57:27+03:00 logger.go:66: [0m[1myandex_mdb_mysql_database.db: Destroying... [id=c9qnalc8mf9ecjbjdcug:db][0m[0m
TestEndToEndDeploymentScenario 2024-08-14T16:57:27+03:00 logger.go:66: [0m[1myandex_mdb_mysql_user.user: Destroying... [id=c9qnalc8mf9ecjbjdcug:user][0m[0m
TestEndToEndDeploymentScenario 2024-08-14T16:57:27+03:00 logger.go:66: [0m[1myandex_lb_network_load_balancer.wp_lb: Destroying... [id=enpbvt8kjpgbcair9ude][0m[0m
TestEndToEndDeploymentScenario 2024-08-14T16:57:30+03:00 logger.go:66: [0m[1myandex_lb_network_load_balancer.wp_lb: Destruction complete after 3s[0m
TestEndToEndDeploymentScenario 2024-08-14T16:57:30+03:00 logger.go:66: [0m[1myandex_lb_target_group.wp_tg: Destroying... [id=enp6dsk2krgjqknkk9lo][0m[0m
TestEndToEndDeploymentScenario 2024-08-14T16:57:31+03:00 logger.go:66: [0m[1myandex_lb_target_group.wp_tg: Destruction complete after 2s[0m
TestEndToEndDeploymentScenario 2024-08-14T16:57:31+03:00 logger.go:66: [0m[1myandex_compute_instance.wp-app-2: Destroying... [id=epdsnv6v6voqjk6b4eee][0m[0m
TestEndToEndDeploymentScenario 2024-08-14T16:57:31+03:00 logger.go:66: [0m[1myandex_compute_instance.wp-app-1: Destroying... [id=fhmn87hde63hjc5gjbl3][0m[0m
TestEndToEndDeploymentScenario 2024-08-14T16:57:37+03:00 logger.go:66: [0m[1myandex_mdb_mysql_user.user: Still destroying... [id=c9qnalc8mf9ecjbjdcug:user, 10s elapsed][0m[0m
TestEndToEndDeploymentScenario 2024-08-14T16:57:37+03:00 logger.go:66: [0m[1myandex_mdb_mysql_database.db: Still destroying... [id=c9qnalc8mf9ecjbjdcug:db, 10s elapsed][0m[0m
TestEndToEndDeploymentScenario 2024-08-14T16:57:41+03:00 logger.go:66: [0m[1myandex_compute_instance.wp-app-2: Still destroying... [id=epdsnv6v6voqjk6b4eee, 10s elapsed][0m[0m
TestEndToEndDeploymentScenario 2024-08-14T16:57:41+03:00 logger.go:66: [0m[1myandex_compute_instance.wp-app-1: Still destroying... [id=fhmn87hde63hjc5gjbl3, 10s elapsed][0m[0m
TestEndToEndDeploymentScenario 2024-08-14T16:57:42+03:00 logger.go:66: [0m[1myandex_mdb_mysql_database.db: Destruction complete after 15s[0m
TestEndToEndDeploymentScenario 2024-08-14T16:57:47+03:00 logger.go:66: [0m[1myandex_mdb_mysql_user.user: Still destroying... [id=c9qnalc8mf9ecjbjdcug:user, 20s elapsed][0m[0m
TestEndToEndDeploymentScenario 2024-08-14T16:57:51+03:00 logger.go:66: [0m[1myandex_compute_instance.wp-app-2: Still destroying... [id=epdsnv6v6voqjk6b4eee, 20s elapsed][0m[0m
TestEndToEndDeploymentScenario 2024-08-14T16:57:51+03:00 logger.go:66: [0m[1myandex_compute_instance.wp-app-1: Still destroying... [id=fhmn87hde63hjc5gjbl3, 20s elapsed][0m[0m
TestEndToEndDeploymentScenario 2024-08-14T16:57:57+03:00 logger.go:66: [0m[1myandex_mdb_mysql_user.user: Still destroying... [id=c9qnalc8mf9ecjbjdcug:user, 30s elapsed][0m[0m
TestEndToEndDeploymentScenario 2024-08-14T16:58:01+03:00 logger.go:66: [0m[1myandex_compute_instance.wp-app-1: Still destroying... [id=fhmn87hde63hjc5gjbl3, 30s elapsed][0m[0m
TestEndToEndDeploymentScenario 2024-08-14T16:58:01+03:00 logger.go:66: [0m[1myandex_compute_instance.wp-app-2: Still destroying... [id=epdsnv6v6voqjk6b4eee, 30s elapsed][0m[0m
TestEndToEndDeploymentScenario 2024-08-14T16:58:02+03:00 logger.go:66: [0m[1myandex_mdb_mysql_user.user: Destruction complete after 35s[0m
TestEndToEndDeploymentScenario 2024-08-14T16:58:02+03:00 logger.go:66: [0m[1myandex_mdb_mysql_cluster.wp_mysql: Destroying... [id=c9qnalc8mf9ecjbjdcug][0m[0m
TestEndToEndDeploymentScenario 2024-08-14T16:58:11+03:00 logger.go:66: [0m[1myandex_compute_instance.wp-app-1: Still destroying... [id=fhmn87hde63hjc5gjbl3, 40s elapsed][0m[0m
TestEndToEndDeploymentScenario 2024-08-14T16:58:11+03:00 logger.go:66: [0m[1myandex_compute_instance.wp-app-2: Still destroying... [id=epdsnv6v6voqjk6b4eee, 40s elapsed][0m[0m
TestEndToEndDeploymentScenario 2024-08-14T16:58:12+03:00 logger.go:66: [0m[1myandex_mdb_mysql_cluster.wp_mysql: Still destroying... [id=c9qnalc8mf9ecjbjdcug, 10s elapsed][0m[0m
TestEndToEndDeploymentScenario 2024-08-14T16:58:21+03:00 logger.go:66: [0m[1myandex_compute_instance.wp-app-2: Still destroying... [id=epdsnv6v6voqjk6b4eee, 50s elapsed][0m[0m
TestEndToEndDeploymentScenario 2024-08-14T16:58:21+03:00 logger.go:66: [0m[1myandex_compute_instance.wp-app-1: Still destroying... [id=fhmn87hde63hjc5gjbl3, 50s elapsed][0m[0m
TestEndToEndDeploymentScenario 2024-08-14T16:58:22+03:00 logger.go:66: [0m[1myandex_mdb_mysql_cluster.wp_mysql: Still destroying... [id=c9qnalc8mf9ecjbjdcug, 20s elapsed][0m[0m
TestEndToEndDeploymentScenario 2024-08-14T16:58:23+03:00 logger.go:66: [0m[1myandex_compute_instance.wp-app-1: Destruction complete after 52s[0m
TestEndToEndDeploymentScenario 2024-08-14T16:58:23+03:00 logger.go:66: [0m[1myandex_vpc_subnet.wp-subnet-a: Destroying... [id=e9b7n8517s3uu18oen6e][0m[0m
TestEndToEndDeploymentScenario 2024-08-14T16:58:23+03:00 logger.go:66: [0m[1myandex_compute_instance.wp-app-2: Destruction complete after 52s[0m
TestEndToEndDeploymentScenario 2024-08-14T16:58:31+03:00 logger.go:66: [0m[1myandex_vpc_subnet.wp-subnet-a: Destruction complete after 7s[0m
TestEndToEndDeploymentScenario 2024-08-14T16:58:32+03:00 logger.go:66: [0m[1myandex_mdb_mysql_cluster.wp_mysql: Still destroying... [id=c9qnalc8mf9ecjbjdcug, 30s elapsed][0m[0m
TestEndToEndDeploymentScenario 2024-08-14T16:58:42+03:00 logger.go:66: [0m[1myandex_mdb_mysql_cluster.wp_mysql: Still destroying... [id=c9qnalc8mf9ecjbjdcug, 40s elapsed][0m[0m
TestEndToEndDeploymentScenario 2024-08-14T16:58:52+03:00 logger.go:66: [0m[1myandex_mdb_mysql_cluster.wp_mysql: Still destroying... [id=c9qnalc8mf9ecjbjdcug, 50s elapsed][0m[0m
TestEndToEndDeploymentScenario 2024-08-14T16:59:02+03:00 logger.go:66: [0m[1myandex_mdb_mysql_cluster.wp_mysql: Still destroying... [id=c9qnalc8mf9ecjbjdcug, 1m0s elapsed][0m[0m
TestEndToEndDeploymentScenario 2024-08-14T16:59:12+03:00 logger.go:66: [0m[1myandex_mdb_mysql_cluster.wp_mysql: Still destroying... [id=c9qnalc8mf9ecjbjdcug, 1m10s elapsed][0m[0m
TestEndToEndDeploymentScenario 2024-08-14T16:59:22+03:00 logger.go:66: [0m[1myandex_mdb_mysql_cluster.wp_mysql: Still destroying... [id=c9qnalc8mf9ecjbjdcug, 1m20s elapsed][0m[0m
TestEndToEndDeploymentScenario 2024-08-14T16:59:32+03:00 logger.go:66: [0m[1myandex_mdb_mysql_cluster.wp_mysql: Still destroying... [id=c9qnalc8mf9ecjbjdcug, 1m30s elapsed][0m[0m
TestEndToEndDeploymentScenario 2024-08-14T16:59:42+03:00 logger.go:66: [0m[1myandex_mdb_mysql_cluster.wp_mysql: Still destroying... [id=c9qnalc8mf9ecjbjdcug, 1m40s elapsed][0m[0m
TestEndToEndDeploymentScenario 2024-08-14T16:59:52+03:00 logger.go:66: [0m[1myandex_mdb_mysql_cluster.wp_mysql: Still destroying... [id=c9qnalc8mf9ecjbjdcug, 1m50s elapsed][0m[0m
TestEndToEndDeploymentScenario 2024-08-14T16:59:54+03:00 logger.go:66: [0m[1myandex_mdb_mysql_cluster.wp_mysql: Destruction complete after 1m53s[0m
TestEndToEndDeploymentScenario 2024-08-14T16:59:54+03:00 logger.go:66: [0m[1myandex_vpc_subnet.wp-subnet-d: Destroying... [id=fl8jtg1cm5id0hndvl2g][0m[0m
TestEndToEndDeploymentScenario 2024-08-14T16:59:54+03:00 logger.go:66: [0m[1myandex_vpc_subnet.wp-subnet-b: Destroying... [id=e2lcltmo650i4gtt2r5s][0m[0m
TestEndToEndDeploymentScenario 2024-08-14T16:59:57+03:00 logger.go:66: [0m[1myandex_vpc_subnet.wp-subnet-d: Destruction complete after 2s[0m
TestEndToEndDeploymentScenario 2024-08-14T17:00:03+03:00 logger.go:66: [0m[1myandex_vpc_subnet.wp-subnet-b: Destruction complete after 9s[0m
TestEndToEndDeploymentScenario 2024-08-14T17:00:03+03:00 logger.go:66: [0m[1myandex_vpc_network.wp-network: Destroying... [id=enp60ol2erjvbi75bu2e][0m[0m
TestEndToEndDeploymentScenario 2024-08-14T17:00:04+03:00 logger.go:66: [0m[1myandex_vpc_network.wp-network: Destruction complete after 0s[0m
TestEndToEndDeploymentScenario 2024-08-14T17:00:04+03:00 logger.go:66: [0m[1m[32m
TestEndToEndDeploymentScenario 2024-08-14T17:00:04+03:00 logger.go:66: Destroy complete! Resources: 11 destroyed.
TestEndToEndDeploymentScenario 2024-08-14T17:00:04+03:00 logger.go:66: [0m
--- PASS: TestEndToEndDeploymentScenario (1121.41s)
PASS
ok  	test/terraform/test	1122.076s
